
Microsoft Visual Studio Solution File, Format Version 12.00
# Visual Studio Version 17
VisualStudioVersion = 17.11.35327.3
MinimumVisualStudioVersion = 10.0.40219.1
Project("{2150E333-8FDC-42A3-9474-1A3956D46DE8}") = "01-Integre-aplicacoes-NET-banco-de-dados", "01-Integre-aplicacoes-NET-banco-de-dados", "{DF6F45FD-CF5B-4B51-9C60-D147181752D4}"
EndProject
Project("{9A19103F-16F7-4668-BE54-9A1E7A4F7556}") = "01-XX-Configurando-projeto.Dados", "01-Integre-aplicacoes-NET-banco-de-dados\01-XX-Configurando-projeto\01-XX-Configurando-projeto.Dados\01-XX-Configurando-projeto.Dados.csproj", "{033A5A8E-F2C5-4DD9-A6E8-5A3B43A271FD}"
EndProject
Project("{9A19103F-16F7-4668-BE54-9A1E7A4F7556}") = "01-XX-Configurando-projeto.API", "01-Integre-aplicacoes-NET-banco-de-dados\01-XX-Configurando-projeto\01-XX-Configurando-projeto.API\01-XX-Configurando-projeto.API.csproj", "{FBB0FA58-817A-430C-B63B-83FDFFADE48F}"
EndProject
Project("{9A19103F-16F7-4668-BE54-9A1E7A4F7556}") = "01-XX-Configurando-projeto.Modelos", "01-Integre-aplicacoes-NET-banco-de-dados\01-XX-Configurando-projeto\01-XX-Configurando-projeto.Modelos\01-XX-Configurando-projeto.Modelos.csproj", "{CBD9BE1B-F671-495D-A886-23141AFC6B62}"
EndProject
Project("{9A19103F-16F7-4668-BE54-9A1E7A4F7556}") = "02-XX-Mapeamentos-explicitos.Dados", "01-Integre-aplicacoes-NET-banco-de-dados\02-XX-Mapeamentos-explicitos\02-XX-Mapeamentos-explicitos.Dados\02-XX-Mapeamentos-explicitos.Dados.csproj", "{01F20EDC-07A9-4374-88E2-DF03BF4B5639}"
EndProject
Project("{9A19103F-16F7-4668-BE54-9A1E7A4F7556}") = "02-XX-Mapeamentos-explicitos.Modelos", "01-Integre-aplicacoes-NET-banco-de-dados\02-XX-Mapeamentos-explicitos\02-XX-Mapeamentos.Modelos\02-XX-Mapeamentos-explicitos.Modelos.csproj", "{7D7EC893-BC3E-4941-92F6-F9859E891082}"
EndProject
Project("{9A19103F-16F7-4668-BE54-9A1E7A4F7556}") = "02-XX-Mapeamentos-explicitos.API", "01-Integre-aplicacoes-NET-banco-de-dados\02-XX-Mapeamentos-explicitos\02-XX-Mapeamentos-explicitos.API\02-XX-Mapeamentos-explicitos.API.csproj", "{EF2796A7-9FEE-454A-A6B8-FC5AE4E60A6E}"
EndProject
Project("{9A19103F-16F7-4668-BE54-9A1E7A4F7556}") = "03-XX-Relacionamentos.Modelos", "01-Integre-aplicacoes-NET-banco-de-dados\03-XX-Relacionamentos\03-XX-Relacionamentos.Modelos\03-XX-Relacionamentos.Modelos.csproj", "{FF4505C0-1F1B-438A-9AF1-9B0F2E98EECE}"
EndProject
Project("{9A19103F-16F7-4668-BE54-9A1E7A4F7556}") = "03-XX-Relacionamentos.Dados", "01-Integre-aplicacoes-NET-banco-de-dados\03-XX-Relacionamentos\03-XX-Relacionamentos.Dados\03-XX-Relacionamentos.Dados.csproj", "{D2E967F3-4D67-461F-AB37-7309F2E589CF}"
EndProject
Project("{9A19103F-16F7-4668-BE54-9A1E7A4F7556}") = "03-XX-Relacionamentos.API", "01-Integre-aplicacoes-NET-banco-de-dados\03-XX-Relacionamentos\03-XX-Relacionamentos.API\03-XX-Relacionamentos.API.csproj", "{2EE33AEA-94A0-40DC-B5FB-F8B849194519}"
EndProject
Project("{9A19103F-16F7-4668-BE54-9A1E7A4F7556}") = "04-XX-Salvando-dados.Modelos", "01-Integre-aplicacoes-NET-banco-de-dados\04-XX-Salvando-dados\04-XX-Salvando-dados.Modelos\04-XX-Salvando-dados.Modelos.csproj", "{DEAE89F4-4629-409C-BFC8-78531B47D04D}"
EndProject
Project("{9A19103F-16F7-4668-BE54-9A1E7A4F7556}") = "04-XX-Salvando-dados.Dados", "01-Integre-aplicacoes-NET-banco-de-dados\04-XX-Salvando-dados\04-XX-Salvando-dados.Dados\04-XX-Salvando-dados.Dados.csproj", "{432B303E-A2F3-4935-96DB-C2DD9E28C74F}"
EndProject
Project("{9A19103F-16F7-4668-BE54-9A1E7A4F7556}") = "04-XX-Salvando-dados.API", "01-Integre-aplicacoes-NET-banco-de-dados\04-XX-Salvando-dados\04-XX-Salvando-dados.API\04-XX-Salvando-dados.API.csproj", "{366D2F60-C8DB-40D5-84E1-3BDB96EA5098}"
EndProject
Global
	GlobalSection(SolutionConfigurationPlatforms) = preSolution
		Debug|Any CPU = Debug|Any CPU
		Release|Any CPU = Release|Any CPU
	EndGlobalSection
	GlobalSection(ProjectConfigurationPlatforms) = postSolution
		{033A5A8E-F2C5-4DD9-A6E8-5A3B43A271FD}.Debug|Any CPU.ActiveCfg = Debug|Any CPU
		{033A5A8E-F2C5-4DD9-A6E8-5A3B43A271FD}.Debug|Any CPU.Build.0 = Debug|Any CPU
		{033A5A8E-F2C5-4DD9-A6E8-5A3B43A271FD}.Release|Any CPU.ActiveCfg = Release|Any CPU
		{033A5A8E-F2C5-4DD9-A6E8-5A3B43A271FD}.Release|Any CPU.Build.0 = Release|Any CPU
		{FBB0FA58-817A-430C-B63B-83FDFFADE48F}.Debug|Any CPU.ActiveCfg = Debug|Any CPU
		{FBB0FA58-817A-430C-B63B-83FDFFADE48F}.Debug|Any CPU.Build.0 = Debug|Any CPU
		{FBB0FA58-817A-430C-B63B-83FDFFADE48F}.Release|Any CPU.ActiveCfg = Release|Any CPU
		{FBB0FA58-817A-430C-B63B-83FDFFADE48F}.Release|Any CPU.Build.0 = Release|Any CPU
		{CBD9BE1B-F671-495D-A886-23141AFC6B62}.Debug|Any CPU.ActiveCfg = Debug|Any CPU
		{CBD9BE1B-F671-495D-A886-23141AFC6B62}.Debug|Any CPU.Build.0 = Debug|Any CPU
		{CBD9BE1B-F671-495D-A886-23141AFC6B62}.Release|Any CPU.ActiveCfg = Release|Any CPU
		{CBD9BE1B-F671-495D-A886-23141AFC6B62}.Release|Any CPU.Build.0 = Release|Any CPU
		{01F20EDC-07A9-4374-88E2-DF03BF4B5639}.Debug|Any CPU.ActiveCfg = Debug|Any CPU
		{01F20EDC-07A9-4374-88E2-DF03BF4B5639}.Debug|Any CPU.Build.0 = Debug|Any CPU
		{01F20EDC-07A9-4374-88E2-DF03BF4B5639}.Release|Any CPU.ActiveCfg = Release|Any CPU
		{01F20EDC-07A9-4374-88E2-DF03BF4B5639}.Release|Any CPU.Build.0 = Release|Any CPU
		{7D7EC893-BC3E-4941-92F6-F9859E891082}.Debug|Any CPU.ActiveCfg = Debug|Any CPU
		{7D7EC893-BC3E-4941-92F6-F9859E891082}.Debug|Any CPU.Build.0 = Debug|Any CPU
		{7D7EC893-BC3E-4941-92F6-F9859E891082}.Release|Any CPU.ActiveCfg = Release|Any CPU
		{7D7EC893-BC3E-4941-92F6-F9859E891082}.Release|Any CPU.Build.0 = Release|Any CPU
		{EF2796A7-9FEE-454A-A6B8-FC5AE4E60A6E}.Debug|Any CPU.ActiveCfg = Debug|Any CPU
		{EF2796A7-9FEE-454A-A6B8-FC5AE4E60A6E}.Debug|Any CPU.Build.0 = Debug|Any CPU
		{EF2796A7-9FEE-454A-A6B8-FC5AE4E60A6E}.Release|Any CPU.ActiveCfg = Release|Any CPU
		{EF2796A7-9FEE-454A-A6B8-FC5AE4E60A6E}.Release|Any CPU.Build.0 = Release|Any CPU
		{FF4505C0-1F1B-438A-9AF1-9B0F2E98EECE}.Debug|Any CPU.ActiveCfg = Debug|Any CPU
		{FF4505C0-1F1B-438A-9AF1-9B0F2E98EECE}.Debug|Any CPU.Build.0 = Debug|Any CPU
		{FF4505C0-1F1B-438A-9AF1-9B0F2E98EECE}.Release|Any CPU.ActiveCfg = Release|Any CPU
		{FF4505C0-1F1B-438A-9AF1-9B0F2E98EECE}.Release|Any CPU.Build.0 = Release|Any CPU
		{D2E967F3-4D67-461F-AB37-7309F2E589CF}.Debug|Any CPU.ActiveCfg = Debug|Any CPU
		{D2E967F3-4D67-461F-AB37-7309F2E589CF}.Debug|Any CPU.Build.0 = Debug|Any CPU
		{D2E967F3-4D67-461F-AB37-7309F2E589CF}.Release|Any CPU.ActiveCfg = Release|Any CPU
		{D2E967F3-4D67-461F-AB37-7309F2E589CF}.Release|Any CPU.Build.0 = Release|Any CPU
		{2EE33AEA-94A0-40DC-B5FB-F8B849194519}.Debug|Any CPU.ActiveCfg = Debug|Any CPU
		{2EE33AEA-94A0-40DC-B5FB-F8B849194519}.Debug|Any CPU.Build.0 = Debug|Any CPU
		{2EE33AEA-94A0-40DC-B5FB-F8B849194519}.Release|Any CPU.ActiveCfg = Release|Any CPU
		{2EE33AEA-94A0-40DC-B5FB-F8B849194519}.Release|Any CPU.Build.0 = Release|Any CPU
		{DEAE89F4-4629-409C-BFC8-78531B47D04D}.Debug|Any CPU.ActiveCfg = Debug|Any CPU
		{DEAE89F4-4629-409C-BFC8-78531B47D04D}.Debug|Any CPU.Build.0 = Debug|Any CPU
		{DEAE89F4-4629-409C-BFC8-78531B47D04D}.Release|Any CPU.ActiveCfg = Release|Any CPU
		{DEAE89F4-4629-409C-BFC8-78531B47D04D}.Release|Any CPU.Build.0 = Release|Any CPU
		{432B303E-A2F3-4935-96DB-C2DD9E28C74F}.Debug|Any CPU.ActiveCfg = Debug|Any CPU
		{432B303E-A2F3-4935-96DB-C2DD9E28C74F}.Debug|Any CPU.Build.0 = Debug|Any CPU
		{432B303E-A2F3-4935-96DB-C2DD9E28C74F}.Release|Any CPU.ActiveCfg = Release|Any CPU
		{432B303E-A2F3-4935-96DB-C2DD9E28C74F}.Release|Any CPU.Build.0 = Release|Any CPU
		{366D2F60-C8DB-40D5-84E1-3BDB96EA5098}.Debug|Any CPU.ActiveCfg = Debug|Any CPU
		{366D2F60-C8DB-40D5-84E1-3BDB96EA5098}.Debug|Any CPU.Build.0 = Debug|Any CPU
		{366D2F60-C8DB-40D5-84E1-3BDB96EA5098}.Release|Any CPU.ActiveCfg = Release|Any CPU
		{366D2F60-C8DB-40D5-84E1-3BDB96EA5098}.Release|Any CPU.Build.0 = Release|Any CPU
	EndGlobalSection
	GlobalSection(SolutionProperties) = preSolution
		HideSolutionNode = FALSE
	EndGlobalSection
	GlobalSection(NestedProjects) = preSolution
		{033A5A8E-F2C5-4DD9-A6E8-5A3B43A271FD} = {DF6F45FD-CF5B-4B51-9C60-D147181752D4}
		{FBB0FA58-817A-430C-B63B-83FDFFADE48F} = {DF6F45FD-CF5B-4B51-9C60-D147181752D4}
		{CBD9BE1B-F671-495D-A886-23141AFC6B62} = {DF6F45FD-CF5B-4B51-9C60-D147181752D4}
		{01F20EDC-07A9-4374-88E2-DF03BF4B5639} = {DF6F45FD-CF5B-4B51-9C60-D147181752D4}
		{7D7EC893-BC3E-4941-92F6-F9859E891082} = {DF6F45FD-CF5B-4B51-9C60-D147181752D4}
		{EF2796A7-9FEE-454A-A6B8-FC5AE4E60A6E} = {DF6F45FD-CF5B-4B51-9C60-D147181752D4}
		{FF4505C0-1F1B-438A-9AF1-9B0F2E98EECE} = {DF6F45FD-CF5B-4B51-9C60-D147181752D4}
		{D2E967F3-4D67-461F-AB37-7309F2E589CF} = {DF6F45FD-CF5B-4B51-9C60-D147181752D4}
		{2EE33AEA-94A0-40DC-B5FB-F8B849194519} = {DF6F45FD-CF5B-4B51-9C60-D147181752D4}
		{DEAE89F4-4629-409C-BFC8-78531B47D04D} = {DF6F45FD-CF5B-4B51-9C60-D147181752D4}
		{432B303E-A2F3-4935-96DB-C2DD9E28C74F} = {DF6F45FD-CF5B-4B51-9C60-D147181752D4}
		{366D2F60-C8DB-40D5-84E1-3BDB96EA5098} = {DF6F45FD-CF5B-4B51-9C60-D147181752D4}
	EndGlobalSection
	GlobalSection(ExtensibilityGlobals) = postSolution
		SolutionGuid = {50A9575E-3F8B-4711-9CF9-E14873EB321B}
	EndGlobalSection
EndGlobal
