
Microsoft Visual Studio Solution File, Format Version 12.00
# Visual Studio Version 17
VisualStudioVersion = 17.11.35327.3
MinimumVisualStudioVersion = 10.0.40219.1
Project("{2150E333-8FDC-42A3-9474-1A3956D46DE8}") = "01-Integre-aplicacoes-NET-banco-de-dados", "01-Integre-aplicacoes-NET-banco-de-dados", "{DF6F45FD-CF5B-4B51-9C60-D147181752D4}"
EndProject
Project("{9A19103F-16F7-4668-BE54-9A1E7A4F7556}") = "01-XX-Configurando-projeto.Dados", "01-Integre-aplicacoes-NET-banco-de-dados\01-XX-Configurando-projeto\01-XX-Configurando-projeto.Dados\01-XX-Configurando-projeto.Dados.csproj", "{033A5A8E-F2C5-4DD9-A6E8-5A3B43A271FD}"
EndProject
Project("{9A19103F-16F7-4668-BE54-9A1E7A4F7556}") = "01-XX-Configurando-projeto.API", "01-Integre-aplicacoes-NET-banco-de-dados\01-XX-Configurando-projeto\01-XX-Configurando-projeto.API\01-XX-Configurando-projeto.API.csproj", "{FBB0FA58-817A-430C-B63B-83FDFFADE48F}"
EndProject
Project("{9A19103F-16F7-4668-BE54-9A1E7A4F7556}") = "01-XX-Configurando-projeto.Modelos", "01-Integre-aplicacoes-NET-banco-de-dados\01-XX-Configurando-projeto\01-XX-Configurando-projeto.Modelos\01-XX-Configurando-projeto.Modelos.csproj", "{CBD9BE1B-F671-495D-A886-23141AFC6B62}"
EndProject
Project("{9A19103F-16F7-4668-BE54-9A1E7A4F7556}") = "02-XX-Mapeamentos-explicitos.Dados", "01-Integre-aplicacoes-NET-banco-de-dados\02-XX-Mapeamentos-explicitos\02-XX-Mapeamentos-explicitos.Dados\02-XX-Mapeamentos-explicitos.Dados.csproj", "{01F20EDC-07A9-4374-88E2-DF03BF4B5639}"
EndProject
Project("{9A19103F-16F7-4668-BE54-9A1E7A4F7556}") = "02-XX-Mapeamentos-explicitos.Modelos", "01-Integre-aplicacoes-NET-banco-de-dados\02-XX-Mapeamentos-explicitos\02-XX-Mapeamentos.Modelos\02-XX-Mapeamentos-explicitos.Modelos.csproj", "{7D7EC893-BC3E-4941-92F6-F9859E891082}"
EndProject
Project("{9A19103F-16F7-4668-BE54-9A1E7A4F7556}") = "02-XX-Mapeamentos-explicitos.API", "01-Integre-aplicacoes-NET-banco-de-dados\02-XX-Mapeamentos-explicitos\02-XX-Mapeamentos-explicitos.API\02-XX-Mapeamentos-explicitos.API.csproj", "{EF2796A7-9FEE-454A-A6B8-FC5AE4E60A6E}"
EndProject
Project("{9A19103F-16F7-4668-BE54-9A1E7A4F7556}") = "03-XX-Relacionamentos.Modelos", "01-Integre-aplicacoes-NET-banco-de-dados\03-XX-Relacionamentos\03-XX-Relacionamentos.Modelos\03-XX-Relacionamentos.Modelos.csproj", "{FF4505C0-1F1B-438A-9AF1-9B0F2E98EECE}"
EndProject
Project("{9A19103F-16F7-4668-BE54-9A1E7A4F7556}") = "03-XX-Relacionamentos.Dados", "01-Integre-aplicacoes-NET-banco-de-dados\03-XX-Relacionamentos\03-XX-Relacionamentos.Dados\03-XX-Relacionamentos.Dados.csproj", "{D2E967F3-4D67-461F-AB37-7309F2E589CF}"
EndProject
Project("{9A19103F-16F7-4668-BE54-9A1E7A4F7556}") = "03-XX-Relacionamentos.API", "01-Integre-aplicacoes-NET-banco-de-dados\03-XX-Relacionamentos\03-XX-Relacionamentos.API\03-XX-Relacionamentos.API.csproj", "{2EE33AEA-94A0-40DC-B5FB-F8B849194519}"
EndProject
Project("{9A19103F-16F7-4668-BE54-9A1E7A4F7556}") = "04-XX-Salvando-dados.Modelos", "01-Integre-aplicacoes-NET-banco-de-dados\04-XX-Salvando-dados\04-XX-Salvando-dados.Modelos\04-XX-Salvando-dados.Modelos.csproj", "{DEAE89F4-4629-409C-BFC8-78531B47D04D}"
EndProject
Project("{9A19103F-16F7-4668-BE54-9A1E7A4F7556}") = "04-XX-Salvando-dados.Dados", "01-Integre-aplicacoes-NET-banco-de-dados\04-XX-Salvando-dados\04-XX-Salvando-dados.Dados\04-XX-Salvando-dados.Dados.csproj", "{432B303E-A2F3-4935-96DB-C2DD9E28C74F}"
EndProject
Project("{9A19103F-16F7-4668-BE54-9A1E7A4F7556}") = "04-XX-Salvando-dados.API", "01-Integre-aplicacoes-NET-banco-de-dados\04-XX-Salvando-dados\04-XX-Salvando-dados.API\04-XX-Salvando-dados.API.csproj", "{366D2F60-C8DB-40D5-84E1-3BDB96EA5098}"
EndProject
Project("{9A19103F-16F7-4668-BE54-9A1E7A4F7556}") = "05-XX-Consultas.Modelos", "01-Integre-aplicacoes-NET-banco-de-dados\05-XX-Consultas\05-XX-Consultas.Modelos\05-XX-Consultas.Modelos.csproj", "{DA224406-ADEE-4731-B0D1-C79D28A2044B}"
EndProject
Project("{9A19103F-16F7-4668-BE54-9A1E7A4F7556}") = "05-XX-Consultas.Dados", "01-Integre-aplicacoes-NET-banco-de-dados\05-XX-Consultas\05-XX-Consultas.Dados\05-XX-Consultas.Dados.csproj", "{C7B353F5-2C82-47CA-870A-26FF17478A0D}"
EndProject
Project("{9A19103F-16F7-4668-BE54-9A1E7A4F7556}") = "05-XX-Consultas.API", "01-Integre-aplicacoes-NET-banco-de-dados\05-XX-Consultas\05-XX-Consultas.API\05-XX-Consultas.API.csproj", "{639D01D4-D061-4110-A336-2D11FE15AB2E}"
EndProject
Project("{2150E333-8FDC-42A3-9474-1A3956D46DE8}") = "02-Avance-persistencia-EFCore", "02-Avance-persistencia-EFCore", "{CC171BDC-AA80-4E28-AF71-57626DE184BD}"
EndProject
Project("{9A19103F-16F7-4668-BE54-9A1E7A4F7556}") = "01-XX-Melhorando-consultas.Modelos", "02-Avance-persistencia-EFCore\01-XX-Melhorando-consultas\01-XX-Melhorando-consultas.Modelos\01-XX-Melhorando-consultas.Modelos.csproj", "{01086BE2-AD0C-4633-837C-03DB906A283E}"
EndProject
Project("{9A19103F-16F7-4668-BE54-9A1E7A4F7556}") = "01-XX-Melhorando-consultas.Dados", "02-Avance-persistencia-EFCore\01-XX-Melhorando-consultas\01-XX-Melhorando-consultas.Dados\01-XX-Melhorando-consultas.Dados.csproj", "{2CCD115E-2D4F-4263-A1DD-8A98ECDACA46}"
EndProject
Project("{9A19103F-16F7-4668-BE54-9A1E7A4F7556}") = "01-XX-Melhorando-consultas.API", "02-Avance-persistencia-EFCore\01-XX-Melhorando-consultas\01-XX-Melhorando-consultas.API\01-XX-Melhorando-consultas.API.csproj", "{BFF34B7D-6A76-462D-A791-B7D2E8049342}"
EndProject
Project("{9A19103F-16F7-4668-BE54-9A1E7A4F7556}") = "02-XX-Modelo-rico.Modelos", "02-Avance-persistencia-EFCore\02-XX-Modelo-rico\02-XX-Modelo-rico.Modelos\02-XX-Modelo-rico.Modelos.csproj", "{F60A8C3C-4DB5-4E7B-84AB-B123B590E0D5}"
EndProject
Project("{9A19103F-16F7-4668-BE54-9A1E7A4F7556}") = "02-XX-Modelo-rico.Dados", "02-Avance-persistencia-EFCore\02-XX-Modelo-rico\02-XX-Modelo-rico.Dados\02-XX-Modelo-rico.Dados.csproj", "{9FBB0211-00B5-473F-8023-5F04CBCD5EF4}"
EndProject
Project("{9A19103F-16F7-4668-BE54-9A1E7A4F7556}") = "02-XX-Modelo-rico.API", "02-Avance-persistencia-EFCore\02-XX-Modelo-rico\02-XX-Modelo-rico.API\02-XX-Modelo-rico.API.csproj", "{15399624-2475-4920-A460-AFA8EFB9404D}"
EndProject
Project("{9A19103F-16F7-4668-BE54-9A1E7A4F7556}") = "03-XX-Topicos-Transacoes.API", "02-Avance-persistencia-EFCore\03-XX-Topicos-Transacoes\03-XX-Topicos-Transacoes.API\03-XX-Topicos-Transacoes.API.csproj", "{BE065BDC-83F7-4CC4-89E3-C350F0797050}"
EndProject
Project("{9A19103F-16F7-4668-BE54-9A1E7A4F7556}") = "03-XX-Topicos-Transacoes.Dados", "02-Avance-persistencia-EFCore\03-XX-Topicos-Transacoes\03-XX-Topicos-Transacoes.Dados\03-XX-Topicos-Transacoes.Dados.csproj", "{A18923C0-9431-44F6-A825-9E5618BFA09E}"
EndProject
Project("{9A19103F-16F7-4668-BE54-9A1E7A4F7556}") = "03-XX-Topicos-Transacoes.Modelos", "02-Avance-persistencia-EFCore\03-XX-Topicos-Transacoes\03-XX-Topicos-Transacoes.Modelos\03-XX-Topicos-Transacoes.Modelos.csproj", "{399089FC-1B15-435A-9517-4A6079478DDE}"
EndProject
Project("{9A19103F-16F7-4668-BE54-9A1E7A4F7556}") = "04-XX-Padroes-praticas.Modelos", "02-Avance-persistencia-EFCore\04-XX-Padroes-praticas\04-XX-Padroes-praticas.Modelos\04-XX-Padroes-praticas.Modelos.csproj", "{A304B94E-5A7E-43C3-99CA-C52222ABD92B}"
EndProject
Project("{9A19103F-16F7-4668-BE54-9A1E7A4F7556}") = "04-XX-Padroes-praticas.Dados", "02-Avance-persistencia-EFCore\04-XX-Padroes-praticas\04-XX-Padroes-praticas.Dados\04-XX-Padroes-praticas.Dados.csproj", "{CE2F6BAA-FC63-45CD-97CE-4FF4611E005A}"
EndProject
Project("{9A19103F-16F7-4668-BE54-9A1E7A4F7556}") = "04-XX-Padroes-praticas.API", "02-Avance-persistencia-EFCore\04-XX-Padroes-praticas\04-XX-Padroes-praticas.API\04-XX-Padroes-praticas.API.csproj", "{7DDCCF07-F5AE-4C79-8AB2-632FD167EACC}"
EndProject
Project("{9A19103F-16F7-4668-BE54-9A1E7A4F7556}") = "05-XX-Interceptando-comandos.Modelos", "02-Avance-persistencia-EFCore\05-XX-Interceptando-comandos\05-XX-Interceptando-comandos.Modelos\05-XX-Interceptando-comandos.Modelos.csproj", "{4E38B7DF-1E3E-493F-871E-9F821CFB2981}"
EndProject
Project("{9A19103F-16F7-4668-BE54-9A1E7A4F7556}") = "05-XX-Interceptando-comandos.Dados", "02-Avance-persistencia-EFCore\05-XX-Interceptando-comandos\05-XX-Interceptando-comandos.Dados\05-XX-Interceptando-comandos.Dados.csproj", "{F24961A8-2042-4B4A-87B5-F98BBEC35F2E}"
EndProject
Project("{9A19103F-16F7-4668-BE54-9A1E7A4F7556}") = "05-XX-Interceptando-comandos.API", "02-Avance-persistencia-EFCore\05-XX-Interceptando-comandos\05-XX-Interceptando-comandos.API\05-XX-Interceptando-comandos.API.csproj", "{E27A315B-DA8A-4B56-BC6C-C73201D3A023}"
EndProject
Project("{2150E333-8FDC-42A3-9474-1A3956D46DE8}") = "03-Use-bancos-relacionais-NoSQL", "03-Use-bancos-relacionais-NoSQL", "{A7E5FC52-F79D-4872-B917-2AA5D4036BCC}"
EndProject
Project("{9A19103F-16F7-4668-BE54-9A1E7A4F7556}") = "01-XX-Explorando-procedure.Modelos", "03-Use-bancos-relacionais-NoSQL\01-XX-Explorando-procedure\01-XX-Explorando-procedure.Modelos\01-XX-Explorando-procedure.Modelos.csproj", "{3AB57D3C-C168-4D33-8AEB-90073BC69897}"
EndProject
Project("{9A19103F-16F7-4668-BE54-9A1E7A4F7556}") = "01-XX-Explorando-procedure.Dados", "03-Use-bancos-relacionais-NoSQL\01-XX-Explorando-procedure\01-XX-Explorando-procedure.Dados\01-XX-Explorando-procedure.Dados.csproj", "{AF3315B2-70D5-4536-A5C1-F178C5E6428C}"
EndProject
Project("{9A19103F-16F7-4668-BE54-9A1E7A4F7556}") = "01-XX-Explorando-procedure.API", "03-Use-bancos-relacionais-NoSQL\01-XX-Explorando-procedure\01-XX-Explorando-procedure.API\01-XX-Explorando-procedure.API.csproj", "{762F7B2E-D800-43CD-94B9-E3D8BF689144}"
EndProject
Project("{9A19103F-16F7-4668-BE54-9A1E7A4F7556}") = "02-XX-Operacoes-lote.Modelos", "03-Use-bancos-relacionais-NoSQL\02-XX-Operacoes-lote\02-XX-Operacoes-lote.Modelos\02-XX-Operacoes-lote.Modelos.csproj", "{E607D1EB-83DA-4D49-8E29-B13DBA056DBC}"
EndProject
Project("{9A19103F-16F7-4668-BE54-9A1E7A4F7556}") = "02-XX-Operacoes-lote.Dados", "03-Use-bancos-relacionais-NoSQL\02-XX-Operacoes-lote\02-XX-Operacoes-lote.Dados\02-XX-Operacoes-lote.Dados.csproj", "{D8B2B7FE-417F-4661-97DA-D6E7817C36FD}"
EndProject
Project("{9A19103F-16F7-4668-BE54-9A1E7A4F7556}") = "02-XX-Operacoes-lote.API", "03-Use-bancos-relacionais-NoSQL\02-XX-Operacoes-lote\02-XX-Operacoes-lote.API\02-XX-Operacoes-lote.API.csproj", "{3B41D4F2-D7BF-47D9-8F98-C9D1A07E6F01}"
EndProject
Global
	GlobalSection(SolutionConfigurationPlatforms) = preSolution
		Debug|Any CPU = Debug|Any CPU
		Release|Any CPU = Release|Any CPU
	EndGlobalSection
	GlobalSection(ProjectConfigurationPlatforms) = postSolution
		{033A5A8E-F2C5-4DD9-A6E8-5A3B43A271FD}.Debug|Any CPU.ActiveCfg = Debug|Any CPU
		{033A5A8E-F2C5-4DD9-A6E8-5A3B43A271FD}.Debug|Any CPU.Build.0 = Debug|Any CPU
		{033A5A8E-F2C5-4DD9-A6E8-5A3B43A271FD}.Release|Any CPU.ActiveCfg = Release|Any CPU
		{033A5A8E-F2C5-4DD9-A6E8-5A3B43A271FD}.Release|Any CPU.Build.0 = Release|Any CPU
		{FBB0FA58-817A-430C-B63B-83FDFFADE48F}.Debug|Any CPU.ActiveCfg = Debug|Any CPU
		{FBB0FA58-817A-430C-B63B-83FDFFADE48F}.Debug|Any CPU.Build.0 = Debug|Any CPU
		{FBB0FA58-817A-430C-B63B-83FDFFADE48F}.Release|Any CPU.ActiveCfg = Release|Any CPU
		{FBB0FA58-817A-430C-B63B-83FDFFADE48F}.Release|Any CPU.Build.0 = Release|Any CPU
		{CBD9BE1B-F671-495D-A886-23141AFC6B62}.Debug|Any CPU.ActiveCfg = Debug|Any CPU
		{CBD9BE1B-F671-495D-A886-23141AFC6B62}.Debug|Any CPU.Build.0 = Debug|Any CPU
		{CBD9BE1B-F671-495D-A886-23141AFC6B62}.Release|Any CPU.ActiveCfg = Release|Any CPU
		{CBD9BE1B-F671-495D-A886-23141AFC6B62}.Release|Any CPU.Build.0 = Release|Any CPU
		{01F20EDC-07A9-4374-88E2-DF03BF4B5639}.Debug|Any CPU.ActiveCfg = Debug|Any CPU
		{01F20EDC-07A9-4374-88E2-DF03BF4B5639}.Debug|Any CPU.Build.0 = Debug|Any CPU
		{01F20EDC-07A9-4374-88E2-DF03BF4B5639}.Release|Any CPU.ActiveCfg = Release|Any CPU
		{01F20EDC-07A9-4374-88E2-DF03BF4B5639}.Release|Any CPU.Build.0 = Release|Any CPU
		{7D7EC893-BC3E-4941-92F6-F9859E891082}.Debug|Any CPU.ActiveCfg = Debug|Any CPU
		{7D7EC893-BC3E-4941-92F6-F9859E891082}.Debug|Any CPU.Build.0 = Debug|Any CPU
		{7D7EC893-BC3E-4941-92F6-F9859E891082}.Release|Any CPU.ActiveCfg = Release|Any CPU
		{7D7EC893-BC3E-4941-92F6-F9859E891082}.Release|Any CPU.Build.0 = Release|Any CPU
		{EF2796A7-9FEE-454A-A6B8-FC5AE4E60A6E}.Debug|Any CPU.ActiveCfg = Debug|Any CPU
		{EF2796A7-9FEE-454A-A6B8-FC5AE4E60A6E}.Debug|Any CPU.Build.0 = Debug|Any CPU
		{EF2796A7-9FEE-454A-A6B8-FC5AE4E60A6E}.Release|Any CPU.ActiveCfg = Release|Any CPU
		{EF2796A7-9FEE-454A-A6B8-FC5AE4E60A6E}.Release|Any CPU.Build.0 = Release|Any CPU
		{FF4505C0-1F1B-438A-9AF1-9B0F2E98EECE}.Debug|Any CPU.ActiveCfg = Debug|Any CPU
		{FF4505C0-1F1B-438A-9AF1-9B0F2E98EECE}.Debug|Any CPU.Build.0 = Debug|Any CPU
		{FF4505C0-1F1B-438A-9AF1-9B0F2E98EECE}.Release|Any CPU.ActiveCfg = Release|Any CPU
		{FF4505C0-1F1B-438A-9AF1-9B0F2E98EECE}.Release|Any CPU.Build.0 = Release|Any CPU
		{D2E967F3-4D67-461F-AB37-7309F2E589CF}.Debug|Any CPU.ActiveCfg = Debug|Any CPU
		{D2E967F3-4D67-461F-AB37-7309F2E589CF}.Debug|Any CPU.Build.0 = Debug|Any CPU
		{D2E967F3-4D67-461F-AB37-7309F2E589CF}.Release|Any CPU.ActiveCfg = Release|Any CPU
		{D2E967F3-4D67-461F-AB37-7309F2E589CF}.Release|Any CPU.Build.0 = Release|Any CPU
		{2EE33AEA-94A0-40DC-B5FB-F8B849194519}.Debug|Any CPU.ActiveCfg = Debug|Any CPU
		{2EE33AEA-94A0-40DC-B5FB-F8B849194519}.Debug|Any CPU.Build.0 = Debug|Any CPU
		{2EE33AEA-94A0-40DC-B5FB-F8B849194519}.Release|Any CPU.ActiveCfg = Release|Any CPU
		{2EE33AEA-94A0-40DC-B5FB-F8B849194519}.Release|Any CPU.Build.0 = Release|Any CPU
		{DEAE89F4-4629-409C-BFC8-78531B47D04D}.Debug|Any CPU.ActiveCfg = Debug|Any CPU
		{DEAE89F4-4629-409C-BFC8-78531B47D04D}.Debug|Any CPU.Build.0 = Debug|Any CPU
		{DEAE89F4-4629-409C-BFC8-78531B47D04D}.Release|Any CPU.ActiveCfg = Release|Any CPU
		{DEAE89F4-4629-409C-BFC8-78531B47D04D}.Release|Any CPU.Build.0 = Release|Any CPU
		{432B303E-A2F3-4935-96DB-C2DD9E28C74F}.Debug|Any CPU.ActiveCfg = Debug|Any CPU
		{432B303E-A2F3-4935-96DB-C2DD9E28C74F}.Debug|Any CPU.Build.0 = Debug|Any CPU
		{432B303E-A2F3-4935-96DB-C2DD9E28C74F}.Release|Any CPU.ActiveCfg = Release|Any CPU
		{432B303E-A2F3-4935-96DB-C2DD9E28C74F}.Release|Any CPU.Build.0 = Release|Any CPU
		{366D2F60-C8DB-40D5-84E1-3BDB96EA5098}.Debug|Any CPU.ActiveCfg = Debug|Any CPU
		{366D2F60-C8DB-40D5-84E1-3BDB96EA5098}.Debug|Any CPU.Build.0 = Debug|Any CPU
		{366D2F60-C8DB-40D5-84E1-3BDB96EA5098}.Release|Any CPU.ActiveCfg = Release|Any CPU
		{366D2F60-C8DB-40D5-84E1-3BDB96EA5098}.Release|Any CPU.Build.0 = Release|Any CPU
		{DA224406-ADEE-4731-B0D1-C79D28A2044B}.Debug|Any CPU.ActiveCfg = Debug|Any CPU
		{DA224406-ADEE-4731-B0D1-C79D28A2044B}.Debug|Any CPU.Build.0 = Debug|Any CPU
		{DA224406-ADEE-4731-B0D1-C79D28A2044B}.Release|Any CPU.ActiveCfg = Release|Any CPU
		{DA224406-ADEE-4731-B0D1-C79D28A2044B}.Release|Any CPU.Build.0 = Release|Any CPU
		{C7B353F5-2C82-47CA-870A-26FF17478A0D}.Debug|Any CPU.ActiveCfg = Debug|Any CPU
		{C7B353F5-2C82-47CA-870A-26FF17478A0D}.Debug|Any CPU.Build.0 = Debug|Any CPU
		{C7B353F5-2C82-47CA-870A-26FF17478A0D}.Release|Any CPU.ActiveCfg = Release|Any CPU
		{C7B353F5-2C82-47CA-870A-26FF17478A0D}.Release|Any CPU.Build.0 = Release|Any CPU
		{639D01D4-D061-4110-A336-2D11FE15AB2E}.Debug|Any CPU.ActiveCfg = Debug|Any CPU
		{639D01D4-D061-4110-A336-2D11FE15AB2E}.Debug|Any CPU.Build.0 = Debug|Any CPU
		{639D01D4-D061-4110-A336-2D11FE15AB2E}.Release|Any CPU.ActiveCfg = Release|Any CPU
		{639D01D4-D061-4110-A336-2D11FE15AB2E}.Release|Any CPU.Build.0 = Release|Any CPU
		{01086BE2-AD0C-4633-837C-03DB906A283E}.Debug|Any CPU.ActiveCfg = Debug|Any CPU
		{01086BE2-AD0C-4633-837C-03DB906A283E}.Debug|Any CPU.Build.0 = Debug|Any CPU
		{01086BE2-AD0C-4633-837C-03DB906A283E}.Release|Any CPU.ActiveCfg = Release|Any CPU
		{01086BE2-AD0C-4633-837C-03DB906A283E}.Release|Any CPU.Build.0 = Release|Any CPU
		{2CCD115E-2D4F-4263-A1DD-8A98ECDACA46}.Debug|Any CPU.ActiveCfg = Debug|Any CPU
		{2CCD115E-2D4F-4263-A1DD-8A98ECDACA46}.Debug|Any CPU.Build.0 = Debug|Any CPU
		{2CCD115E-2D4F-4263-A1DD-8A98ECDACA46}.Release|Any CPU.ActiveCfg = Release|Any CPU
		{2CCD115E-2D4F-4263-A1DD-8A98ECDACA46}.Release|Any CPU.Build.0 = Release|Any CPU
		{BFF34B7D-6A76-462D-A791-B7D2E8049342}.Debug|Any CPU.ActiveCfg = Debug|Any CPU
		{BFF34B7D-6A76-462D-A791-B7D2E8049342}.Debug|Any CPU.Build.0 = Debug|Any CPU
		{BFF34B7D-6A76-462D-A791-B7D2E8049342}.Release|Any CPU.ActiveCfg = Release|Any CPU
		{BFF34B7D-6A76-462D-A791-B7D2E8049342}.Release|Any CPU.Build.0 = Release|Any CPU
		{F60A8C3C-4DB5-4E7B-84AB-B123B590E0D5}.Debug|Any CPU.ActiveCfg = Debug|Any CPU
		{F60A8C3C-4DB5-4E7B-84AB-B123B590E0D5}.Debug|Any CPU.Build.0 = Debug|Any CPU
		{F60A8C3C-4DB5-4E7B-84AB-B123B590E0D5}.Release|Any CPU.ActiveCfg = Release|Any CPU
		{F60A8C3C-4DB5-4E7B-84AB-B123B590E0D5}.Release|Any CPU.Build.0 = Release|Any CPU
		{9FBB0211-00B5-473F-8023-5F04CBCD5EF4}.Debug|Any CPU.ActiveCfg = Debug|Any CPU
		{9FBB0211-00B5-473F-8023-5F04CBCD5EF4}.Debug|Any CPU.Build.0 = Debug|Any CPU
		{9FBB0211-00B5-473F-8023-5F04CBCD5EF4}.Release|Any CPU.ActiveCfg = Release|Any CPU
		{9FBB0211-00B5-473F-8023-5F04CBCD5EF4}.Release|Any CPU.Build.0 = Release|Any CPU
		{15399624-2475-4920-A460-AFA8EFB9404D}.Debug|Any CPU.ActiveCfg = Debug|Any CPU
		{15399624-2475-4920-A460-AFA8EFB9404D}.Debug|Any CPU.Build.0 = Debug|Any CPU
		{15399624-2475-4920-A460-AFA8EFB9404D}.Release|Any CPU.ActiveCfg = Release|Any CPU
		{15399624-2475-4920-A460-AFA8EFB9404D}.Release|Any CPU.Build.0 = Release|Any CPU
		{BE065BDC-83F7-4CC4-89E3-C350F0797050}.Debug|Any CPU.ActiveCfg = Debug|Any CPU
		{BE065BDC-83F7-4CC4-89E3-C350F0797050}.Debug|Any CPU.Build.0 = Debug|Any CPU
		{BE065BDC-83F7-4CC4-89E3-C350F0797050}.Release|Any CPU.ActiveCfg = Release|Any CPU
		{BE065BDC-83F7-4CC4-89E3-C350F0797050}.Release|Any CPU.Build.0 = Release|Any CPU
		{A18923C0-9431-44F6-A825-9E5618BFA09E}.Debug|Any CPU.ActiveCfg = Debug|Any CPU
		{A18923C0-9431-44F6-A825-9E5618BFA09E}.Debug|Any CPU.Build.0 = Debug|Any CPU
		{A18923C0-9431-44F6-A825-9E5618BFA09E}.Release|Any CPU.ActiveCfg = Release|Any CPU
		{A18923C0-9431-44F6-A825-9E5618BFA09E}.Release|Any CPU.Build.0 = Release|Any CPU
		{399089FC-1B15-435A-9517-4A6079478DDE}.Debug|Any CPU.ActiveCfg = Debug|Any CPU
		{399089FC-1B15-435A-9517-4A6079478DDE}.Debug|Any CPU.Build.0 = Debug|Any CPU
		{399089FC-1B15-435A-9517-4A6079478DDE}.Release|Any CPU.ActiveCfg = Release|Any CPU
		{399089FC-1B15-435A-9517-4A6079478DDE}.Release|Any CPU.Build.0 = Release|Any CPU
		{A304B94E-5A7E-43C3-99CA-C52222ABD92B}.Debug|Any CPU.ActiveCfg = Debug|Any CPU
		{A304B94E-5A7E-43C3-99CA-C52222ABD92B}.Debug|Any CPU.Build.0 = Debug|Any CPU
		{A304B94E-5A7E-43C3-99CA-C52222ABD92B}.Release|Any CPU.ActiveCfg = Release|Any CPU
		{A304B94E-5A7E-43C3-99CA-C52222ABD92B}.Release|Any CPU.Build.0 = Release|Any CPU
		{CE2F6BAA-FC63-45CD-97CE-4FF4611E005A}.Debug|Any CPU.ActiveCfg = Debug|Any CPU
		{CE2F6BAA-FC63-45CD-97CE-4FF4611E005A}.Debug|Any CPU.Build.0 = Debug|Any CPU
		{CE2F6BAA-FC63-45CD-97CE-4FF4611E005A}.Release|Any CPU.ActiveCfg = Release|Any CPU
		{CE2F6BAA-FC63-45CD-97CE-4FF4611E005A}.Release|Any CPU.Build.0 = Release|Any CPU
		{7DDCCF07-F5AE-4C79-8AB2-632FD167EACC}.Debug|Any CPU.ActiveCfg = Debug|Any CPU
		{7DDCCF07-F5AE-4C79-8AB2-632FD167EACC}.Debug|Any CPU.Build.0 = Debug|Any CPU
		{7DDCCF07-F5AE-4C79-8AB2-632FD167EACC}.Release|Any CPU.ActiveCfg = Release|Any CPU
		{7DDCCF07-F5AE-4C79-8AB2-632FD167EACC}.Release|Any CPU.Build.0 = Release|Any CPU
		{4E38B7DF-1E3E-493F-871E-9F821CFB2981}.Debug|Any CPU.ActiveCfg = Debug|Any CPU
		{4E38B7DF-1E3E-493F-871E-9F821CFB2981}.Debug|Any CPU.Build.0 = Debug|Any CPU
		{4E38B7DF-1E3E-493F-871E-9F821CFB2981}.Release|Any CPU.ActiveCfg = Release|Any CPU
		{4E38B7DF-1E3E-493F-871E-9F821CFB2981}.Release|Any CPU.Build.0 = Release|Any CPU
		{F24961A8-2042-4B4A-87B5-F98BBEC35F2E}.Debug|Any CPU.ActiveCfg = Debug|Any CPU
		{F24961A8-2042-4B4A-87B5-F98BBEC35F2E}.Debug|Any CPU.Build.0 = Debug|Any CPU
		{F24961A8-2042-4B4A-87B5-F98BBEC35F2E}.Release|Any CPU.ActiveCfg = Release|Any CPU
		{F24961A8-2042-4B4A-87B5-F98BBEC35F2E}.Release|Any CPU.Build.0 = Release|Any CPU
		{E27A315B-DA8A-4B56-BC6C-C73201D3A023}.Debug|Any CPU.ActiveCfg = Debug|Any CPU
		{E27A315B-DA8A-4B56-BC6C-C73201D3A023}.Debug|Any CPU.Build.0 = Debug|Any CPU
		{E27A315B-DA8A-4B56-BC6C-C73201D3A023}.Release|Any CPU.ActiveCfg = Release|Any CPU
		{E27A315B-DA8A-4B56-BC6C-C73201D3A023}.Release|Any CPU.Build.0 = Release|Any CPU
		{3AB57D3C-C168-4D33-8AEB-90073BC69897}.Debug|Any CPU.ActiveCfg = Debug|Any CPU
		{3AB57D3C-C168-4D33-8AEB-90073BC69897}.Debug|Any CPU.Build.0 = Debug|Any CPU
		{3AB57D3C-C168-4D33-8AEB-90073BC69897}.Release|Any CPU.ActiveCfg = Release|Any CPU
		{3AB57D3C-C168-4D33-8AEB-90073BC69897}.Release|Any CPU.Build.0 = Release|Any CPU
		{AF3315B2-70D5-4536-A5C1-F178C5E6428C}.Debug|Any CPU.ActiveCfg = Debug|Any CPU
		{AF3315B2-70D5-4536-A5C1-F178C5E6428C}.Debug|Any CPU.Build.0 = Debug|Any CPU
		{AF3315B2-70D5-4536-A5C1-F178C5E6428C}.Release|Any CPU.ActiveCfg = Release|Any CPU
		{AF3315B2-70D5-4536-A5C1-F178C5E6428C}.Release|Any CPU.Build.0 = Release|Any CPU
		{762F7B2E-D800-43CD-94B9-E3D8BF689144}.Debug|Any CPU.ActiveCfg = Debug|Any CPU
		{762F7B2E-D800-43CD-94B9-E3D8BF689144}.Debug|Any CPU.Build.0 = Debug|Any CPU
		{762F7B2E-D800-43CD-94B9-E3D8BF689144}.Release|Any CPU.ActiveCfg = Release|Any CPU
		{762F7B2E-D800-43CD-94B9-E3D8BF689144}.Release|Any CPU.Build.0 = Release|Any CPU
		{E607D1EB-83DA-4D49-8E29-B13DBA056DBC}.Debug|Any CPU.ActiveCfg = Debug|Any CPU
		{E607D1EB-83DA-4D49-8E29-B13DBA056DBC}.Debug|Any CPU.Build.0 = Debug|Any CPU
		{E607D1EB-83DA-4D49-8E29-B13DBA056DBC}.Release|Any CPU.ActiveCfg = Release|Any CPU
		{E607D1EB-83DA-4D49-8E29-B13DBA056DBC}.Release|Any CPU.Build.0 = Release|Any CPU
		{D8B2B7FE-417F-4661-97DA-D6E7817C36FD}.Debug|Any CPU.ActiveCfg = Debug|Any CPU
		{D8B2B7FE-417F-4661-97DA-D6E7817C36FD}.Debug|Any CPU.Build.0 = Debug|Any CPU
		{D8B2B7FE-417F-4661-97DA-D6E7817C36FD}.Release|Any CPU.ActiveCfg = Release|Any CPU
		{D8B2B7FE-417F-4661-97DA-D6E7817C36FD}.Release|Any CPU.Build.0 = Release|Any CPU
		{3B41D4F2-D7BF-47D9-8F98-C9D1A07E6F01}.Debug|Any CPU.ActiveCfg = Debug|Any CPU
		{3B41D4F2-D7BF-47D9-8F98-C9D1A07E6F01}.Debug|Any CPU.Build.0 = Debug|Any CPU
		{3B41D4F2-D7BF-47D9-8F98-C9D1A07E6F01}.Release|Any CPU.ActiveCfg = Release|Any CPU
		{3B41D4F2-D7BF-47D9-8F98-C9D1A07E6F01}.Release|Any CPU.Build.0 = Release|Any CPU
	EndGlobalSection
	GlobalSection(SolutionProperties) = preSolution
		HideSolutionNode = FALSE
	EndGlobalSection
	GlobalSection(NestedProjects) = preSolution
		{033A5A8E-F2C5-4DD9-A6E8-5A3B43A271FD} = {DF6F45FD-CF5B-4B51-9C60-D147181752D4}
		{FBB0FA58-817A-430C-B63B-83FDFFADE48F} = {DF6F45FD-CF5B-4B51-9C60-D147181752D4}
		{CBD9BE1B-F671-495D-A886-23141AFC6B62} = {DF6F45FD-CF5B-4B51-9C60-D147181752D4}
		{01F20EDC-07A9-4374-88E2-DF03BF4B5639} = {DF6F45FD-CF5B-4B51-9C60-D147181752D4}
		{7D7EC893-BC3E-4941-92F6-F9859E891082} = {DF6F45FD-CF5B-4B51-9C60-D147181752D4}
		{EF2796A7-9FEE-454A-A6B8-FC5AE4E60A6E} = {DF6F45FD-CF5B-4B51-9C60-D147181752D4}
		{FF4505C0-1F1B-438A-9AF1-9B0F2E98EECE} = {DF6F45FD-CF5B-4B51-9C60-D147181752D4}
		{D2E967F3-4D67-461F-AB37-7309F2E589CF} = {DF6F45FD-CF5B-4B51-9C60-D147181752D4}
		{2EE33AEA-94A0-40DC-B5FB-F8B849194519} = {DF6F45FD-CF5B-4B51-9C60-D147181752D4}
		{DEAE89F4-4629-409C-BFC8-78531B47D04D} = {DF6F45FD-CF5B-4B51-9C60-D147181752D4}
		{432B303E-A2F3-4935-96DB-C2DD9E28C74F} = {DF6F45FD-CF5B-4B51-9C60-D147181752D4}
		{366D2F60-C8DB-40D5-84E1-3BDB96EA5098} = {DF6F45FD-CF5B-4B51-9C60-D147181752D4}
		{DA224406-ADEE-4731-B0D1-C79D28A2044B} = {DF6F45FD-CF5B-4B51-9C60-D147181752D4}
		{C7B353F5-2C82-47CA-870A-26FF17478A0D} = {DF6F45FD-CF5B-4B51-9C60-D147181752D4}
		{639D01D4-D061-4110-A336-2D11FE15AB2E} = {DF6F45FD-CF5B-4B51-9C60-D147181752D4}
		{01086BE2-AD0C-4633-837C-03DB906A283E} = {CC171BDC-AA80-4E28-AF71-57626DE184BD}
		{2CCD115E-2D4F-4263-A1DD-8A98ECDACA46} = {CC171BDC-AA80-4E28-AF71-57626DE184BD}
		{BFF34B7D-6A76-462D-A791-B7D2E8049342} = {CC171BDC-AA80-4E28-AF71-57626DE184BD}
		{F60A8C3C-4DB5-4E7B-84AB-B123B590E0D5} = {CC171BDC-AA80-4E28-AF71-57626DE184BD}
		{9FBB0211-00B5-473F-8023-5F04CBCD5EF4} = {CC171BDC-AA80-4E28-AF71-57626DE184BD}
		{15399624-2475-4920-A460-AFA8EFB9404D} = {CC171BDC-AA80-4E28-AF71-57626DE184BD}
		{BE065BDC-83F7-4CC4-89E3-C350F0797050} = {CC171BDC-AA80-4E28-AF71-57626DE184BD}
		{A18923C0-9431-44F6-A825-9E5618BFA09E} = {CC171BDC-AA80-4E28-AF71-57626DE184BD}
		{399089FC-1B15-435A-9517-4A6079478DDE} = {CC171BDC-AA80-4E28-AF71-57626DE184BD}
		{A304B94E-5A7E-43C3-99CA-C52222ABD92B} = {CC171BDC-AA80-4E28-AF71-57626DE184BD}
		{CE2F6BAA-FC63-45CD-97CE-4FF4611E005A} = {CC171BDC-AA80-4E28-AF71-57626DE184BD}
		{7DDCCF07-F5AE-4C79-8AB2-632FD167EACC} = {CC171BDC-AA80-4E28-AF71-57626DE184BD}
		{4E38B7DF-1E3E-493F-871E-9F821CFB2981} = {CC171BDC-AA80-4E28-AF71-57626DE184BD}
		{F24961A8-2042-4B4A-87B5-F98BBEC35F2E} = {CC171BDC-AA80-4E28-AF71-57626DE184BD}
		{E27A315B-DA8A-4B56-BC6C-C73201D3A023} = {CC171BDC-AA80-4E28-AF71-57626DE184BD}
		{3AB57D3C-C168-4D33-8AEB-90073BC69897} = {A7E5FC52-F79D-4872-B917-2AA5D4036BCC}
		{AF3315B2-70D5-4536-A5C1-F178C5E6428C} = {A7E5FC52-F79D-4872-B917-2AA5D4036BCC}
		{762F7B2E-D800-43CD-94B9-E3D8BF689144} = {A7E5FC52-F79D-4872-B917-2AA5D4036BCC}
		{E607D1EB-83DA-4D49-8E29-B13DBA056DBC} = {A7E5FC52-F79D-4872-B917-2AA5D4036BCC}
		{D8B2B7FE-417F-4661-97DA-D6E7817C36FD} = {A7E5FC52-F79D-4872-B917-2AA5D4036BCC}
		{3B41D4F2-D7BF-47D9-8F98-C9D1A07E6F01} = {A7E5FC52-F79D-4872-B917-2AA5D4036BCC}
	EndGlobalSection
	GlobalSection(ExtensibilityGlobals) = postSolution
		SolutionGuid = {50A9575E-3F8B-4711-9CF9-E14873EB321B}
	EndGlobalSection
EndGlobal
