
Microsoft Visual Studio Solution File, Format Version 12.00
# Visual Studio Version 17
VisualStudioVersion = 17.4.33205.214
MinimumVisualStudioVersion = 10.0.40219.1
Project("{9A19103F-16F7-4668-BE54-9A1E7A4F7556}") = "02-XX-Filmes.API", "02-NET-6-criando-uma-web-API\02-XX-Filmes.API\02-XX-Filmes.API.csproj", "{6BDF2240-37AD-4991-9AF7-00ABF405F6BF}"
EndProject
Project("{2150E333-8FDC-42A3-9474-1A3956D46DE8}") = "02-NET-6-criando-uma-web-API", "02-NET-6-criando-uma-web-API", "{C82DF77A-DFAE-42D4-B224-7CA2EF608B68}"
EndProject
Project("{9A19103F-16F7-4668-BE54-9A1E7A4F7556}") = "01-XX-Filmes.API", "02-NET-6-criando-uma-web-API\01-XX-Filmes.API\01-XX-Filmes.API.csproj", "{E366AE14-5A56-49B2-BD75-54263B29C0EA}"
EndProject
Project("{9A19103F-16F7-4668-BE54-9A1E7A4F7556}") = "03-XX-Filmes.API", "02-NET-6-criando-uma-web-API\03-XX-Filmes.API\03-XX-Filmes.API.csproj", "{27F49533-34ED-4841-9DE0-792F8818AE53}"
EndProject
Project("{9A19103F-16F7-4668-BE54-9A1E7A4F7556}") = "04-XX-Filmes.API", "02-NET-6-criando-uma-web-API\04-XX-Filmes.API\04-XX-Filmes.API.csproj", "{04F818AE-6987-4FEA-A417-7AC74EC49587}"
EndProject
Project("{9A19103F-16F7-4668-BE54-9A1E7A4F7556}") = "05-XX-Filmes.API", "02-NET-6-criando-uma-web-API\05-XX-Filmes.API\05-XX-Filmes.API.csproj", "{C6D644BE-D211-4B38-9103-9B6659F142ED}"
EndProject
Project("{9A19103F-16F7-4668-BE54-9A1E7A4F7556}") = "06-XX-Filmes.API", "02-NET-6-criando-uma-web-API\06-XX-Filmes.API\06-XX-Filmes.API.csproj", "{D0425F22-93DA-4232-9780-CC0376F273FF}"
EndProject
Global
	GlobalSection(SolutionConfigurationPlatforms) = preSolution
		Debug|Any CPU = Debug|Any CPU
		Release|Any CPU = Release|Any CPU
	EndGlobalSection
	GlobalSection(ProjectConfigurationPlatforms) = postSolution
		{6BDF2240-37AD-4991-9AF7-00ABF405F6BF}.Debug|Any CPU.ActiveCfg = Debug|Any CPU
		{6BDF2240-37AD-4991-9AF7-00ABF405F6BF}.Debug|Any CPU.Build.0 = Debug|Any CPU
		{6BDF2240-37AD-4991-9AF7-00ABF405F6BF}.Release|Any CPU.ActiveCfg = Release|Any CPU
		{6BDF2240-37AD-4991-9AF7-00ABF405F6BF}.Release|Any CPU.Build.0 = Release|Any CPU
		{E366AE14-5A56-49B2-BD75-54263B29C0EA}.Debug|Any CPU.ActiveCfg = Debug|Any CPU
		{E366AE14-5A56-49B2-BD75-54263B29C0EA}.Debug|Any CPU.Build.0 = Debug|Any CPU
		{E366AE14-5A56-49B2-BD75-54263B29C0EA}.Release|Any CPU.ActiveCfg = Release|Any CPU
		{E366AE14-5A56-49B2-BD75-54263B29C0EA}.Release|Any CPU.Build.0 = Release|Any CPU
		{27F49533-34ED-4841-9DE0-792F8818AE53}.Debug|Any CPU.ActiveCfg = Debug|Any CPU
		{27F49533-34ED-4841-9DE0-792F8818AE53}.Debug|Any CPU.Build.0 = Debug|Any CPU
		{27F49533-34ED-4841-9DE0-792F8818AE53}.Release|Any CPU.ActiveCfg = Release|Any CPU
		{27F49533-34ED-4841-9DE0-792F8818AE53}.Release|Any CPU.Build.0 = Release|Any CPU
		{04F818AE-6987-4FEA-A417-7AC74EC49587}.Debug|Any CPU.ActiveCfg = Debug|Any CPU
		{04F818AE-6987-4FEA-A417-7AC74EC49587}.Debug|Any CPU.Build.0 = Debug|Any CPU
		{04F818AE-6987-4FEA-A417-7AC74EC49587}.Release|Any CPU.ActiveCfg = Release|Any CPU
		{04F818AE-6987-4FEA-A417-7AC74EC49587}.Release|Any CPU.Build.0 = Release|Any CPU
		{C6D644BE-D211-4B38-9103-9B6659F142ED}.Debug|Any CPU.ActiveCfg = Debug|Any CPU
		{C6D644BE-D211-4B38-9103-9B6659F142ED}.Debug|Any CPU.Build.0 = Debug|Any CPU
		{C6D644BE-D211-4B38-9103-9B6659F142ED}.Release|Any CPU.ActiveCfg = Release|Any CPU
		{C6D644BE-D211-4B38-9103-9B6659F142ED}.Release|Any CPU.Build.0 = Release|Any CPU
		{D0425F22-93DA-4232-9780-CC0376F273FF}.Debug|Any CPU.ActiveCfg = Debug|Any CPU
		{D0425F22-93DA-4232-9780-CC0376F273FF}.Debug|Any CPU.Build.0 = Debug|Any CPU
		{D0425F22-93DA-4232-9780-CC0376F273FF}.Release|Any CPU.ActiveCfg = Release|Any CPU
		{D0425F22-93DA-4232-9780-CC0376F273FF}.Release|Any CPU.Build.0 = Release|Any CPU
	EndGlobalSection
	GlobalSection(SolutionProperties) = preSolution
		HideSolutionNode = FALSE
	EndGlobalSection
	GlobalSection(NestedProjects) = preSolution
		{6BDF2240-37AD-4991-9AF7-00ABF405F6BF} = {C82DF77A-DFAE-42D4-B224-7CA2EF608B68}
		{E366AE14-5A56-49B2-BD75-54263B29C0EA} = {C82DF77A-DFAE-42D4-B224-7CA2EF608B68}
		{27F49533-34ED-4841-9DE0-792F8818AE53} = {C82DF77A-DFAE-42D4-B224-7CA2EF608B68}
		{04F818AE-6987-4FEA-A417-7AC74EC49587} = {C82DF77A-DFAE-42D4-B224-7CA2EF608B68}
		{C6D644BE-D211-4B38-9103-9B6659F142ED} = {C82DF77A-DFAE-42D4-B224-7CA2EF608B68}
		{D0425F22-93DA-4232-9780-CC0376F273FF} = {C82DF77A-DFAE-42D4-B224-7CA2EF608B68}
	EndGlobalSection
	GlobalSection(ExtensibilityGlobals) = postSolution
		SolutionGuid = {E974BF68-6E65-45D6-A77F-24225DE0E67E}
	EndGlobalSection
EndGlobal
