
Microsoft Visual Studio Solution File, Format Version 12.00
# Visual Studio Version 17
VisualStudioVersion = 17.4.33205.214
MinimumVisualStudioVersion = 10.0.40219.1
Project("{9A19103F-16F7-4668-BE54-9A1E7A4F7556}") = "02-XX-Filmes.API", "02-NET-6-criando-uma-web-API\02-XX-Filmes.API\02-XX-Filmes.API.csproj", "{6BDF2240-37AD-4991-9AF7-00ABF405F6BF}"
EndProject
Project("{2150E333-8FDC-42A3-9474-1A3956D46DE8}") = "02-NET-6-criando-uma-web-API", "02-NET-6-criando-uma-web-API", "{C82DF77A-DFAE-42D4-B224-7CA2EF608B68}"
EndProject
Project("{9A19103F-16F7-4668-BE54-9A1E7A4F7556}") = "01-XX-Filmes.API", "02-NET-6-criando-uma-web-API\01-XX-Filmes.API\01-XX-Filmes.API.csproj", "{E366AE14-5A56-49B2-BD75-54263B29C0EA}"
EndProject
Project("{9A19103F-16F7-4668-BE54-9A1E7A4F7556}") = "03-XX-Filmes.API", "02-NET-6-criando-uma-web-API\03-XX-Filmes.API\03-XX-Filmes.API.csproj", "{27F49533-34ED-4841-9DE0-792F8818AE53}"
EndProject
Project("{9A19103F-16F7-4668-BE54-9A1E7A4F7556}") = "04-XX-Filmes.API", "02-NET-6-criando-uma-web-API\04-XX-Filmes.API\04-XX-Filmes.API.csproj", "{04F818AE-6987-4FEA-A417-7AC74EC49587}"
EndProject
Project("{9A19103F-16F7-4668-BE54-9A1E7A4F7556}") = "05-XX-Filmes.API", "02-NET-6-criando-uma-web-API\05-XX-Filmes.API\05-XX-Filmes.API.csproj", "{C6D644BE-D211-4B38-9103-9B6659F142ED}"
EndProject
Project("{9A19103F-16F7-4668-BE54-9A1E7A4F7556}") = "06-XX-Filmes.API", "02-NET-6-criando-uma-web-API\06-XX-Filmes.API\06-XX-Filmes.API.csproj", "{D0425F22-93DA-4232-9780-CC0376F273FF}"
EndProject
Project("{2150E333-8FDC-42A3-9474-1A3956D46DE8}") = "03-NET-6-relacionando-entidades", "03-NET-6-relacionando-entidades", "{2F6423E4-E70C-43C8-9515-58450E6CF219}"
EndProject
Project("{9A19103F-16F7-4668-BE54-9A1E7A4F7556}") = "01-XX-Filmes.API", "03-NET-6-relacionando-entidades\01-XX-Filmes.API\01-XX-Filmes.API.csproj", "{882D596C-8D26-4E76-84C4-F728B4C1BE20}"
EndProject
Project("{9A19103F-16F7-4668-BE54-9A1E7A4F7556}") = "02-XX-Filmes.API", "03-NET-6-relacionando-entidades\02-XX-Filmes.API\02-XX-Filmes.API.csproj", "{9FA55389-FA99-4B7F-8FC6-D7F5EC42DA43}"
EndProject
Project("{9A19103F-16F7-4668-BE54-9A1E7A4F7556}") = "03-XX-Filmes.API", "03-NET-6-relacionando-entidades\03-XX-Filmes.API\03-XX-Filmes.API.csproj", "{383D5A3F-C9FB-4E8D-8014-03DD0C60A587}"
EndProject
Project("{9A19103F-16F7-4668-BE54-9A1E7A4F7556}") = "04-XX-Filmes.API", "03-NET-6-relacionando-entidades\04-XX-Filmes.API\04-XX-Filmes.API.csproj", "{4FBA2F90-67C8-4025-9132-64A7479586FC}"
EndProject
Project("{9A19103F-16F7-4668-BE54-9A1E7A4F7556}") = "05-XX-Filmes.API", "03-NET-6-relacionando-entidades\05-XX-Filmes.API\05-XX-Filmes.API.csproj", "{E2D4DDFD-724E-4D65-84A2-98DC95F896B2}"
EndProject
Project("{2150E333-8FDC-42A3-9474-1A3956D46DE8}") = "04-NET-6-Identity-implementando-controle-usuario", "04-NET-6-Identity-implementando-controle-usuario", "{7B174F32-24BC-4F4F-8452-B65D3AC50787}"
EndProject
Project("{9A19103F-16F7-4668-BE54-9A1E7A4F7556}") = "01-XX-Usuarios.API", "04-NET-6-Identity-implementando-controle-usuario\01-XX-Usuarios.API\01-XX-Usuarios.API.csproj", "{F62F1E2F-9EC9-4CEC-90F0-3E1A007B61E9}"
EndProject
Project("{9A19103F-16F7-4668-BE54-9A1E7A4F7556}") = "02-XX-Usuarios.API", "04-NET-6-Identity-implementando-controle-usuario\02-XX-Usuarios.API\02-XX-Usuarios.API.csproj", "{8F6CB7AB-6985-4B47-9461-31F44B8FE28A}"
EndProject
Project("{9A19103F-16F7-4668-BE54-9A1E7A4F7556}") = "03-XX-Usuarios.API", "04-NET-6-Identity-implementando-controle-usuario\03-XX-Usuarios.API\03-XX-Usuarios.API.csproj", "{E209AFCE-4FB3-4054-96E5-6E50A9ADBF64}"
EndProject
Project("{9A19103F-16F7-4668-BE54-9A1E7A4F7556}") = "04-XX-Usuarios.API", "04-NET-6-Identity-implementando-controle-usuario\04-XX-Usuarios.API\04-XX-Usuarios.API.csproj", "{7136A6D3-1958-498B-A312-FED58F16B26E}"
EndProject
Global
	GlobalSection(SolutionConfigurationPlatforms) = preSolution
		Debug|Any CPU = Debug|Any CPU
		Release|Any CPU = Release|Any CPU
	EndGlobalSection
	GlobalSection(ProjectConfigurationPlatforms) = postSolution
		{6BDF2240-37AD-4991-9AF7-00ABF405F6BF}.Debug|Any CPU.ActiveCfg = Debug|Any CPU
		{6BDF2240-37AD-4991-9AF7-00ABF405F6BF}.Debug|Any CPU.Build.0 = Debug|Any CPU
		{6BDF2240-37AD-4991-9AF7-00ABF405F6BF}.Release|Any CPU.ActiveCfg = Release|Any CPU
		{6BDF2240-37AD-4991-9AF7-00ABF405F6BF}.Release|Any CPU.Build.0 = Release|Any CPU
		{E366AE14-5A56-49B2-BD75-54263B29C0EA}.Debug|Any CPU.ActiveCfg = Debug|Any CPU
		{E366AE14-5A56-49B2-BD75-54263B29C0EA}.Debug|Any CPU.Build.0 = Debug|Any CPU
		{E366AE14-5A56-49B2-BD75-54263B29C0EA}.Release|Any CPU.ActiveCfg = Release|Any CPU
		{E366AE14-5A56-49B2-BD75-54263B29C0EA}.Release|Any CPU.Build.0 = Release|Any CPU
		{27F49533-34ED-4841-9DE0-792F8818AE53}.Debug|Any CPU.ActiveCfg = Debug|Any CPU
		{27F49533-34ED-4841-9DE0-792F8818AE53}.Debug|Any CPU.Build.0 = Debug|Any CPU
		{27F49533-34ED-4841-9DE0-792F8818AE53}.Release|Any CPU.ActiveCfg = Release|Any CPU
		{27F49533-34ED-4841-9DE0-792F8818AE53}.Release|Any CPU.Build.0 = Release|Any CPU
		{04F818AE-6987-4FEA-A417-7AC74EC49587}.Debug|Any CPU.ActiveCfg = Debug|Any CPU
		{04F818AE-6987-4FEA-A417-7AC74EC49587}.Debug|Any CPU.Build.0 = Debug|Any CPU
		{04F818AE-6987-4FEA-A417-7AC74EC49587}.Release|Any CPU.ActiveCfg = Release|Any CPU
		{04F818AE-6987-4FEA-A417-7AC74EC49587}.Release|Any CPU.Build.0 = Release|Any CPU
		{C6D644BE-D211-4B38-9103-9B6659F142ED}.Debug|Any CPU.ActiveCfg = Debug|Any CPU
		{C6D644BE-D211-4B38-9103-9B6659F142ED}.Debug|Any CPU.Build.0 = Debug|Any CPU
		{C6D644BE-D211-4B38-9103-9B6659F142ED}.Release|Any CPU.ActiveCfg = Release|Any CPU
		{C6D644BE-D211-4B38-9103-9B6659F142ED}.Release|Any CPU.Build.0 = Release|Any CPU
		{D0425F22-93DA-4232-9780-CC0376F273FF}.Debug|Any CPU.ActiveCfg = Debug|Any CPU
		{D0425F22-93DA-4232-9780-CC0376F273FF}.Debug|Any CPU.Build.0 = Debug|Any CPU
		{D0425F22-93DA-4232-9780-CC0376F273FF}.Release|Any CPU.ActiveCfg = Release|Any CPU
		{D0425F22-93DA-4232-9780-CC0376F273FF}.Release|Any CPU.Build.0 = Release|Any CPU
		{882D596C-8D26-4E76-84C4-F728B4C1BE20}.Debug|Any CPU.ActiveCfg = Debug|Any CPU
		{882D596C-8D26-4E76-84C4-F728B4C1BE20}.Debug|Any CPU.Build.0 = Debug|Any CPU
		{882D596C-8D26-4E76-84C4-F728B4C1BE20}.Release|Any CPU.ActiveCfg = Release|Any CPU
		{882D596C-8D26-4E76-84C4-F728B4C1BE20}.Release|Any CPU.Build.0 = Release|Any CPU
		{9FA55389-FA99-4B7F-8FC6-D7F5EC42DA43}.Debug|Any CPU.ActiveCfg = Debug|Any CPU
		{9FA55389-FA99-4B7F-8FC6-D7F5EC42DA43}.Debug|Any CPU.Build.0 = Debug|Any CPU
		{9FA55389-FA99-4B7F-8FC6-D7F5EC42DA43}.Release|Any CPU.ActiveCfg = Release|Any CPU
		{9FA55389-FA99-4B7F-8FC6-D7F5EC42DA43}.Release|Any CPU.Build.0 = Release|Any CPU
		{383D5A3F-C9FB-4E8D-8014-03DD0C60A587}.Debug|Any CPU.ActiveCfg = Debug|Any CPU
		{383D5A3F-C9FB-4E8D-8014-03DD0C60A587}.Debug|Any CPU.Build.0 = Debug|Any CPU
		{383D5A3F-C9FB-4E8D-8014-03DD0C60A587}.Release|Any CPU.ActiveCfg = Release|Any CPU
		{383D5A3F-C9FB-4E8D-8014-03DD0C60A587}.Release|Any CPU.Build.0 = Release|Any CPU
		{4FBA2F90-67C8-4025-9132-64A7479586FC}.Debug|Any CPU.ActiveCfg = Debug|Any CPU
		{4FBA2F90-67C8-4025-9132-64A7479586FC}.Debug|Any CPU.Build.0 = Debug|Any CPU
		{4FBA2F90-67C8-4025-9132-64A7479586FC}.Release|Any CPU.ActiveCfg = Release|Any CPU
		{4FBA2F90-67C8-4025-9132-64A7479586FC}.Release|Any CPU.Build.0 = Release|Any CPU
		{E2D4DDFD-724E-4D65-84A2-98DC95F896B2}.Debug|Any CPU.ActiveCfg = Debug|Any CPU
		{E2D4DDFD-724E-4D65-84A2-98DC95F896B2}.Debug|Any CPU.Build.0 = Debug|Any CPU
		{E2D4DDFD-724E-4D65-84A2-98DC95F896B2}.Release|Any CPU.ActiveCfg = Release|Any CPU
		{E2D4DDFD-724E-4D65-84A2-98DC95F896B2}.Release|Any CPU.Build.0 = Release|Any CPU
		{F62F1E2F-9EC9-4CEC-90F0-3E1A007B61E9}.Debug|Any CPU.ActiveCfg = Debug|Any CPU
		{F62F1E2F-9EC9-4CEC-90F0-3E1A007B61E9}.Debug|Any CPU.Build.0 = Debug|Any CPU
		{F62F1E2F-9EC9-4CEC-90F0-3E1A007B61E9}.Release|Any CPU.ActiveCfg = Release|Any CPU
		{F62F1E2F-9EC9-4CEC-90F0-3E1A007B61E9}.Release|Any CPU.Build.0 = Release|Any CPU
		{8F6CB7AB-6985-4B47-9461-31F44B8FE28A}.Debug|Any CPU.ActiveCfg = Debug|Any CPU
		{8F6CB7AB-6985-4B47-9461-31F44B8FE28A}.Debug|Any CPU.Build.0 = Debug|Any CPU
		{8F6CB7AB-6985-4B47-9461-31F44B8FE28A}.Release|Any CPU.ActiveCfg = Release|Any CPU
		{8F6CB7AB-6985-4B47-9461-31F44B8FE28A}.Release|Any CPU.Build.0 = Release|Any CPU
		{E209AFCE-4FB3-4054-96E5-6E50A9ADBF64}.Debug|Any CPU.ActiveCfg = Debug|Any CPU
		{E209AFCE-4FB3-4054-96E5-6E50A9ADBF64}.Debug|Any CPU.Build.0 = Debug|Any CPU
		{E209AFCE-4FB3-4054-96E5-6E50A9ADBF64}.Release|Any CPU.ActiveCfg = Release|Any CPU
		{E209AFCE-4FB3-4054-96E5-6E50A9ADBF64}.Release|Any CPU.Build.0 = Release|Any CPU
		{7136A6D3-1958-498B-A312-FED58F16B26E}.Debug|Any CPU.ActiveCfg = Debug|Any CPU
		{7136A6D3-1958-498B-A312-FED58F16B26E}.Debug|Any CPU.Build.0 = Debug|Any CPU
		{7136A6D3-1958-498B-A312-FED58F16B26E}.Release|Any CPU.ActiveCfg = Release|Any CPU
		{7136A6D3-1958-498B-A312-FED58F16B26E}.Release|Any CPU.Build.0 = Release|Any CPU
	EndGlobalSection
	GlobalSection(SolutionProperties) = preSolution
		HideSolutionNode = FALSE
	EndGlobalSection
	GlobalSection(NestedProjects) = preSolution
		{6BDF2240-37AD-4991-9AF7-00ABF405F6BF} = {C82DF77A-DFAE-42D4-B224-7CA2EF608B68}
		{E366AE14-5A56-49B2-BD75-54263B29C0EA} = {C82DF77A-DFAE-42D4-B224-7CA2EF608B68}
		{27F49533-34ED-4841-9DE0-792F8818AE53} = {C82DF77A-DFAE-42D4-B224-7CA2EF608B68}
		{04F818AE-6987-4FEA-A417-7AC74EC49587} = {C82DF77A-DFAE-42D4-B224-7CA2EF608B68}
		{C6D644BE-D211-4B38-9103-9B6659F142ED} = {C82DF77A-DFAE-42D4-B224-7CA2EF608B68}
		{D0425F22-93DA-4232-9780-CC0376F273FF} = {C82DF77A-DFAE-42D4-B224-7CA2EF608B68}
		{882D596C-8D26-4E76-84C4-F728B4C1BE20} = {2F6423E4-E70C-43C8-9515-58450E6CF219}
		{9FA55389-FA99-4B7F-8FC6-D7F5EC42DA43} = {2F6423E4-E70C-43C8-9515-58450E6CF219}
		{383D5A3F-C9FB-4E8D-8014-03DD0C60A587} = {2F6423E4-E70C-43C8-9515-58450E6CF219}
		{4FBA2F90-67C8-4025-9132-64A7479586FC} = {2F6423E4-E70C-43C8-9515-58450E6CF219}
		{E2D4DDFD-724E-4D65-84A2-98DC95F896B2} = {2F6423E4-E70C-43C8-9515-58450E6CF219}
		{F62F1E2F-9EC9-4CEC-90F0-3E1A007B61E9} = {7B174F32-24BC-4F4F-8452-B65D3AC50787}
		{8F6CB7AB-6985-4B47-9461-31F44B8FE28A} = {7B174F32-24BC-4F4F-8452-B65D3AC50787}
		{E209AFCE-4FB3-4054-96E5-6E50A9ADBF64} = {7B174F32-24BC-4F4F-8452-B65D3AC50787}
		{7136A6D3-1958-498B-A312-FED58F16B26E} = {7B174F32-24BC-4F4F-8452-B65D3AC50787}
	EndGlobalSection
	GlobalSection(ExtensibilityGlobals) = postSolution
		SolutionGuid = {E974BF68-6E65-45D6-A77F-24225DE0E67E}
	EndGlobalSection
EndGlobal
