
Microsoft Visual Studio Solution File, Format Version 12.00
# Visual Studio Version 17
VisualStudioVersion = 17.8.34511.84
MinimumVisualStudioVersion = 10.0.40219.1
Project("{2150E333-8FDC-42A3-9474-1A3956D46DE8}") = "01-Persistindo-Dados-Entity-Framework-Core", "01-Persistindo-Dados-Entity-Framework-Core", "{6E2D8163-CDBD-4F92-8A70-82A877E7250D}"
EndProject
Project("{9A19103F-16F7-4668-BE54-9A1E7A4F7556}") = "01-01-XX-Uso-Banco-Dados", "01-01-XX-Uso-Banco-Dados\01-01-XX-Uso-Banco-Dados.csproj", "{27BC2104-38FB-40B3-B4D1-0CA29E3D3EA0}"
EndProject
Project("{9A19103F-16F7-4668-BE54-9A1E7A4F7556}") = "01-02-XX-Bibliotecas-ORM", "01-02-XX-Bibliotecas-ORM\01-02-XX-Bibliotecas-ORM.csproj", "{80705542-693E-49EA-B539-B0AE3E2D2E9A}"
EndProject
Project("{9A19103F-16F7-4668-BE54-9A1E7A4F7556}") = "01-03-XX-Generics", "01-03-XX-Generics\01-03-XX-Generics.csproj", "{314E18A9-6C23-41F2-8987-751A5F305667}"
EndProject
Project("{9A19103F-16F7-4668-BE54-9A1E7A4F7556}") = "01-04-XX-Migrations", "01-04-XX-Migrations\01-04-XX-Migrations.csproj", "{6F8052A3-EEF9-4E04-A3B3-3EF826CD821E}"
EndProject
Project("{9A19103F-16F7-4668-BE54-9A1E7A4F7556}") = "01-05-XX-Relacionamento", "01-05-XX-Relacionamento\01-05-XX-Relacionamento.csproj", "{630C4060-E3B0-4396-9C73-11D3F3FD3185}"
EndProject
Project("{2150E333-8FDC-42A3-9474-1A3956D46DE8}") = "02-Criando-API-Web-ASP.NET-Core", "02-Criando-API-Web-ASP.NET-Core", "{954CCB86-BEBA-4652-803C-34536C0F7C5B}"
EndProject
Project("{9A19103F-16F7-4668-BE54-9A1E7A4F7556}") = "02-01-XX-Arquitetura-Minima", "02-01-XX-Arquitetura-Minima\02-01-XX-Arquitetura-Minima.csproj", "{B8436346-C870-4F50-9B0B-DFCEB93E4F39}"
EndProject
Project("{9A19103F-16F7-4668-BE54-9A1E7A4F7556}") = "02-01-XX-Arquitetura-Minima.API", "02-01-XX-Arquitetura-Minima.API\02-01-XX-Arquitetura-Minima.API.csproj", "{18C2AB6E-6934-444B-BA82-64B65B352949}"
EndProject
Project("{9A19103F-16F7-4668-BE54-9A1E7A4F7556}") = "02-01-XX-Arquitetura-Minima.Shared.Dados", "02-01-XX-Arquitetura-Minima.Shared.Dados\02-01-XX-Arquitetura-Minima.Shared.Dados.csproj", "{BAD00876-82A3-49FC-8ECA-A59CE920FC21}"
EndProject
Project("{9A19103F-16F7-4668-BE54-9A1E7A4F7556}") = "02-01-XX-Arquitetura-Minima.Shared.Modelos", "02-01-XX-Arquitetura-Minima.Shared.Modelos\02-01-XX-Arquitetura-Minima.Shared.Modelos.csproj", "{BDC35755-C628-4913-9D5F-F3466F8F5BE9}"
EndProject
Project("{9A19103F-16F7-4668-BE54-9A1E7A4F7556}") = "02-02-XX-Montando-API-Minima", "02-02-XX-Montando-API-Minima\02-02-XX-Montando-API-Minima.csproj", "{0C671F76-E05C-4ED5-AEC7-18E27BCBEACE}"
EndProject
Project("{9A19103F-16F7-4668-BE54-9A1E7A4F7556}") = "02-02-XX-Montando-API-Minima.API", "02-02-XX-Montando-API-Minima.API\02-02-XX-Montando-API-Minima.API.csproj", "{64678476-8BA1-4869-8976-10E806C503F7}"
EndProject
Project("{9A19103F-16F7-4668-BE54-9A1E7A4F7556}") = "02-02-XX-Montando-API-Minima.Shared.Dados", "02-02-XX-Montando-API-Minima.Shared.Dados\02-02-XX-Montando-API-Minima.Shared.Dados.csproj", "{474D48FE-6C24-42B1-B3BD-C092B963EE8C}"
EndProject
Project("{9A19103F-16F7-4668-BE54-9A1E7A4F7556}") = "02-02-XX-Montando-API-Minima.Shared.Modelos", "02-02-XX-Montando-API-Minima.Shared.Modelos\02-02-XX-Montando-API-Minima.Shared.Modelos.csproj", "{6F2285A3-EA0D-40E3-8869-7400FA7E01B2}"
EndProject
Global
	GlobalSection(SolutionConfigurationPlatforms) = preSolution
		Debug|Any CPU = Debug|Any CPU
		Release|Any CPU = Release|Any CPU
	EndGlobalSection
	GlobalSection(ProjectConfigurationPlatforms) = postSolution
		{27BC2104-38FB-40B3-B4D1-0CA29E3D3EA0}.Debug|Any CPU.ActiveCfg = Debug|Any CPU
		{27BC2104-38FB-40B3-B4D1-0CA29E3D3EA0}.Debug|Any CPU.Build.0 = Debug|Any CPU
		{27BC2104-38FB-40B3-B4D1-0CA29E3D3EA0}.Release|Any CPU.ActiveCfg = Release|Any CPU
		{27BC2104-38FB-40B3-B4D1-0CA29E3D3EA0}.Release|Any CPU.Build.0 = Release|Any CPU
		{80705542-693E-49EA-B539-B0AE3E2D2E9A}.Debug|Any CPU.ActiveCfg = Debug|Any CPU
		{80705542-693E-49EA-B539-B0AE3E2D2E9A}.Debug|Any CPU.Build.0 = Debug|Any CPU
		{80705542-693E-49EA-B539-B0AE3E2D2E9A}.Release|Any CPU.ActiveCfg = Release|Any CPU
		{80705542-693E-49EA-B539-B0AE3E2D2E9A}.Release|Any CPU.Build.0 = Release|Any CPU
		{314E18A9-6C23-41F2-8987-751A5F305667}.Debug|Any CPU.ActiveCfg = Debug|Any CPU
		{314E18A9-6C23-41F2-8987-751A5F305667}.Debug|Any CPU.Build.0 = Debug|Any CPU
		{314E18A9-6C23-41F2-8987-751A5F305667}.Release|Any CPU.ActiveCfg = Release|Any CPU
		{314E18A9-6C23-41F2-8987-751A5F305667}.Release|Any CPU.Build.0 = Release|Any CPU
		{6F8052A3-EEF9-4E04-A3B3-3EF826CD821E}.Debug|Any CPU.ActiveCfg = Debug|Any CPU
		{6F8052A3-EEF9-4E04-A3B3-3EF826CD821E}.Debug|Any CPU.Build.0 = Debug|Any CPU
		{6F8052A3-EEF9-4E04-A3B3-3EF826CD821E}.Release|Any CPU.ActiveCfg = Release|Any CPU
		{6F8052A3-EEF9-4E04-A3B3-3EF826CD821E}.Release|Any CPU.Build.0 = Release|Any CPU
		{630C4060-E3B0-4396-9C73-11D3F3FD3185}.Debug|Any CPU.ActiveCfg = Debug|Any CPU
		{630C4060-E3B0-4396-9C73-11D3F3FD3185}.Debug|Any CPU.Build.0 = Debug|Any CPU
		{630C4060-E3B0-4396-9C73-11D3F3FD3185}.Release|Any CPU.ActiveCfg = Release|Any CPU
		{630C4060-E3B0-4396-9C73-11D3F3FD3185}.Release|Any CPU.Build.0 = Release|Any CPU
		{B8436346-C870-4F50-9B0B-DFCEB93E4F39}.Debug|Any CPU.ActiveCfg = Debug|Any CPU
		{B8436346-C870-4F50-9B0B-DFCEB93E4F39}.Debug|Any CPU.Build.0 = Debug|Any CPU
		{B8436346-C870-4F50-9B0B-DFCEB93E4F39}.Release|Any CPU.ActiveCfg = Release|Any CPU
		{B8436346-C870-4F50-9B0B-DFCEB93E4F39}.Release|Any CPU.Build.0 = Release|Any CPU
		{18C2AB6E-6934-444B-BA82-64B65B352949}.Debug|Any CPU.ActiveCfg = Debug|Any CPU
		{18C2AB6E-6934-444B-BA82-64B65B352949}.Debug|Any CPU.Build.0 = Debug|Any CPU
		{18C2AB6E-6934-444B-BA82-64B65B352949}.Release|Any CPU.ActiveCfg = Release|Any CPU
		{18C2AB6E-6934-444B-BA82-64B65B352949}.Release|Any CPU.Build.0 = Release|Any CPU
		{BAD00876-82A3-49FC-8ECA-A59CE920FC21}.Debug|Any CPU.ActiveCfg = Debug|Any CPU
		{BAD00876-82A3-49FC-8ECA-A59CE920FC21}.Debug|Any CPU.Build.0 = Debug|Any CPU
		{BAD00876-82A3-49FC-8ECA-A59CE920FC21}.Release|Any CPU.ActiveCfg = Release|Any CPU
		{BAD00876-82A3-49FC-8ECA-A59CE920FC21}.Release|Any CPU.Build.0 = Release|Any CPU
		{BDC35755-C628-4913-9D5F-F3466F8F5BE9}.Debug|Any CPU.ActiveCfg = Debug|Any CPU
		{BDC35755-C628-4913-9D5F-F3466F8F5BE9}.Debug|Any CPU.Build.0 = Debug|Any CPU
		{BDC35755-C628-4913-9D5F-F3466F8F5BE9}.Release|Any CPU.ActiveCfg = Release|Any CPU
		{BDC35755-C628-4913-9D5F-F3466F8F5BE9}.Release|Any CPU.Build.0 = Release|Any CPU
		{0C671F76-E05C-4ED5-AEC7-18E27BCBEACE}.Debug|Any CPU.ActiveCfg = Debug|Any CPU
		{0C671F76-E05C-4ED5-AEC7-18E27BCBEACE}.Debug|Any CPU.Build.0 = Debug|Any CPU
		{0C671F76-E05C-4ED5-AEC7-18E27BCBEACE}.Release|Any CPU.ActiveCfg = Release|Any CPU
		{0C671F76-E05C-4ED5-AEC7-18E27BCBEACE}.Release|Any CPU.Build.0 = Release|Any CPU
		{64678476-8BA1-4869-8976-10E806C503F7}.Debug|Any CPU.ActiveCfg = Debug|Any CPU
		{64678476-8BA1-4869-8976-10E806C503F7}.Debug|Any CPU.Build.0 = Debug|Any CPU
		{64678476-8BA1-4869-8976-10E806C503F7}.Release|Any CPU.ActiveCfg = Release|Any CPU
		{64678476-8BA1-4869-8976-10E806C503F7}.Release|Any CPU.Build.0 = Release|Any CPU
		{474D48FE-6C24-42B1-B3BD-C092B963EE8C}.Debug|Any CPU.ActiveCfg = Debug|Any CPU
		{474D48FE-6C24-42B1-B3BD-C092B963EE8C}.Debug|Any CPU.Build.0 = Debug|Any CPU
		{474D48FE-6C24-42B1-B3BD-C092B963EE8C}.Release|Any CPU.ActiveCfg = Release|Any CPU
		{474D48FE-6C24-42B1-B3BD-C092B963EE8C}.Release|Any CPU.Build.0 = Release|Any CPU
		{6F2285A3-EA0D-40E3-8869-7400FA7E01B2}.Debug|Any CPU.ActiveCfg = Debug|Any CPU
		{6F2285A3-EA0D-40E3-8869-7400FA7E01B2}.Debug|Any CPU.Build.0 = Debug|Any CPU
		{6F2285A3-EA0D-40E3-8869-7400FA7E01B2}.Release|Any CPU.ActiveCfg = Release|Any CPU
		{6F2285A3-EA0D-40E3-8869-7400FA7E01B2}.Release|Any CPU.Build.0 = Release|Any CPU
	EndGlobalSection
	GlobalSection(SolutionProperties) = preSolution
		HideSolutionNode = FALSE
	EndGlobalSection
	GlobalSection(NestedProjects) = preSolution
		{27BC2104-38FB-40B3-B4D1-0CA29E3D3EA0} = {6E2D8163-CDBD-4F92-8A70-82A877E7250D}
		{80705542-693E-49EA-B539-B0AE3E2D2E9A} = {6E2D8163-CDBD-4F92-8A70-82A877E7250D}
		{314E18A9-6C23-41F2-8987-751A5F305667} = {6E2D8163-CDBD-4F92-8A70-82A877E7250D}
		{6F8052A3-EEF9-4E04-A3B3-3EF826CD821E} = {6E2D8163-CDBD-4F92-8A70-82A877E7250D}
		{630C4060-E3B0-4396-9C73-11D3F3FD3185} = {6E2D8163-CDBD-4F92-8A70-82A877E7250D}
		{B8436346-C870-4F50-9B0B-DFCEB93E4F39} = {954CCB86-BEBA-4652-803C-34536C0F7C5B}
		{18C2AB6E-6934-444B-BA82-64B65B352949} = {954CCB86-BEBA-4652-803C-34536C0F7C5B}
		{BAD00876-82A3-49FC-8ECA-A59CE920FC21} = {954CCB86-BEBA-4652-803C-34536C0F7C5B}
		{BDC35755-C628-4913-9D5F-F3466F8F5BE9} = {954CCB86-BEBA-4652-803C-34536C0F7C5B}
		{0C671F76-E05C-4ED5-AEC7-18E27BCBEACE} = {954CCB86-BEBA-4652-803C-34536C0F7C5B}
		{64678476-8BA1-4869-8976-10E806C503F7} = {954CCB86-BEBA-4652-803C-34536C0F7C5B}
		{474D48FE-6C24-42B1-B3BD-C092B963EE8C} = {954CCB86-BEBA-4652-803C-34536C0F7C5B}
		{6F2285A3-EA0D-40E3-8869-7400FA7E01B2} = {954CCB86-BEBA-4652-803C-34536C0F7C5B}
	EndGlobalSection
	GlobalSection(ExtensibilityGlobals) = postSolution
		SolutionGuid = {26E1FA4D-B457-4AAB-B400-A20A40B3895B}
	EndGlobalSection
EndGlobal
