
Microsoft Visual Studio Solution File, Format Version 12.00
# Visual Studio Version 17
VisualStudioVersion = 17.0.31912.275
MinimumVisualStudioVersion = 10.0.40219.1
Project("{9A19103F-16F7-4668-BE54-9A1E7A4F7556}") = "01-XX-Fundamentos-Teste-Software", "01-XX-Fundamentos-Teste-Software\01-XX-Fundamentos-Teste-Software.csproj", "{FDC08F97-874F-4AD3-8ED3-CFC37A551977}"
EndProject
Project("{9A19103F-16F7-4668-BE54-9A1E7A4F7556}") = "01-XX-Fundamentos-Teste-Software.Testes", "01-XX-Fundamentos-Teste-Software.Testes\01-XX-Fundamentos-Teste-Software.Testes.csproj", "{0C0F1E57-1B80-4947-9D09-E844F6E66C40}"
EndProject
Project("{9A19103F-16F7-4668-BE54-9A1E7A4F7556}") = "02-XX-Fundamentos-Teste-Software", "02-XX-Fundamentos-Teste-Software\02-XX-Fundamentos-Teste-Software.csproj", "{DDE3FE5F-6248-44E2-9D38-15663A2D3C7B}"
EndProject
Project("{9A19103F-16F7-4668-BE54-9A1E7A4F7556}") = "02-XX-Fundamentos-Teste-Software.Testes", "02-XX-Fundamentos-Teste-Software.Testes\02-XX-Fundamentos-Teste-Software.Testes.csproj", "{07897297-1DEA-42EE-9455-0273FACB0939}"
EndProject
Project("{FAE04EC0-301F-11D3-BF4B-00C04F79EFBC}") = "03-XX-Fundamentos-Teste-Software", "03-XX-Fundamentos-Teste-Software\03-XX-Fundamentos-Teste-Software.csproj", "{9C9B5E47-B935-484E-80D4-31350CB42D0F}"
EndProject
Project("{FAE04EC0-301F-11D3-BF4B-00C04F79EFBC}") = "03-XX-Fundamentos-Teste-Software.Testes", "03-XX-Fundamentos-Teste-Software.Testes\03-XX-Fundamentos-Teste-Software.Testes.csproj", "{8842880C-2933-45E0-A23D-962FF3E0EC5C}"
EndProject
Global
	GlobalSection(SolutionConfigurationPlatforms) = preSolution
		Debug|Any CPU = Debug|Any CPU
		Release|Any CPU = Release|Any CPU
	EndGlobalSection
	GlobalSection(ProjectConfigurationPlatforms) = postSolution
		{FDC08F97-874F-4AD3-8ED3-CFC37A551977}.Debug|Any CPU.ActiveCfg = Debug|Any CPU
		{FDC08F97-874F-4AD3-8ED3-CFC37A551977}.Debug|Any CPU.Build.0 = Debug|Any CPU
		{FDC08F97-874F-4AD3-8ED3-CFC37A551977}.Release|Any CPU.ActiveCfg = Release|Any CPU
		{FDC08F97-874F-4AD3-8ED3-CFC37A551977}.Release|Any CPU.Build.0 = Release|Any CPU
		{0C0F1E57-1B80-4947-9D09-E844F6E66C40}.Debug|Any CPU.ActiveCfg = Debug|Any CPU
		{0C0F1E57-1B80-4947-9D09-E844F6E66C40}.Debug|Any CPU.Build.0 = Debug|Any CPU
		{0C0F1E57-1B80-4947-9D09-E844F6E66C40}.Release|Any CPU.ActiveCfg = Release|Any CPU
		{0C0F1E57-1B80-4947-9D09-E844F6E66C40}.Release|Any CPU.Build.0 = Release|Any CPU
		{DDE3FE5F-6248-44E2-9D38-15663A2D3C7B}.Debug|Any CPU.ActiveCfg = Debug|Any CPU
		{DDE3FE5F-6248-44E2-9D38-15663A2D3C7B}.Debug|Any CPU.Build.0 = Debug|Any CPU
		{DDE3FE5F-6248-44E2-9D38-15663A2D3C7B}.Release|Any CPU.ActiveCfg = Release|Any CPU
		{DDE3FE5F-6248-44E2-9D38-15663A2D3C7B}.Release|Any CPU.Build.0 = Release|Any CPU
		{07897297-1DEA-42EE-9455-0273FACB0939}.Debug|Any CPU.ActiveCfg = Debug|Any CPU
		{07897297-1DEA-42EE-9455-0273FACB0939}.Debug|Any CPU.Build.0 = Debug|Any CPU
		{07897297-1DEA-42EE-9455-0273FACB0939}.Release|Any CPU.ActiveCfg = Release|Any CPU
		{07897297-1DEA-42EE-9455-0273FACB0939}.Release|Any CPU.Build.0 = Release|Any CPU
		{9C9B5E47-B935-484E-80D4-31350CB42D0F}.Debug|Any CPU.ActiveCfg = Debug|Any CPU
		{9C9B5E47-B935-484E-80D4-31350CB42D0F}.Debug|Any CPU.Build.0 = Debug|Any CPU
		{9C9B5E47-B935-484E-80D4-31350CB42D0F}.Release|Any CPU.ActiveCfg = Release|Any CPU
		{9C9B5E47-B935-484E-80D4-31350CB42D0F}.Release|Any CPU.Build.0 = Release|Any CPU
		{8842880C-2933-45E0-A23D-962FF3E0EC5C}.Debug|Any CPU.ActiveCfg = Debug|Any CPU
		{8842880C-2933-45E0-A23D-962FF3E0EC5C}.Debug|Any CPU.Build.0 = Debug|Any CPU
		{8842880C-2933-45E0-A23D-962FF3E0EC5C}.Release|Any CPU.ActiveCfg = Release|Any CPU
		{8842880C-2933-45E0-A23D-962FF3E0EC5C}.Release|Any CPU.Build.0 = Release|Any CPU
	EndGlobalSection
	GlobalSection(SolutionProperties) = preSolution
		HideSolutionNode = FALSE
	EndGlobalSection
	GlobalSection(ExtensibilityGlobals) = postSolution
		SolutionGuid = {06718937-98C1-4595-ABDF-5A150899CF6C}
	EndGlobalSection
EndGlobal
