
Microsoft Visual Studio Solution File, Format Version 12.00
# Visual Studio Version 16
VisualStudioVersion = 16.0.31727.386
MinimumVisualStudioVersion = 10.0.40219.1
Project("{FAE04EC0-301F-11D3-BF4B-00C04F79EFBC}") = "01-XX-Criando-Conjunto-Dados", "01-XX-Criando-Conjunto-Dados\01-XX-Criando-Conjunto-Dados.csproj", "{55AC9672-AF49-4094-9ACD-8A0303DBC5C7}"
EndProject
Project("{FAE04EC0-301F-11D3-BF4B-00C04F79EFBC}") = "02-XX-Manipulando-Tabelas", "02-XX-Manipulando-Tabelas\02-XX-Manipulando-Tabelas.csproj", "{4B7F2CE6-C719-459A-8360-68A51B8BC734}"
EndProject
Project("{FAE04EC0-301F-11D3-BF4B-00C04F79EFBC}") = "03-XX-StreamingBuffer", "03-XX-StreamingBuffer\03-XX-StreamingBuffer.csproj", "{878D916D-3786-4E7E-89AD-4D72460C09A7}"
EndProject
Project("{FAE04EC0-301F-11D3-BF4B-00C04F79EFBC}") = "04-XX-Usando-SQL-Classe", "04-XX-Usando-SQL-Classe\04-XX-Usando-SQL-Classe.csproj", "{9882489C-5D60-42EA-A0C6-CE5FD02FB314}"
EndProject
Project("{FAE04EC0-301F-11D3-BF4B-00C04F79EFBC}") = "05-XX-Lendo-CSV", "05-XX-Lendo-CSV\05-XX-Lendo-CSV.csproj", "{C9F559A6-1E65-4E4A-8273-5F382B6DB884}"
EndProject
Global
	GlobalSection(SolutionConfigurationPlatforms) = preSolution
		Debug|Any CPU = Debug|Any CPU
		Release|Any CPU = Release|Any CPU
	EndGlobalSection
	GlobalSection(ProjectConfigurationPlatforms) = postSolution
		{55AC9672-AF49-4094-9ACD-8A0303DBC5C7}.Debug|Any CPU.ActiveCfg = Debug|Any CPU
		{55AC9672-AF49-4094-9ACD-8A0303DBC5C7}.Debug|Any CPU.Build.0 = Debug|Any CPU
		{55AC9672-AF49-4094-9ACD-8A0303DBC5C7}.Release|Any CPU.ActiveCfg = Release|Any CPU
		{55AC9672-AF49-4094-9ACD-8A0303DBC5C7}.Release|Any CPU.Build.0 = Release|Any CPU
		{4B7F2CE6-C719-459A-8360-68A51B8BC734}.Debug|Any CPU.ActiveCfg = Debug|Any CPU
		{4B7F2CE6-C719-459A-8360-68A51B8BC734}.Debug|Any CPU.Build.0 = Debug|Any CPU
		{4B7F2CE6-C719-459A-8360-68A51B8BC734}.Release|Any CPU.ActiveCfg = Release|Any CPU
		{4B7F2CE6-C719-459A-8360-68A51B8BC734}.Release|Any CPU.Build.0 = Release|Any CPU
		{878D916D-3786-4E7E-89AD-4D72460C09A7}.Debug|Any CPU.ActiveCfg = Debug|Any CPU
		{878D916D-3786-4E7E-89AD-4D72460C09A7}.Debug|Any CPU.Build.0 = Debug|Any CPU
		{878D916D-3786-4E7E-89AD-4D72460C09A7}.Release|Any CPU.ActiveCfg = Release|Any CPU
		{878D916D-3786-4E7E-89AD-4D72460C09A7}.Release|Any CPU.Build.0 = Release|Any CPU
		{9882489C-5D60-42EA-A0C6-CE5FD02FB314}.Debug|Any CPU.ActiveCfg = Debug|Any CPU
		{9882489C-5D60-42EA-A0C6-CE5FD02FB314}.Debug|Any CPU.Build.0 = Debug|Any CPU
		{9882489C-5D60-42EA-A0C6-CE5FD02FB314}.Release|Any CPU.ActiveCfg = Release|Any CPU
		{9882489C-5D60-42EA-A0C6-CE5FD02FB314}.Release|Any CPU.Build.0 = Release|Any CPU
		{C9F559A6-1E65-4E4A-8273-5F382B6DB884}.Debug|Any CPU.ActiveCfg = Debug|Any CPU
		{C9F559A6-1E65-4E4A-8273-5F382B6DB884}.Debug|Any CPU.Build.0 = Debug|Any CPU
		{C9F559A6-1E65-4E4A-8273-5F382B6DB884}.Release|Any CPU.ActiveCfg = Release|Any CPU
		{C9F559A6-1E65-4E4A-8273-5F382B6DB884}.Release|Any CPU.Build.0 = Release|Any CPU
	EndGlobalSection
	GlobalSection(SolutionProperties) = preSolution
		HideSolutionNode = FALSE
	EndGlobalSection
	GlobalSection(ExtensibilityGlobals) = postSolution
		SolutionGuid = {8351DE5E-6C63-44E1-84A1-0DF0DEFD91CA}
	EndGlobalSection
EndGlobal
