
Microsoft Visual Studio Solution File, Format Version 12.00
# Visual Studio 15
VisualStudioVersion = 15.0.28307.329
MinimumVisualStudioVersion = 10.0.40219.1
Project("{FAE04EC0-301F-11D3-BF4B-00C04F79EFBC}") = "01-XX-XX-IntroSQL", "01-XX-XX-IntroSQL\01-XX-XX-IntroSQL.csproj", "{BEECB30F-C567-42EE-A2FC-AF47D4ED21E5}"
EndProject
Project("{FAE04EC0-301F-11D3-BF4B-00C04F79EFBC}") = "02-01-05-InstalandoPacotesEntity", "02-01-05-InstalandoPacotesEntity\02-01-05-InstalandoPacotesEntity.csproj", "{D4649C4E-E265-43D8-8562-1E5DED03180F}"
EndProject
Project("{FAE04EC0-301F-11D3-BF4B-00C04F79EFBC}") = "02-02-01-RecuperandoObjetosEntity", "02-02-01-RecuperandoObjetosEntity\02-02-01-RecuperandoObjetosEntity.csproj", "{5148CE91-6413-4D36-9479-FFBBE4BC730D}"
EndProject
Project("{FAE04EC0-301F-11D3-BF4B-00C04F79EFBC}") = "02-02-XX-ManipulandoObjetos", "02-02-XX-ManipulandoObjetos\02-02-XX-ManipulandoObjetos.csproj", "{D194539C-58F6-4E1D-A507-B66BC6E602DA}"
EndProject
Project("{FAE04EC0-301F-11D3-BF4B-00C04F79EFBC}") = "02-03-01-ChangeTrackeUnchangedModified", "02-03-01-ChangeTrackeUnchangedModified\02-03-01-ChangeTrackeUnchangedModified.csproj", "{E5A919AE-5FD4-48E1-A3AF-8187981675F5}"
EndProject
Project("{FAE04EC0-301F-11D3-BF4B-00C04F79EFBC}") = "02-03-03-LogandoSQLConsole", "02-03-03-LogandoSQLConsole\02-03-03-LogandoSQLConsole.csproj", "{2B48EA82-81F4-4D0F-8779-668DF12A8EE7}"
EndProject
Project("{FAE04EC0-301F-11D3-BF4B-00C04F79EFBC}") = "02-03-XX-ComoEntityMontaSQL", "02-03-XX-ComoEntityMontaSQL\02-03-XX-ComoEntityMontaSQL.csproj", "{384F3E40-DBC3-4206-93E1-DBA460744293}"
EndProject
Project("{FAE04EC0-301F-11D3-BF4B-00C04F79EFBC}") = "02-04-XX-SincronizandoBDModeloClasses", "02-04-XX-SincronizandoBDModeloClasses\02-04-XX-SincronizandoBDModeloClasses.csproj", "{B52B39CF-C804-4979-8D15-36FCC5D5A23C}"
EndProject
Project("{FAE04EC0-301F-11D3-BF4B-00C04F79EFBC}") = "02-05-XX-RelacionamentosUmMuitosEntity", "02-05-XX-RelacionamentosUmMuitosEntity\02-05-XX-RelacionamentosUmMuitosEntity.csproj", "{60BBD76A-6F2B-4946-96E1-A7E435A260BA}"
EndProject
Project("{FAE04EC0-301F-11D3-BF4B-00C04F79EFBC}") = "02-06-XX-RelacionamentosMuitosMuitos", "02-06-XX-RelacionamentosMuitosMuitos\02-06-XX-RelacionamentosMuitosMuitos.csproj", "{86D1D258-95DE-4C95-8549-F755C051835D}"
EndProject
Project("{FAE04EC0-301F-11D3-BF4B-00C04F79EFBC}") = "02-07-XX-RelacionamentosUmUmEntity", "02-07-XX-RelacionamentosUmUmEntity\02-07-XX-RelacionamentosUmUmEntity.csproj", "{0D698745-BE9E-43E7-B2AD-1BD5A18B3C68}"
EndProject
Project("{FAE04EC0-301F-11D3-BF4B-00C04F79EFBC}") = "02-08-XX-RecuperandoObjetosRelacionados", "02-08-XX-RecuperandoObjetosRelacionados\02-08-XX-RecuperandoObjetosRelacionados.csproj", "{4B3A8220-2F64-40B5-8A82-D94D0EF4AD6A}"
EndProject
Project("{FAE04EC0-301F-11D3-BF4B-00C04F79EFBC}") = "03-01-XX-LinqToObjects", "03-01-XX-LinqToObjects\03-01-XX-LinqToObjects.csproj", "{65D42B7D-4639-42F2-A840-F543FCD8972E}"
EndProject
Project("{FAE04EC0-301F-11D3-BF4B-00C04F79EFBC}") = "03-02-XX-LinqToXML", "03-02-XX-LinqXML\03-02-XX-LinqToXML.csproj", "{49EAC44E-4CC6-4EFD-9B1F-50D04A0235E2}"
EndProject
Project("{FAE04EC0-301F-11D3-BF4B-00C04F79EFBC}") = "03-03-XX-LinqToEntities", "03-03-XX-LinqToEntities\03-03-XX-LinqToEntities.csproj", "{A5B55A1C-6CDF-4A58-83E8-FE6DA08896C9}"
EndProject
Global
	GlobalSection(SolutionConfigurationPlatforms) = preSolution
		Debug|Any CPU = Debug|Any CPU
		Release|Any CPU = Release|Any CPU
	EndGlobalSection
	GlobalSection(ProjectConfigurationPlatforms) = postSolution
		{BEECB30F-C567-42EE-A2FC-AF47D4ED21E5}.Debug|Any CPU.ActiveCfg = Debug|Any CPU
		{BEECB30F-C567-42EE-A2FC-AF47D4ED21E5}.Debug|Any CPU.Build.0 = Debug|Any CPU
		{BEECB30F-C567-42EE-A2FC-AF47D4ED21E5}.Release|Any CPU.ActiveCfg = Release|Any CPU
		{BEECB30F-C567-42EE-A2FC-AF47D4ED21E5}.Release|Any CPU.Build.0 = Release|Any CPU
		{D4649C4E-E265-43D8-8562-1E5DED03180F}.Debug|Any CPU.ActiveCfg = Debug|Any CPU
		{D4649C4E-E265-43D8-8562-1E5DED03180F}.Debug|Any CPU.Build.0 = Debug|Any CPU
		{D4649C4E-E265-43D8-8562-1E5DED03180F}.Release|Any CPU.ActiveCfg = Release|Any CPU
		{D4649C4E-E265-43D8-8562-1E5DED03180F}.Release|Any CPU.Build.0 = Release|Any CPU
		{5148CE91-6413-4D36-9479-FFBBE4BC730D}.Debug|Any CPU.ActiveCfg = Debug|Any CPU
		{5148CE91-6413-4D36-9479-FFBBE4BC730D}.Debug|Any CPU.Build.0 = Debug|Any CPU
		{5148CE91-6413-4D36-9479-FFBBE4BC730D}.Release|Any CPU.ActiveCfg = Release|Any CPU
		{5148CE91-6413-4D36-9479-FFBBE4BC730D}.Release|Any CPU.Build.0 = Release|Any CPU
		{D194539C-58F6-4E1D-A507-B66BC6E602DA}.Debug|Any CPU.ActiveCfg = Debug|Any CPU
		{D194539C-58F6-4E1D-A507-B66BC6E602DA}.Debug|Any CPU.Build.0 = Debug|Any CPU
		{D194539C-58F6-4E1D-A507-B66BC6E602DA}.Release|Any CPU.ActiveCfg = Release|Any CPU
		{D194539C-58F6-4E1D-A507-B66BC6E602DA}.Release|Any CPU.Build.0 = Release|Any CPU
		{E5A919AE-5FD4-48E1-A3AF-8187981675F5}.Debug|Any CPU.ActiveCfg = Debug|Any CPU
		{E5A919AE-5FD4-48E1-A3AF-8187981675F5}.Debug|Any CPU.Build.0 = Debug|Any CPU
		{E5A919AE-5FD4-48E1-A3AF-8187981675F5}.Release|Any CPU.ActiveCfg = Release|Any CPU
		{E5A919AE-5FD4-48E1-A3AF-8187981675F5}.Release|Any CPU.Build.0 = Release|Any CPU
		{2B48EA82-81F4-4D0F-8779-668DF12A8EE7}.Debug|Any CPU.ActiveCfg = Debug|Any CPU
		{2B48EA82-81F4-4D0F-8779-668DF12A8EE7}.Debug|Any CPU.Build.0 = Debug|Any CPU
		{2B48EA82-81F4-4D0F-8779-668DF12A8EE7}.Release|Any CPU.ActiveCfg = Release|Any CPU
		{2B48EA82-81F4-4D0F-8779-668DF12A8EE7}.Release|Any CPU.Build.0 = Release|Any CPU
		{384F3E40-DBC3-4206-93E1-DBA460744293}.Debug|Any CPU.ActiveCfg = Debug|Any CPU
		{384F3E40-DBC3-4206-93E1-DBA460744293}.Debug|Any CPU.Build.0 = Debug|Any CPU
		{384F3E40-DBC3-4206-93E1-DBA460744293}.Release|Any CPU.ActiveCfg = Release|Any CPU
		{384F3E40-DBC3-4206-93E1-DBA460744293}.Release|Any CPU.Build.0 = Release|Any CPU
		{B52B39CF-C804-4979-8D15-36FCC5D5A23C}.Debug|Any CPU.ActiveCfg = Debug|Any CPU
		{B52B39CF-C804-4979-8D15-36FCC5D5A23C}.Debug|Any CPU.Build.0 = Debug|Any CPU
		{B52B39CF-C804-4979-8D15-36FCC5D5A23C}.Release|Any CPU.ActiveCfg = Release|Any CPU
		{B52B39CF-C804-4979-8D15-36FCC5D5A23C}.Release|Any CPU.Build.0 = Release|Any CPU
		{60BBD76A-6F2B-4946-96E1-A7E435A260BA}.Debug|Any CPU.ActiveCfg = Debug|Any CPU
		{60BBD76A-6F2B-4946-96E1-A7E435A260BA}.Debug|Any CPU.Build.0 = Debug|Any CPU
		{60BBD76A-6F2B-4946-96E1-A7E435A260BA}.Release|Any CPU.ActiveCfg = Release|Any CPU
		{60BBD76A-6F2B-4946-96E1-A7E435A260BA}.Release|Any CPU.Build.0 = Release|Any CPU
		{86D1D258-95DE-4C95-8549-F755C051835D}.Debug|Any CPU.ActiveCfg = Debug|Any CPU
		{86D1D258-95DE-4C95-8549-F755C051835D}.Debug|Any CPU.Build.0 = Debug|Any CPU
		{86D1D258-95DE-4C95-8549-F755C051835D}.Release|Any CPU.ActiveCfg = Release|Any CPU
		{86D1D258-95DE-4C95-8549-F755C051835D}.Release|Any CPU.Build.0 = Release|Any CPU
		{0D698745-BE9E-43E7-B2AD-1BD5A18B3C68}.Debug|Any CPU.ActiveCfg = Debug|Any CPU
		{0D698745-BE9E-43E7-B2AD-1BD5A18B3C68}.Debug|Any CPU.Build.0 = Debug|Any CPU
		{0D698745-BE9E-43E7-B2AD-1BD5A18B3C68}.Release|Any CPU.ActiveCfg = Release|Any CPU
		{0D698745-BE9E-43E7-B2AD-1BD5A18B3C68}.Release|Any CPU.Build.0 = Release|Any CPU
		{4B3A8220-2F64-40B5-8A82-D94D0EF4AD6A}.Debug|Any CPU.ActiveCfg = Debug|Any CPU
		{4B3A8220-2F64-40B5-8A82-D94D0EF4AD6A}.Debug|Any CPU.Build.0 = Debug|Any CPU
		{4B3A8220-2F64-40B5-8A82-D94D0EF4AD6A}.Release|Any CPU.ActiveCfg = Release|Any CPU
		{4B3A8220-2F64-40B5-8A82-D94D0EF4AD6A}.Release|Any CPU.Build.0 = Release|Any CPU
		{65D42B7D-4639-42F2-A840-F543FCD8972E}.Debug|Any CPU.ActiveCfg = Debug|Any CPU
		{65D42B7D-4639-42F2-A840-F543FCD8972E}.Debug|Any CPU.Build.0 = Debug|Any CPU
		{65D42B7D-4639-42F2-A840-F543FCD8972E}.Release|Any CPU.ActiveCfg = Release|Any CPU
		{65D42B7D-4639-42F2-A840-F543FCD8972E}.Release|Any CPU.Build.0 = Release|Any CPU
		{49EAC44E-4CC6-4EFD-9B1F-50D04A0235E2}.Debug|Any CPU.ActiveCfg = Debug|Any CPU
		{49EAC44E-4CC6-4EFD-9B1F-50D04A0235E2}.Debug|Any CPU.Build.0 = Debug|Any CPU
		{49EAC44E-4CC6-4EFD-9B1F-50D04A0235E2}.Release|Any CPU.ActiveCfg = Release|Any CPU
		{49EAC44E-4CC6-4EFD-9B1F-50D04A0235E2}.Release|Any CPU.Build.0 = Release|Any CPU
		{A5B55A1C-6CDF-4A58-83E8-FE6DA08896C9}.Debug|Any CPU.ActiveCfg = Debug|Any CPU
		{A5B55A1C-6CDF-4A58-83E8-FE6DA08896C9}.Debug|Any CPU.Build.0 = Debug|Any CPU
		{A5B55A1C-6CDF-4A58-83E8-FE6DA08896C9}.Release|Any CPU.ActiveCfg = Release|Any CPU
		{A5B55A1C-6CDF-4A58-83E8-FE6DA08896C9}.Release|Any CPU.Build.0 = Release|Any CPU
	EndGlobalSection
	GlobalSection(SolutionProperties) = preSolution
		HideSolutionNode = FALSE
	EndGlobalSection
	GlobalSection(ExtensibilityGlobals) = postSolution
		SolutionGuid = {7F528B5F-0F69-4032-83C7-06611AA8B6C2}
	EndGlobalSection
EndGlobal
