
Microsoft Visual Studio Solution File, Format Version 12.00
# Visual Studio Version 17
VisualStudioVersion = 17.7.34009.444
MinimumVisualStudioVersion = 10.0.40219.1
Project("{9A19103F-16F7-4668-BE54-9A1E7A4F7556}") = "01-XX-Melhorando-Legibilidade.Console", "01-XX-Melhorando-Legibilidade.Console\01-XX-Melhorando-Legibilidade.Console.csproj", "{C8E8DFF3-5E9A-4EFC-BFC5-7F4AEDA8F1A4}"
EndProject
Project("{9A19103F-16F7-4668-BE54-9A1E7A4F7556}") = "01-XX-Melhorando-Legibilidade.API", "01-XX-Melhorando-Legibilidade.API\01-XX-Melhorando-Legibilidade.API.csproj", "{4B1B7A97-DB5C-479C-9EB4-11139B33E9EA}"
EndProject
Project("{9A19103F-16F7-4668-BE54-9A1E7A4F7556}") = "02-XX-Evitando-Codigo-Duplicado.API", "02-XX-Evitando-Codigo-Duplicado.API\02-XX-Evitando-Codigo-Duplicado.API.csproj", "{2D2E1748-672E-4208-9B7C-43F79A15965A}"
EndProject
Project("{9A19103F-16F7-4668-BE54-9A1E7A4F7556}") = "02-XX-Evitando-Codigo-Duplicado.Console", "02-XX-Evitando-Codigo-Duplicado.Console\02-XX-Evitando-Codigo-Duplicado.Console.csproj", "{2CFC0978-B6CA-43CE-AB89-C811D6E62AE9}"
EndProject
Project("{9A19103F-16F7-4668-BE54-9A1E7A4F7556}") = "03-XX-Padroes-Projeto-Command.API", "03-XX-Padroes-Projeto-Command.API\03-XX-Padroes-Projeto-Command.API.csproj", "{DCBD3153-8887-4F6C-A766-A8103D7D26A6}"
EndProject
Project("{9A19103F-16F7-4668-BE54-9A1E7A4F7556}") = "03-XX-Padroes-Projeto-Command.Console", "03-XX-Padroes-Projeto-Command.Console\03-XX-Padroes-Projeto-Command.Console.csproj", "{7350F44B-16A9-44C5-AF4B-1A617061445C}"
EndProject
Project("{9A19103F-16F7-4668-BE54-9A1E7A4F7556}") = "04-XX-Testes-Automatizados.API", "04-XX-Testes-Automatizados.API\04-XX-Testes-Automatizados.API.csproj", "{49610BAB-FAF8-4DCF-BB54-5A818D90B30D}"
EndProject
Project("{9A19103F-16F7-4668-BE54-9A1E7A4F7556}") = "04-XX-Testes-Automatizados.Console", "04-XX-Testes-Automatizados.Console\04-XX-Testes-Automatizados.Console.csproj", "{41741EA9-F77A-4D1A-AE5D-29E94C02D4CA}"
EndProject
Project("{9A19103F-16F7-4668-BE54-9A1E7A4F7556}") = "04-XX-Testes-Automatizados.Testes", "04-XX-Testes-Automatizados.Testes\04-XX-Testes-Automatizados.Testes.csproj", "{9E3A256A-729B-4058-8811-51CE4514DC3E}"
EndProject
Project("{9A19103F-16F7-4668-BE54-9A1E7A4F7556}") = "05-XX-Desafios.API", "05-XX-Desafios.API\05-XX-Desafios.API.csproj", "{92F4DF77-DC28-4C7B-AD4A-62CB98FB41AD}"
EndProject
Project("{9A19103F-16F7-4668-BE54-9A1E7A4F7556}") = "05-XX-Desafios.Console", "05-XX-Desafios.Console\05-XX-Desafios.Console.csproj", "{584710B6-3B43-435C-9628-1C19BE63E80E}"
EndProject
Project("{9A19103F-16F7-4668-BE54-9A1E7A4F7556}") = "05-XX-Desafios.Testes", "05-XX-Desafios.Testes\05-XX-Desafios.Testes.csproj", "{C83591C2-8F8E-4F52-8E80-FAA394304FE6}"
EndProject
Global
	GlobalSection(SolutionConfigurationPlatforms) = preSolution
		Debug|Any CPU = Debug|Any CPU
		Release|Any CPU = Release|Any CPU
	EndGlobalSection
	GlobalSection(ProjectConfigurationPlatforms) = postSolution
		{C8E8DFF3-5E9A-4EFC-BFC5-7F4AEDA8F1A4}.Debug|Any CPU.ActiveCfg = Debug|Any CPU
		{C8E8DFF3-5E9A-4EFC-BFC5-7F4AEDA8F1A4}.Debug|Any CPU.Build.0 = Debug|Any CPU
		{C8E8DFF3-5E9A-4EFC-BFC5-7F4AEDA8F1A4}.Release|Any CPU.ActiveCfg = Release|Any CPU
		{C8E8DFF3-5E9A-4EFC-BFC5-7F4AEDA8F1A4}.Release|Any CPU.Build.0 = Release|Any CPU
		{4B1B7A97-DB5C-479C-9EB4-11139B33E9EA}.Debug|Any CPU.ActiveCfg = Debug|Any CPU
		{4B1B7A97-DB5C-479C-9EB4-11139B33E9EA}.Debug|Any CPU.Build.0 = Debug|Any CPU
		{4B1B7A97-DB5C-479C-9EB4-11139B33E9EA}.Release|Any CPU.ActiveCfg = Release|Any CPU
		{4B1B7A97-DB5C-479C-9EB4-11139B33E9EA}.Release|Any CPU.Build.0 = Release|Any CPU
		{2D2E1748-672E-4208-9B7C-43F79A15965A}.Debug|Any CPU.ActiveCfg = Debug|Any CPU
		{2D2E1748-672E-4208-9B7C-43F79A15965A}.Debug|Any CPU.Build.0 = Debug|Any CPU
		{2D2E1748-672E-4208-9B7C-43F79A15965A}.Release|Any CPU.ActiveCfg = Release|Any CPU
		{2D2E1748-672E-4208-9B7C-43F79A15965A}.Release|Any CPU.Build.0 = Release|Any CPU
		{2CFC0978-B6CA-43CE-AB89-C811D6E62AE9}.Debug|Any CPU.ActiveCfg = Debug|Any CPU
		{2CFC0978-B6CA-43CE-AB89-C811D6E62AE9}.Debug|Any CPU.Build.0 = Debug|Any CPU
		{2CFC0978-B6CA-43CE-AB89-C811D6E62AE9}.Release|Any CPU.ActiveCfg = Release|Any CPU
		{2CFC0978-B6CA-43CE-AB89-C811D6E62AE9}.Release|Any CPU.Build.0 = Release|Any CPU
		{DCBD3153-8887-4F6C-A766-A8103D7D26A6}.Debug|Any CPU.ActiveCfg = Debug|Any CPU
		{DCBD3153-8887-4F6C-A766-A8103D7D26A6}.Debug|Any CPU.Build.0 = Debug|Any CPU
		{DCBD3153-8887-4F6C-A766-A8103D7D26A6}.Release|Any CPU.ActiveCfg = Release|Any CPU
		{DCBD3153-8887-4F6C-A766-A8103D7D26A6}.Release|Any CPU.Build.0 = Release|Any CPU
		{7350F44B-16A9-44C5-AF4B-1A617061445C}.Debug|Any CPU.ActiveCfg = Debug|Any CPU
		{7350F44B-16A9-44C5-AF4B-1A617061445C}.Debug|Any CPU.Build.0 = Debug|Any CPU
		{7350F44B-16A9-44C5-AF4B-1A617061445C}.Release|Any CPU.ActiveCfg = Release|Any CPU
		{7350F44B-16A9-44C5-AF4B-1A617061445C}.Release|Any CPU.Build.0 = Release|Any CPU
		{49610BAB-FAF8-4DCF-BB54-5A818D90B30D}.Debug|Any CPU.ActiveCfg = Debug|Any CPU
		{49610BAB-FAF8-4DCF-BB54-5A818D90B30D}.Debug|Any CPU.Build.0 = Debug|Any CPU
		{49610BAB-FAF8-4DCF-BB54-5A818D90B30D}.Release|Any CPU.ActiveCfg = Release|Any CPU
		{49610BAB-FAF8-4DCF-BB54-5A818D90B30D}.Release|Any CPU.Build.0 = Release|Any CPU
		{41741EA9-F77A-4D1A-AE5D-29E94C02D4CA}.Debug|Any CPU.ActiveCfg = Debug|Any CPU
		{41741EA9-F77A-4D1A-AE5D-29E94C02D4CA}.Debug|Any CPU.Build.0 = Debug|Any CPU
		{41741EA9-F77A-4D1A-AE5D-29E94C02D4CA}.Release|Any CPU.ActiveCfg = Release|Any CPU
		{41741EA9-F77A-4D1A-AE5D-29E94C02D4CA}.Release|Any CPU.Build.0 = Release|Any CPU
		{9E3A256A-729B-4058-8811-51CE4514DC3E}.Debug|Any CPU.ActiveCfg = Debug|Any CPU
		{9E3A256A-729B-4058-8811-51CE4514DC3E}.Debug|Any CPU.Build.0 = Debug|Any CPU
		{9E3A256A-729B-4058-8811-51CE4514DC3E}.Release|Any CPU.ActiveCfg = Release|Any CPU
		{9E3A256A-729B-4058-8811-51CE4514DC3E}.Release|Any CPU.Build.0 = Release|Any CPU
		{92F4DF77-DC28-4C7B-AD4A-62CB98FB41AD}.Debug|Any CPU.ActiveCfg = Debug|Any CPU
		{92F4DF77-DC28-4C7B-AD4A-62CB98FB41AD}.Debug|Any CPU.Build.0 = Debug|Any CPU
		{92F4DF77-DC28-4C7B-AD4A-62CB98FB41AD}.Release|Any CPU.ActiveCfg = Release|Any CPU
		{92F4DF77-DC28-4C7B-AD4A-62CB98FB41AD}.Release|Any CPU.Build.0 = Release|Any CPU
		{584710B6-3B43-435C-9628-1C19BE63E80E}.Debug|Any CPU.ActiveCfg = Debug|Any CPU
		{584710B6-3B43-435C-9628-1C19BE63E80E}.Debug|Any CPU.Build.0 = Debug|Any CPU
		{584710B6-3B43-435C-9628-1C19BE63E80E}.Release|Any CPU.ActiveCfg = Release|Any CPU
		{584710B6-3B43-435C-9628-1C19BE63E80E}.Release|Any CPU.Build.0 = Release|Any CPU
		{C83591C2-8F8E-4F52-8E80-FAA394304FE6}.Debug|Any CPU.ActiveCfg = Debug|Any CPU
		{C83591C2-8F8E-4F52-8E80-FAA394304FE6}.Debug|Any CPU.Build.0 = Debug|Any CPU
		{C83591C2-8F8E-4F52-8E80-FAA394304FE6}.Release|Any CPU.ActiveCfg = Release|Any CPU
		{C83591C2-8F8E-4F52-8E80-FAA394304FE6}.Release|Any CPU.Build.0 = Release|Any CPU
	EndGlobalSection
	GlobalSection(SolutionProperties) = preSolution
		HideSolutionNode = FALSE
	EndGlobalSection
	GlobalSection(ExtensibilityGlobals) = postSolution
		SolutionGuid = {9C141905-E08F-4D6F-B851-0A4569F7AF15}
	EndGlobalSection
EndGlobal
