
Microsoft Visual Studio Solution File, Format Version 12.00
# Visual Studio Version 17
VisualStudioVersion = 17.11.35327.3
MinimumVisualStudioVersion = 10.0.40219.1
Project("{2150E333-8FDC-42A3-9474-1A3956D46DE8}") = "01-Threads", "01-Threads", "{86EF1870-72E2-49A3-8BE9-3F7A20221484}"
EndProject
Project("{FAE04EC0-301F-11D3-BF4B-00C04F79EFBC}") = "03-Codigo-sincrono", "01-Threads\03-Codigo-sincrono\03-Codigo-sincrono.csproj", "{2B938757-99F6-45ED-95E1-E9A63EDF224A}"
EndProject
Project("{9A19103F-16F7-4668-BE54-9A1E7A4F7556}") = "04-Criando-Thread", "01-Threads\04-Criando-Thread\04-Criando-Thread.csproj", "{EBB81F56-2045-4069-8755-688F9367A30F}"
EndProject
Project("{9A19103F-16F7-4668-BE54-9A1E7A4F7556}") = "06-Multiplas-Threads", "01-Threads\06-Multiplas-Threads\06-Multiplas-Threads.csproj", "{7FA01213-5237-4129-8CF3-7A63D5CE57E9}"
EndProject
Project("{2150E333-8FDC-42A3-9474-1A3956D46DE8}") = "02-Tasks", "02-Tasks", "{46BDB9F5-54BF-4F3B-AD0F-9F99612F55BD}"
EndProject
Project("{9A19103F-16F7-4668-BE54-9A1E7A4F7556}") = "02-Definindo-Task", "02-Tasks\02-Definindo-Task\02-Definindo-Task.csproj", "{9C5E8DBE-7314-42F0-B8D2-06D0078BBDA0}"
EndProject
Project("{9A19103F-16F7-4668-BE54-9A1E7A4F7556}") = "03-Tasks-retornam-valor", "02-Tasks\03-Tasks-retornam-valor\03-Tasks-retornam-valor.csproj", "{D6892C97-D78D-47B8-8268-869487D0DBAE}"
EndProject
Project("{9A19103F-16F7-4668-BE54-9A1E7A4F7556}") = "06-Tratando-excecoes", "02-Tasks\06-Tratando-excecoes\06-Tratando-excecoes.csproj", "{D70888B7-CB49-47CC-A601-A2A876DFD143}"
EndProject
Project("{2150E333-8FDC-42A3-9474-1A3956D46DE8}") = "03-Async-Await", "03-Async-Await", "{75436239-0F23-4AF1-9E65-7D97D32F37CF}"
EndProject
Project("{9A19103F-16F7-4668-BE54-9A1E7A4F7556}") = "02-Async-Await", "03-Async-Await\02-Async-Await\02-Async-Await.csproj", "{24C1D00E-D4D7-4D96-B31D-CA7D6343B67F}"
EndProject
Project("{9A19103F-16F7-4668-BE54-9A1E7A4F7556}") = "03-Async-void", "03-Async-Await\03-Async-void\03-Async-void.csproj", "{9DDF409A-7F51-47AB-93DA-079A819A5E34}"
EndProject
Project("{9A19103F-16F7-4668-BE54-9A1E7A4F7556}") = "05-Cancelando-tarefa", "03-Async-Await\05-Cancelando-tarefa\05-Cancelando-tarefa.csproj", "{A9E72F0D-BD9B-4F67-B664-01FE20C5CF58}"
EndProject
Project("{9A19103F-16F7-4668-BE54-9A1E7A4F7556}") = "07-Sincronizando-tarefas", "03-Async-Await\07-Sincronizando-tarefas\07-Sincronizando-tarefas.csproj", "{ACD8D6DD-8FFA-4A27-B480-54BF84FA0124}"
EndProject
Global
	GlobalSection(SolutionConfigurationPlatforms) = preSolution
		Debug|Any CPU = Debug|Any CPU
		Release|Any CPU = Release|Any CPU
	EndGlobalSection
	GlobalSection(ProjectConfigurationPlatforms) = postSolution
		{2B938757-99F6-45ED-95E1-E9A63EDF224A}.Debug|Any CPU.ActiveCfg = Debug|Any CPU
		{2B938757-99F6-45ED-95E1-E9A63EDF224A}.Debug|Any CPU.Build.0 = Debug|Any CPU
		{2B938757-99F6-45ED-95E1-E9A63EDF224A}.Release|Any CPU.ActiveCfg = Release|Any CPU
		{2B938757-99F6-45ED-95E1-E9A63EDF224A}.Release|Any CPU.Build.0 = Release|Any CPU
		{EBB81F56-2045-4069-8755-688F9367A30F}.Debug|Any CPU.ActiveCfg = Debug|Any CPU
		{EBB81F56-2045-4069-8755-688F9367A30F}.Debug|Any CPU.Build.0 = Debug|Any CPU
		{EBB81F56-2045-4069-8755-688F9367A30F}.Release|Any CPU.ActiveCfg = Release|Any CPU
		{EBB81F56-2045-4069-8755-688F9367A30F}.Release|Any CPU.Build.0 = Release|Any CPU
		{7FA01213-5237-4129-8CF3-7A63D5CE57E9}.Debug|Any CPU.ActiveCfg = Debug|Any CPU
		{7FA01213-5237-4129-8CF3-7A63D5CE57E9}.Debug|Any CPU.Build.0 = Debug|Any CPU
		{7FA01213-5237-4129-8CF3-7A63D5CE57E9}.Release|Any CPU.ActiveCfg = Release|Any CPU
		{7FA01213-5237-4129-8CF3-7A63D5CE57E9}.Release|Any CPU.Build.0 = Release|Any CPU
		{9C5E8DBE-7314-42F0-B8D2-06D0078BBDA0}.Debug|Any CPU.ActiveCfg = Debug|Any CPU
		{9C5E8DBE-7314-42F0-B8D2-06D0078BBDA0}.Debug|Any CPU.Build.0 = Debug|Any CPU
		{9C5E8DBE-7314-42F0-B8D2-06D0078BBDA0}.Release|Any CPU.ActiveCfg = Release|Any CPU
		{9C5E8DBE-7314-42F0-B8D2-06D0078BBDA0}.Release|Any CPU.Build.0 = Release|Any CPU
		{D6892C97-D78D-47B8-8268-869487D0DBAE}.Debug|Any CPU.ActiveCfg = Debug|Any CPU
		{D6892C97-D78D-47B8-8268-869487D0DBAE}.Debug|Any CPU.Build.0 = Debug|Any CPU
		{D6892C97-D78D-47B8-8268-869487D0DBAE}.Release|Any CPU.ActiveCfg = Release|Any CPU
		{D6892C97-D78D-47B8-8268-869487D0DBAE}.Release|Any CPU.Build.0 = Release|Any CPU
		{D70888B7-CB49-47CC-A601-A2A876DFD143}.Debug|Any CPU.ActiveCfg = Debug|Any CPU
		{D70888B7-CB49-47CC-A601-A2A876DFD143}.Debug|Any CPU.Build.0 = Debug|Any CPU
		{D70888B7-CB49-47CC-A601-A2A876DFD143}.Release|Any CPU.ActiveCfg = Release|Any CPU
		{D70888B7-CB49-47CC-A601-A2A876DFD143}.Release|Any CPU.Build.0 = Release|Any CPU
		{24C1D00E-D4D7-4D96-B31D-CA7D6343B67F}.Debug|Any CPU.ActiveCfg = Debug|Any CPU
		{24C1D00E-D4D7-4D96-B31D-CA7D6343B67F}.Debug|Any CPU.Build.0 = Debug|Any CPU
		{24C1D00E-D4D7-4D96-B31D-CA7D6343B67F}.Release|Any CPU.ActiveCfg = Release|Any CPU
		{24C1D00E-D4D7-4D96-B31D-CA7D6343B67F}.Release|Any CPU.Build.0 = Release|Any CPU
		{9DDF409A-7F51-47AB-93DA-079A819A5E34}.Debug|Any CPU.ActiveCfg = Debug|Any CPU
		{9DDF409A-7F51-47AB-93DA-079A819A5E34}.Debug|Any CPU.Build.0 = Debug|Any CPU
		{9DDF409A-7F51-47AB-93DA-079A819A5E34}.Release|Any CPU.ActiveCfg = Release|Any CPU
		{9DDF409A-7F51-47AB-93DA-079A819A5E34}.Release|Any CPU.Build.0 = Release|Any CPU
		{A9E72F0D-BD9B-4F67-B664-01FE20C5CF58}.Debug|Any CPU.ActiveCfg = Debug|Any CPU
		{A9E72F0D-BD9B-4F67-B664-01FE20C5CF58}.Debug|Any CPU.Build.0 = Debug|Any CPU
		{A9E72F0D-BD9B-4F67-B664-01FE20C5CF58}.Release|Any CPU.ActiveCfg = Release|Any CPU
		{A9E72F0D-BD9B-4F67-B664-01FE20C5CF58}.Release|Any CPU.Build.0 = Release|Any CPU
		{ACD8D6DD-8FFA-4A27-B480-54BF84FA0124}.Debug|Any CPU.ActiveCfg = Debug|Any CPU
		{ACD8D6DD-8FFA-4A27-B480-54BF84FA0124}.Debug|Any CPU.Build.0 = Debug|Any CPU
		{ACD8D6DD-8FFA-4A27-B480-54BF84FA0124}.Release|Any CPU.ActiveCfg = Release|Any CPU
		{ACD8D6DD-8FFA-4A27-B480-54BF84FA0124}.Release|Any CPU.Build.0 = Release|Any CPU
	EndGlobalSection
	GlobalSection(SolutionProperties) = preSolution
		HideSolutionNode = FALSE
	EndGlobalSection
	GlobalSection(NestedProjects) = preSolution
		{2B938757-99F6-45ED-95E1-E9A63EDF224A} = {86EF1870-72E2-49A3-8BE9-3F7A20221484}
		{EBB81F56-2045-4069-8755-688F9367A30F} = {86EF1870-72E2-49A3-8BE9-3F7A20221484}
		{7FA01213-5237-4129-8CF3-7A63D5CE57E9} = {86EF1870-72E2-49A3-8BE9-3F7A20221484}
		{9C5E8DBE-7314-42F0-B8D2-06D0078BBDA0} = {46BDB9F5-54BF-4F3B-AD0F-9F99612F55BD}
		{D6892C97-D78D-47B8-8268-869487D0DBAE} = {46BDB9F5-54BF-4F3B-AD0F-9F99612F55BD}
		{D70888B7-CB49-47CC-A601-A2A876DFD143} = {46BDB9F5-54BF-4F3B-AD0F-9F99612F55BD}
		{24C1D00E-D4D7-4D96-B31D-CA7D6343B67F} = {75436239-0F23-4AF1-9E65-7D97D32F37CF}
		{9DDF409A-7F51-47AB-93DA-079A819A5E34} = {75436239-0F23-4AF1-9E65-7D97D32F37CF}
		{A9E72F0D-BD9B-4F67-B664-01FE20C5CF58} = {75436239-0F23-4AF1-9E65-7D97D32F37CF}
		{ACD8D6DD-8FFA-4A27-B480-54BF84FA0124} = {75436239-0F23-4AF1-9E65-7D97D32F37CF}
	EndGlobalSection
	GlobalSection(ExtensibilityGlobals) = postSolution
		SolutionGuid = {98425CB4-8E46-429A-A6F4-B39BEDEA07F0}
	EndGlobalSection
EndGlobal
