
Microsoft Visual Studio Solution File, Format Version 12.00
# Visual Studio Version 17
VisualStudioVersion = 17.10.35013.160
MinimumVisualStudioVersion = 10.0.40219.1
Project("{2150E333-8FDC-42A3-9474-1A3956D46DE8}") = "08-Testando-Integracao-Banco-Dados", "08-Testando-Integracao-Banco-Dados", "{987F4358-15C0-4144-A9EE-EB455ABEE89D}"
EndProject
Project("{9A19103F-16F7-4668-BE54-9A1E7A4F7556}") = "08-01-XX-Definindo-Testes-Integracao", "08-Testando-Integracao-Banco-Dados\08-01-XX-Definindo-Testes-Integracao\08-01-XX-Definindo-Testes-Integracao.csproj", "{13018728-2E06-4851-828E-7368ADD87C68}"
EndProject
Project("{9A19103F-16F7-4668-BE54-9A1E7A4F7556}") = "08-01-XX-Definindo-Testes-Integracao.Test", "08-Testando-Integracao-Banco-Dados\08-01-XX-Definindo-Testes-Integracao.Test\08-01-XX-Definindo-Testes-Integracao.Test.csproj", "{A18EF0C6-7DC1-471E-B501-44CE2C1D255C}"
EndProject
Project("{9A19103F-16F7-4668-BE54-9A1E7A4F7556}") = "08-01-XX-Definindo-Testes-Integracao.Test.Integracao", "08-Testando-Integracao-Banco-Dados\08-01-XX-Definindo-Testes-Integracao.Test.Integracao\08-01-XX-Definindo-Testes-Integracao.Test.Integracao.csproj", "{7F4D2735-D1FF-4833-9F43-111338F5C6D9}"
EndProject
Project("{9A19103F-16F7-4668-BE54-9A1E7A4F7556}") = "08-02-XX-Compartilhando-Conexao", "08-Testando-Integracao-Banco-Dados\08-02-XX-Compartilhando-Conexao\08-02-XX-Compartilhando-Conexao.csproj", "{6494BFBE-D937-4349-99AD-31E0C7A5EC28}"
EndProject
Project("{9A19103F-16F7-4668-BE54-9A1E7A4F7556}") = "08-02-XX-Compartilhando-Conexao.Test", "08-Testando-Integracao-Banco-Dados\08-02-XX-Compartilhando-Conexao.Test\08-02-XX-Compartilhando-Conexao.Test.csproj", "{B6D432AE-886C-406F-A42E-BF98511CD8E0}"
EndProject
Project("{9A19103F-16F7-4668-BE54-9A1E7A4F7556}") = "08-02-XX-Compartilhando-Conexao.Test.Integracao", "08-Testando-Integracao-Banco-Dados\08-02-XX-Compartilhando-Conexao.Test.Integracao\08-02-XX-Compartilhando-Conexao.Test.Integracao.csproj", "{AD648F40-FD81-4E9D-A391-A0E1E1043E9E}"
EndProject
Project("{9A19103F-16F7-4668-BE54-9A1E7A4F7556}") = "08-03-XX-Docker", "08-Testando-Integracao-Banco-Dados\08-03-XX-Docker\08-03-XX-Docker.csproj", "{455310F9-AA4C-4462-9D35-FF59EF6088CF}"
EndProject
Project("{9A19103F-16F7-4668-BE54-9A1E7A4F7556}") = "08-03-XX-Docker.Test", "08-Testando-Integracao-Banco-Dados\08-03-XX-Docker.Test\08-03-XX-Docker.Test.csproj", "{C15698F9-F03F-4823-8596-D35A232B9A0E}"
EndProject
Project("{9A19103F-16F7-4668-BE54-9A1E7A4F7556}") = "08-03-XX-Docker.Test.Integracao", "08-Testando-Integracao-Banco-Dados\08-03-XX-Docker.Test.Integracao\08-03-XX-Docker.Test.Integracao.csproj", "{4FA832EA-2A8D-4206-A74A-FDA7A0B376D6}"
EndProject
Project("{9A19103F-16F7-4668-BE54-9A1E7A4F7556}") = "08-04-XX-Inserindo-Valores-Banco", "08-Testando-Integracao-Banco-Dados\08-04-XX-Inserindo-Valores-Banco\08-04-XX-Inserindo-Valores-Banco.csproj", "{F7B25B0B-1D1F-4C7D-9623-256F35938C8C}"
EndProject
Project("{9A19103F-16F7-4668-BE54-9A1E7A4F7556}") = "08-04-XX-Inserindo-Valores-Banco.Test", "08-Testando-Integracao-Banco-Dados\08-04-XX-Inserindo-Valores-Banco.Test\08-04-XX-Inserindo-Valores-Banco.Test.csproj", "{4423986B-FEED-43EB-A81C-90805F2AE628}"
EndProject
Project("{9A19103F-16F7-4668-BE54-9A1E7A4F7556}") = "08-04-XX-Inserindo-Valores-Banco.Test.Integracao", "08-Testando-Integracao-Banco-Dados\08-04-XX-Inserindo-Valores-Banco.Test.Integracao\08-04-XX-Inserindo-Valores-Banco.Test.Integracao.csproj", "{7107C0F1-4771-41F9-9FB0-D8927D654FE9}"
EndProject
Project("{9A19103F-16F7-4668-BE54-9A1E7A4F7556}") = "08-05-XX-Revertendo-Ultimos-Testes", "08-Testando-Integracao-Banco-Dados\08-05-XX-Revertendo-Ultimos-Testes\08-05-XX-Revertendo-Ultimos-Testes.csproj", "{8975DCCD-FB39-406F-9700-EAB6AAB73BC1}"
EndProject
Project("{9A19103F-16F7-4668-BE54-9A1E7A4F7556}") = "08-05-XX-Revertendo-Ultimos-Testes.Test", "08-Testando-Integracao-Banco-Dados\08-05-XX-Revertendo-Ultimos-Testes.Test\08-05-XX-Revertendo-Ultimos-Testes.Test.csproj", "{953F64FB-8329-4068-8170-2E34CF5206A6}"
EndProject
Project("{9A19103F-16F7-4668-BE54-9A1E7A4F7556}") = "08-05-XX-Revertendo-Ultimos-Testes.Test.Integracao", "08-Testando-Integracao-Banco-Dados\08-05-XX-Revertendo-Ultimos-Testes.Test.Integracao\08-05-XX-Revertendo-Ultimos-Testes.Test.Integracao.csproj", "{02FC8A3C-7B1B-4188-8C4E-AD0CED50C32B}"
EndProject
Project("{2150E333-8FDC-42A3-9474-1A3956D46DE8}") = "09-Aplicando-Testes-Integracao-APIs", "09-Aplicando-Testes-Integracao-APIs", "{2D258B94-E533-423A-8CC2-C877BCD9614E}"
EndProject
Project("{9A19103F-16F7-4668-BE54-9A1E7A4F7556}") = "09-01-XX-Preparando-Ambiente-Testes.API", "09-Aplicando-Testes-Integracao-APIs\09-01-XX-Preparando-Ambiente-Testes.API\09-01-XX-Preparando-Ambiente-Testes.API.csproj", "{B222EDB2-5DDC-4662-81B9-95C53FB4D204}"
EndProject
Project("{9A19103F-16F7-4668-BE54-9A1E7A4F7556}") = "09-01-XX-Preparando-Ambiente-Testes.Dados", "09-Aplicando-Testes-Integracao-APIs\09-01-XX-Preparando-Ambiente-Testes.Dados\09-01-XX-Preparando-Ambiente-Testes.Dados.csproj", "{76327B2C-5D68-47A2-9028-37DA7FF1E4BA}"
EndProject
Project("{9A19103F-16F7-4668-BE54-9A1E7A4F7556}") = "09-01-XX-Preparando-Ambiente-Testes.Dominio", "09-Aplicando-Testes-Integracao-APIs\09-01-XX-Preparando-Ambiente-Testes.Dominio\09-01-XX-Preparando-Ambiente-Testes.Dominio.csproj", "{72A1A346-5E3D-4CDA-9481-5B8B9DAD4E25}"
EndProject
Project("{9A19103F-16F7-4668-BE54-9A1E7A4F7556}") = "09-01-XX-Preparando-Ambiente-Testes.Integration.Test", "09-Aplicando-Testes-Integracao-APIs\09-01-XX-Preparando-Ambiente-Testes.Integration.Test\09-01-XX-Preparando-Ambiente-Testes.Integration.Test.csproj", "{C797CB68-DC34-42F4-9DC1-913D04D68515}"
EndProject
Project("{9A19103F-16F7-4668-BE54-9A1E7A4F7556}") = "09-02-XX-Compartilhando-Contexto.API", "09-Aplicando-Testes-Integracao-APIs\09-02-XX-Compartilhando-Contexto.API\09-02-XX-Compartilhando-Contexto.API.csproj", "{E0445B49-546F-4321-89E7-265B53F17235}"
EndProject
Project("{9A19103F-16F7-4668-BE54-9A1E7A4F7556}") = "09-02-XX-Compartilhando-Contexto.Dados", "09-Aplicando-Testes-Integracao-APIs\09-02-XX-Compartilhando-Contexto.Dados\09-02-XX-Compartilhando-Contexto.Dados.csproj", "{152DBF18-153A-4B99-BCBD-EE8BC8291CE3}"
EndProject
Project("{9A19103F-16F7-4668-BE54-9A1E7A4F7556}") = "09-02-XX-Compartilhando-Contexto.Dominio", "09-Aplicando-Testes-Integracao-APIs\09-02-XX-Compartilhando-Contexto.Dominio\09-02-XX-Compartilhando-Contexto.Dominio.csproj", "{B90CEC61-6D13-4DAB-B905-B943CEE7CF53}"
EndProject
Project("{9A19103F-16F7-4668-BE54-9A1E7A4F7556}") = "09-02-XX-Compartilhando-Contexto.Integration.Test", "09-Aplicando-Testes-Integracao-APIs\09-02-XX-Compartilhando-Contexto.Integration.Test\09-02-XX-Compartilhando-Contexto.Integration.Test.csproj", "{CDBBB1D7-A8B7-42AA-A0C9-3EB6E81F2B41}"
EndProject
Project("{9A19103F-16F7-4668-BE54-9A1E7A4F7556}") = "09-03-XX-Testes-Endpoints.HTTPS.API", "09-Aplicando-Testes-Integracao-APIs\09-03-XX-Testes-Endpoints.HTTPS.API\09-03-XX-Testes-Endpoints.HTTPS.API.csproj", "{EF9A7FB9-010F-4903-A500-94F07F8A12DC}"
EndProject
Project("{9A19103F-16F7-4668-BE54-9A1E7A4F7556}") = "09-03-XX-Testes-Endpoints.HTTPS.Dados", "09-Aplicando-Testes-Integracao-APIs\09-03-XX-Testes-Endpoints.HTTPS.Dados\09-03-XX-Testes-Endpoints.HTTPS.Dados.csproj", "{CA8F5D5D-CC81-41E6-BE43-83444E58D438}"
EndProject
Project("{9A19103F-16F7-4668-BE54-9A1E7A4F7556}") = "09-03-XX-Testes-Endpoints.HTTPS.Dominio", "09-Aplicando-Testes-Integracao-APIs\09-03-XX-Testes-Endpoints.HTTPS.Dominio\09-03-XX-Testes-Endpoints.HTTPS.Dominio.csproj", "{E1C69C5D-FCB3-4919-BEBB-25C34EDCAD61}"
EndProject
Project("{9A19103F-16F7-4668-BE54-9A1E7A4F7556}") = "09-03-XX-Testes-Endpoints.HTTPS.Integration.Test", "09-Aplicando-Testes-Integracao-APIs\09-03-XX-Testes-Endpoints.HTTPS.Integration.Test\09-03-XX-Testes-Endpoints.HTTPS.Integration.Test.csproj", "{6D59EDEE-ED83-421F-A189-786BFE670E75}"
EndProject
Project("{9A19103F-16F7-4668-BE54-9A1E7A4F7556}") = "09-04-XX-Consultas.API", "09-Aplicando-Testes-Integracao-APIs\09-04-XX-Consultas.API\09-04-XX-Consultas.API.csproj", "{261B19AF-74A0-46DA-9AB4-81C2C87234D0}"
EndProject
Project("{9A19103F-16F7-4668-BE54-9A1E7A4F7556}") = "09-04-XX-Consultas.Dados", "09-Aplicando-Testes-Integracao-APIs\09-04-XX-Consultas.Dados\09-04-XX-Consultas.Dados.csproj", "{A6866D98-D74F-4FEC-BC38-61C417BB893E}"
EndProject
Project("{9A19103F-16F7-4668-BE54-9A1E7A4F7556}") = "09-04-XX-Consultas.Dominio", "09-Aplicando-Testes-Integracao-APIs\09-04-XX-Consultas.Dominio\09-04-XX-Consultas.Dominio.csproj", "{6EA8DE86-3769-47D6-B159-E0C2A1C8CD12}"
EndProject
Project("{9A19103F-16F7-4668-BE54-9A1E7A4F7556}") = "09-04-XX-Consultas.Integration.Test", "09-Aplicando-Testes-Integracao-APIs\09-04-XX-Consultas.Integration.Test\09-04-XX-Consultas.Integration.Test.csproj", "{663C250D-4115-4C2D-8C22-2C30F706A494}"
EndProject
Project("{9A19103F-16F7-4668-BE54-9A1E7A4F7556}") = "09-05-XX-Desafio", "09-Aplicando-Testes-Integracao-APIs\09-05-XX-Desafio\09-05-XX-Desafio.csproj", "{BAA7C4E9-5E55-442E-BF7F-7672E90045FE}"
EndProject
Project("{9A19103F-16F7-4668-BE54-9A1E7A4F7556}") = "09-05-XX-Desafio.API", "09-Aplicando-Testes-Integracao-APIs\09-05-XX-Desafio.API\09-05-XX-Desafio.API.csproj", "{CA229578-3D8E-43C3-A15F-CA11B8DC6B49}"
EndProject
Project("{9A19103F-16F7-4668-BE54-9A1E7A4F7556}") = "09-05-XX-Desafio.Dados", "09-Aplicando-Testes-Integracao-APIs\09-05-XX-Desafio.Dados\09-05-XX-Desafio.Dados.csproj", "{39199AAA-4348-47B7-AFA5-EA05E86753DD}"
EndProject
Project("{9A19103F-16F7-4668-BE54-9A1E7A4F7556}") = "09-05-XX-Desafio.Dominio", "09-Aplicando-Testes-Integracao-APIs\09-05-XX-Desafio.Dominio\09-05-XX-Desafio.Dominio.csproj", "{BBF83E5D-DE35-4345-BAAF-7F77A81AB310}"
EndProject
Project("{9A19103F-16F7-4668-BE54-9A1E7A4F7556}") = "09-05-XX-Desafio.Integration.Test", "09-Aplicando-Testes-Integracao-APIs\09-05-XX-Desafio.Integration.Test\09-05-XX-Desafio.Integration.Test.csproj", "{9F3AF866-2127-4172-BE25-9B1855103FE7}"
EndProject
Project("{2150E333-8FDC-42A3-9474-1A3956D46DE8}") = "10-Integre-Testes-Pipelines-CI-CD", "10-Integre-Testes-Pipelines-CI-CD", "{9BFDD097-BD91-4C05-B5AA-E3EE1BE1C43F}"
EndProject
Project("{9A19103F-16F7-4668-BE54-9A1E7A4F7556}") = "10-01-XX-Pipeline-Testes-GitHub-Actions.API", "10-Integre-Testes-Pipelines-CI-CD\10-01-XX-Pipeline-Testes-GitHub-Actions.API\10-01-XX-Pipeline-Testes-GitHub-Actions.API.csproj", "{94619D27-FA52-4165-BB94-60A8B3960559}"
EndProject
Project("{9A19103F-16F7-4668-BE54-9A1E7A4F7556}") = "10-01-XX-Pipeline-Testes-GitHub-Actions.Dados", "10-Integre-Testes-Pipelines-CI-CD\10-01-XX-Pipeline-Testes-GitHub-Actions.Dados\10-01-XX-Pipeline-Testes-GitHub-Actions.Dados.csproj", "{AC66F9CA-5167-4B40-B6A1-72FB76EE089E}"
EndProject
Project("{9A19103F-16F7-4668-BE54-9A1E7A4F7556}") = "10-01-XX-Pipeline-Testes-GitHub-Actions.Dominio", "10-Integre-Testes-Pipelines-CI-CD\10-01-XX-Pipeline-Testes-GitHub-Actions.Dominio\10-01-XX-Pipeline-Testes-GitHub-Actions.Dominio.csproj", "{5AB2263F-F51D-48B3-8B42-64BFCA5C647A}"
EndProject
Project("{9A19103F-16F7-4668-BE54-9A1E7A4F7556}") = "10-01-XX-Pipeline-Testes-GitHub-Actions.Integration.Test", "10-Integre-Testes-Pipelines-CI-CD\10-01-XX-Pipeline-Testes-GitHub-Actions.Integration.Test\10-01-XX-Pipeline-Testes-GitHub-Actions.Integration.Test.csproj", "{2B2E5A8D-8052-496A-9509-91914C3E35B8}"
EndProject
Project("{9A19103F-16F7-4668-BE54-9A1E7A4F7556}") = "10-01-XX-Pipeline-Testes-GitHub-Actions.Unit.Test", "10-Integre-Testes-Pipelines-CI-CD\10-01-XX-Pipeline-Testes-GitHub-Actions.Unit.Test\10-01-XX-Pipeline-Testes-GitHub-Actions.Unit.Test.csproj", "{C0ECD237-C657-479C-B7DD-BC8A436AF536}"
EndProject
Project("{9A19103F-16F7-4668-BE54-9A1E7A4F7556}") = "10-02-XX-TestContainer.API", "10-Integre-Testes-Pipelines-CI-CD\10-02-XX-TestContainer.API\10-02-XX-TestContainer.API.csproj", "{E4CA7D20-FBE9-449B-A98A-1D7CAB0C29AC}"
EndProject
Project("{9A19103F-16F7-4668-BE54-9A1E7A4F7556}") = "10-02-XX-TestContainer.Dados", "10-Integre-Testes-Pipelines-CI-CD\10-02-XX-TestContainer.Dados\10-02-XX-TestContainer.Dados.csproj", "{98E16A5F-184E-4A54-A064-5CC937A4994E}"
EndProject
Project("{9A19103F-16F7-4668-BE54-9A1E7A4F7556}") = "10-02-XX-TestContainer.Dominio", "10-Integre-Testes-Pipelines-CI-CD\10-02-XX-TestContainer.Dominio\10-02-XX-TestContainer.Dominio.csproj", "{C1CCF63C-A38D-40B3-91BA-9FE8B212584C}"
EndProject
Project("{9A19103F-16F7-4668-BE54-9A1E7A4F7556}") = "10-02-XX-TestContainer.Integration.Test", "10-Integre-Testes-Pipelines-CI-CD\10-02-XX-TestContainer.Integration.Test\10-02-XX-TestContainer.Integration.Test.csproj", "{9CFE5126-CA21-4E6B-9525-B7E02527F143}"
EndProject
Project("{9A19103F-16F7-4668-BE54-9A1E7A4F7556}") = "10-02-XX-TestContainer.Unit.Test", "10-Integre-Testes-Pipelines-CI-CD\10-02-XX-TestContainer.Unit.Test\10-02-XX-TestContainer.Unit.Test.csproj", "{8E91A541-9F28-4EDA-849F-FE934D618AB9}"
EndProject
Project("{9A19103F-16F7-4668-BE54-9A1E7A4F7556}") = "10-03-XX-Publicando-Pipeline.API", "10-Integre-Testes-Pipelines-CI-CD\10-03-XX-Publicando-Pipeline.API\10-03-XX-Publicando-Pipeline.API.csproj", "{E064D11E-8AE2-4740-8B21-0C443EC7AAB6}"
EndProject
Project("{9A19103F-16F7-4668-BE54-9A1E7A4F7556}") = "10-03-XX-Publicando-Pipeline.Dados", "10-Integre-Testes-Pipelines-CI-CD\10-03-XX-Publicando-Pipeline.Dados\10-03-XX-Publicando-Pipeline.Dados.csproj", "{9CD71467-9854-48E1-9C61-487C313FC30E}"
EndProject
Project("{9A19103F-16F7-4668-BE54-9A1E7A4F7556}") = "10-03-XX-Publicando-Pipeline.Dominio", "10-Integre-Testes-Pipelines-CI-CD\10-03-XX-Publicando-Pipeline.Dominio\10-03-XX-Publicando-Pipeline.Dominio.csproj", "{AC954DDF-F61F-4A5A-9819-D28BBB814E12}"
EndProject
Project("{9A19103F-16F7-4668-BE54-9A1E7A4F7556}") = "10-03-XX-Publicando-Pipeline.Integration.Test", "10-Integre-Testes-Pipelines-CI-CD\10-03-XX-Publicando-Pipeline.Integration.Test\10-03-XX-Publicando-Pipeline.Integration.Test.csproj", "{C5F88F9A-B7C1-46E3-A465-629B76DC633C}"
EndProject
Project("{9A19103F-16F7-4668-BE54-9A1E7A4F7556}") = "10-03-XX-Publicando-Pipeline.Unit.Test", "10-Integre-Testes-Pipelines-CI-CD\10-03-XX-Publicando-Pipeline.Unit.Test\10-03-XX-Publicando-Pipeline.Unit.Test.csproj", "{F74CAAEA-4625-4ED2-9750-9566D5661D75}"
EndProject
Project("{9A19103F-16F7-4668-BE54-9A1E7A4F7556}") = "10-04-XX-Criando-Pipeline-Azure-Devops.API", "10-Integre-Testes-Pipelines-CI-CD\10-04-XX-Criando-Pipeline-Azure-Devops.API\10-04-XX-Criando-Pipeline-Azure-Devops.API.csproj", "{19952AEF-5DC3-4422-BAD7-D087D7A133E6}"
EndProject
Project("{9A19103F-16F7-4668-BE54-9A1E7A4F7556}") = "10-04-XX-Criando-Pipeline-Azure-Devops.Dados", "10-Integre-Testes-Pipelines-CI-CD\10-04-XX-Criando-Pipeline-Azure-Devops.Dados\10-04-XX-Criando-Pipeline-Azure-Devops.Dados.csproj", "{889D6C5B-0466-4642-A614-02EBA02ED2B8}"
EndProject
Project("{9A19103F-16F7-4668-BE54-9A1E7A4F7556}") = "10-04-XX-Criando-Pipeline-Azure-Devops.Dominio", "10-Integre-Testes-Pipelines-CI-CD\10-04-XX-Criando-Pipeline-Azure-Devops.Dominio\10-04-XX-Criando-Pipeline-Azure-Devops.Dominio.csproj", "{6C599D52-601A-465C-BB83-96F9A38CA2EF}"
EndProject
Project("{9A19103F-16F7-4668-BE54-9A1E7A4F7556}") = "10-04-XX-Criando-Pipeline-Azure-Devops.Integration.Test", "10-Integre-Testes-Pipelines-CI-CD\10-04-XX-Criando-Pipeline-Azure-Devops.Integration.Test\10-04-XX-Criando-Pipeline-Azure-Devops.Integration.Test.csproj", "{35ADB084-5AC2-4703-AA0B-7FB5EFA7FA4C}"
EndProject
Project("{9A19103F-16F7-4668-BE54-9A1E7A4F7556}") = "10-04-XX-Criando-Pipeline-Azure-Devops.Unit.Test", "10-Integre-Testes-Pipelines-CI-CD\10-04-XX-Criando-Pipeline-Azure-Devops.Unit.Test\10-04-XX-Criando-Pipeline-Azure-Devops.Unit.Test.csproj", "{58CD982C-6915-4C5B-9E69-D33EA132BE5D}"
EndProject
Global
	GlobalSection(SolutionConfigurationPlatforms) = preSolution
		Debug|Any CPU = Debug|Any CPU
		Release|Any CPU = Release|Any CPU
	EndGlobalSection
	GlobalSection(ProjectConfigurationPlatforms) = postSolution
		{13018728-2E06-4851-828E-7368ADD87C68}.Debug|Any CPU.ActiveCfg = Debug|Any CPU
		{13018728-2E06-4851-828E-7368ADD87C68}.Debug|Any CPU.Build.0 = Debug|Any CPU
		{13018728-2E06-4851-828E-7368ADD87C68}.Release|Any CPU.ActiveCfg = Release|Any CPU
		{13018728-2E06-4851-828E-7368ADD87C68}.Release|Any CPU.Build.0 = Release|Any CPU
		{A18EF0C6-7DC1-471E-B501-44CE2C1D255C}.Debug|Any CPU.ActiveCfg = Debug|Any CPU
		{A18EF0C6-7DC1-471E-B501-44CE2C1D255C}.Debug|Any CPU.Build.0 = Debug|Any CPU
		{A18EF0C6-7DC1-471E-B501-44CE2C1D255C}.Release|Any CPU.ActiveCfg = Release|Any CPU
		{A18EF0C6-7DC1-471E-B501-44CE2C1D255C}.Release|Any CPU.Build.0 = Release|Any CPU
		{7F4D2735-D1FF-4833-9F43-111338F5C6D9}.Debug|Any CPU.ActiveCfg = Debug|Any CPU
		{7F4D2735-D1FF-4833-9F43-111338F5C6D9}.Debug|Any CPU.Build.0 = Debug|Any CPU
		{7F4D2735-D1FF-4833-9F43-111338F5C6D9}.Release|Any CPU.ActiveCfg = Release|Any CPU
		{7F4D2735-D1FF-4833-9F43-111338F5C6D9}.Release|Any CPU.Build.0 = Release|Any CPU
		{6494BFBE-D937-4349-99AD-31E0C7A5EC28}.Debug|Any CPU.ActiveCfg = Debug|Any CPU
		{6494BFBE-D937-4349-99AD-31E0C7A5EC28}.Debug|Any CPU.Build.0 = Debug|Any CPU
		{6494BFBE-D937-4349-99AD-31E0C7A5EC28}.Release|Any CPU.ActiveCfg = Release|Any CPU
		{6494BFBE-D937-4349-99AD-31E0C7A5EC28}.Release|Any CPU.Build.0 = Release|Any CPU
		{B6D432AE-886C-406F-A42E-BF98511CD8E0}.Debug|Any CPU.ActiveCfg = Debug|Any CPU
		{B6D432AE-886C-406F-A42E-BF98511CD8E0}.Debug|Any CPU.Build.0 = Debug|Any CPU
		{B6D432AE-886C-406F-A42E-BF98511CD8E0}.Release|Any CPU.ActiveCfg = Release|Any CPU
		{B6D432AE-886C-406F-A42E-BF98511CD8E0}.Release|Any CPU.Build.0 = Release|Any CPU
		{AD648F40-FD81-4E9D-A391-A0E1E1043E9E}.Debug|Any CPU.ActiveCfg = Debug|Any CPU
		{AD648F40-FD81-4E9D-A391-A0E1E1043E9E}.Debug|Any CPU.Build.0 = Debug|Any CPU
		{AD648F40-FD81-4E9D-A391-A0E1E1043E9E}.Release|Any CPU.ActiveCfg = Release|Any CPU
		{AD648F40-FD81-4E9D-A391-A0E1E1043E9E}.Release|Any CPU.Build.0 = Release|Any CPU
		{455310F9-AA4C-4462-9D35-FF59EF6088CF}.Debug|Any CPU.ActiveCfg = Debug|Any CPU
		{455310F9-AA4C-4462-9D35-FF59EF6088CF}.Debug|Any CPU.Build.0 = Debug|Any CPU
		{455310F9-AA4C-4462-9D35-FF59EF6088CF}.Release|Any CPU.ActiveCfg = Release|Any CPU
		{455310F9-AA4C-4462-9D35-FF59EF6088CF}.Release|Any CPU.Build.0 = Release|Any CPU
		{C15698F9-F03F-4823-8596-D35A232B9A0E}.Debug|Any CPU.ActiveCfg = Debug|Any CPU
		{C15698F9-F03F-4823-8596-D35A232B9A0E}.Debug|Any CPU.Build.0 = Debug|Any CPU
		{C15698F9-F03F-4823-8596-D35A232B9A0E}.Release|Any CPU.ActiveCfg = Release|Any CPU
		{C15698F9-F03F-4823-8596-D35A232B9A0E}.Release|Any CPU.Build.0 = Release|Any CPU
		{4FA832EA-2A8D-4206-A74A-FDA7A0B376D6}.Debug|Any CPU.ActiveCfg = Debug|Any CPU
		{4FA832EA-2A8D-4206-A74A-FDA7A0B376D6}.Debug|Any CPU.Build.0 = Debug|Any CPU
		{4FA832EA-2A8D-4206-A74A-FDA7A0B376D6}.Release|Any CPU.ActiveCfg = Release|Any CPU
		{4FA832EA-2A8D-4206-A74A-FDA7A0B376D6}.Release|Any CPU.Build.0 = Release|Any CPU
		{F7B25B0B-1D1F-4C7D-9623-256F35938C8C}.Debug|Any CPU.ActiveCfg = Debug|Any CPU
		{F7B25B0B-1D1F-4C7D-9623-256F35938C8C}.Debug|Any CPU.Build.0 = Debug|Any CPU
		{F7B25B0B-1D1F-4C7D-9623-256F35938C8C}.Release|Any CPU.ActiveCfg = Release|Any CPU
		{F7B25B0B-1D1F-4C7D-9623-256F35938C8C}.Release|Any CPU.Build.0 = Release|Any CPU
		{4423986B-FEED-43EB-A81C-90805F2AE628}.Debug|Any CPU.ActiveCfg = Debug|Any CPU
		{4423986B-FEED-43EB-A81C-90805F2AE628}.Debug|Any CPU.Build.0 = Debug|Any CPU
		{4423986B-FEED-43EB-A81C-90805F2AE628}.Release|Any CPU.ActiveCfg = Release|Any CPU
		{4423986B-FEED-43EB-A81C-90805F2AE628}.Release|Any CPU.Build.0 = Release|Any CPU
		{7107C0F1-4771-41F9-9FB0-D8927D654FE9}.Debug|Any CPU.ActiveCfg = Debug|Any CPU
		{7107C0F1-4771-41F9-9FB0-D8927D654FE9}.Debug|Any CPU.Build.0 = Debug|Any CPU
		{7107C0F1-4771-41F9-9FB0-D8927D654FE9}.Release|Any CPU.ActiveCfg = Release|Any CPU
		{7107C0F1-4771-41F9-9FB0-D8927D654FE9}.Release|Any CPU.Build.0 = Release|Any CPU
		{8975DCCD-FB39-406F-9700-EAB6AAB73BC1}.Debug|Any CPU.ActiveCfg = Debug|Any CPU
		{8975DCCD-FB39-406F-9700-EAB6AAB73BC1}.Debug|Any CPU.Build.0 = Debug|Any CPU
		{8975DCCD-FB39-406F-9700-EAB6AAB73BC1}.Release|Any CPU.ActiveCfg = Release|Any CPU
		{8975DCCD-FB39-406F-9700-EAB6AAB73BC1}.Release|Any CPU.Build.0 = Release|Any CPU
		{953F64FB-8329-4068-8170-2E34CF5206A6}.Debug|Any CPU.ActiveCfg = Debug|Any CPU
		{953F64FB-8329-4068-8170-2E34CF5206A6}.Debug|Any CPU.Build.0 = Debug|Any CPU
		{953F64FB-8329-4068-8170-2E34CF5206A6}.Release|Any CPU.ActiveCfg = Release|Any CPU
		{953F64FB-8329-4068-8170-2E34CF5206A6}.Release|Any CPU.Build.0 = Release|Any CPU
		{02FC8A3C-7B1B-4188-8C4E-AD0CED50C32B}.Debug|Any CPU.ActiveCfg = Debug|Any CPU
		{02FC8A3C-7B1B-4188-8C4E-AD0CED50C32B}.Debug|Any CPU.Build.0 = Debug|Any CPU
		{02FC8A3C-7B1B-4188-8C4E-AD0CED50C32B}.Release|Any CPU.ActiveCfg = Release|Any CPU
		{02FC8A3C-7B1B-4188-8C4E-AD0CED50C32B}.Release|Any CPU.Build.0 = Release|Any CPU
		{B222EDB2-5DDC-4662-81B9-95C53FB4D204}.Debug|Any CPU.ActiveCfg = Debug|Any CPU
		{B222EDB2-5DDC-4662-81B9-95C53FB4D204}.Debug|Any CPU.Build.0 = Debug|Any CPU
		{B222EDB2-5DDC-4662-81B9-95C53FB4D204}.Release|Any CPU.ActiveCfg = Release|Any CPU
		{B222EDB2-5DDC-4662-81B9-95C53FB4D204}.Release|Any CPU.Build.0 = Release|Any CPU
		{76327B2C-5D68-47A2-9028-37DA7FF1E4BA}.Debug|Any CPU.ActiveCfg = Debug|Any CPU
		{76327B2C-5D68-47A2-9028-37DA7FF1E4BA}.Debug|Any CPU.Build.0 = Debug|Any CPU
		{76327B2C-5D68-47A2-9028-37DA7FF1E4BA}.Release|Any CPU.ActiveCfg = Release|Any CPU
		{76327B2C-5D68-47A2-9028-37DA7FF1E4BA}.Release|Any CPU.Build.0 = Release|Any CPU
		{72A1A346-5E3D-4CDA-9481-5B8B9DAD4E25}.Debug|Any CPU.ActiveCfg = Debug|Any CPU
		{72A1A346-5E3D-4CDA-9481-5B8B9DAD4E25}.Debug|Any CPU.Build.0 = Debug|Any CPU
		{72A1A346-5E3D-4CDA-9481-5B8B9DAD4E25}.Release|Any CPU.ActiveCfg = Release|Any CPU
		{72A1A346-5E3D-4CDA-9481-5B8B9DAD4E25}.Release|Any CPU.Build.0 = Release|Any CPU
		{C797CB68-DC34-42F4-9DC1-913D04D68515}.Debug|Any CPU.ActiveCfg = Debug|Any CPU
		{C797CB68-DC34-42F4-9DC1-913D04D68515}.Debug|Any CPU.Build.0 = Debug|Any CPU
		{C797CB68-DC34-42F4-9DC1-913D04D68515}.Release|Any CPU.ActiveCfg = Release|Any CPU
		{C797CB68-DC34-42F4-9DC1-913D04D68515}.Release|Any CPU.Build.0 = Release|Any CPU
		{E0445B49-546F-4321-89E7-265B53F17235}.Debug|Any CPU.ActiveCfg = Debug|Any CPU
		{E0445B49-546F-4321-89E7-265B53F17235}.Debug|Any CPU.Build.0 = Debug|Any CPU
		{E0445B49-546F-4321-89E7-265B53F17235}.Release|Any CPU.ActiveCfg = Release|Any CPU
		{E0445B49-546F-4321-89E7-265B53F17235}.Release|Any CPU.Build.0 = Release|Any CPU
		{152DBF18-153A-4B99-BCBD-EE8BC8291CE3}.Debug|Any CPU.ActiveCfg = Debug|Any CPU
		{152DBF18-153A-4B99-BCBD-EE8BC8291CE3}.Debug|Any CPU.Build.0 = Debug|Any CPU
		{152DBF18-153A-4B99-BCBD-EE8BC8291CE3}.Release|Any CPU.ActiveCfg = Release|Any CPU
		{152DBF18-153A-4B99-BCBD-EE8BC8291CE3}.Release|Any CPU.Build.0 = Release|Any CPU
		{B90CEC61-6D13-4DAB-B905-B943CEE7CF53}.Debug|Any CPU.ActiveCfg = Debug|Any CPU
		{B90CEC61-6D13-4DAB-B905-B943CEE7CF53}.Debug|Any CPU.Build.0 = Debug|Any CPU
		{B90CEC61-6D13-4DAB-B905-B943CEE7CF53}.Release|Any CPU.ActiveCfg = Release|Any CPU
		{B90CEC61-6D13-4DAB-B905-B943CEE7CF53}.Release|Any CPU.Build.0 = Release|Any CPU
		{CDBBB1D7-A8B7-42AA-A0C9-3EB6E81F2B41}.Debug|Any CPU.ActiveCfg = Debug|Any CPU
		{CDBBB1D7-A8B7-42AA-A0C9-3EB6E81F2B41}.Debug|Any CPU.Build.0 = Debug|Any CPU
		{CDBBB1D7-A8B7-42AA-A0C9-3EB6E81F2B41}.Release|Any CPU.ActiveCfg = Release|Any CPU
		{CDBBB1D7-A8B7-42AA-A0C9-3EB6E81F2B41}.Release|Any CPU.Build.0 = Release|Any CPU
		{EF9A7FB9-010F-4903-A500-94F07F8A12DC}.Debug|Any CPU.ActiveCfg = Debug|Any CPU
		{EF9A7FB9-010F-4903-A500-94F07F8A12DC}.Debug|Any CPU.Build.0 = Debug|Any CPU
		{EF9A7FB9-010F-4903-A500-94F07F8A12DC}.Release|Any CPU.ActiveCfg = Release|Any CPU
		{EF9A7FB9-010F-4903-A500-94F07F8A12DC}.Release|Any CPU.Build.0 = Release|Any CPU
		{CA8F5D5D-CC81-41E6-BE43-83444E58D438}.Debug|Any CPU.ActiveCfg = Debug|Any CPU
		{CA8F5D5D-CC81-41E6-BE43-83444E58D438}.Debug|Any CPU.Build.0 = Debug|Any CPU
		{CA8F5D5D-CC81-41E6-BE43-83444E58D438}.Release|Any CPU.ActiveCfg = Release|Any CPU
		{CA8F5D5D-CC81-41E6-BE43-83444E58D438}.Release|Any CPU.Build.0 = Release|Any CPU
		{E1C69C5D-FCB3-4919-BEBB-25C34EDCAD61}.Debug|Any CPU.ActiveCfg = Debug|Any CPU
		{E1C69C5D-FCB3-4919-BEBB-25C34EDCAD61}.Debug|Any CPU.Build.0 = Debug|Any CPU
		{E1C69C5D-FCB3-4919-BEBB-25C34EDCAD61}.Release|Any CPU.ActiveCfg = Release|Any CPU
		{E1C69C5D-FCB3-4919-BEBB-25C34EDCAD61}.Release|Any CPU.Build.0 = Release|Any CPU
		{6D59EDEE-ED83-421F-A189-786BFE670E75}.Debug|Any CPU.ActiveCfg = Debug|Any CPU
		{6D59EDEE-ED83-421F-A189-786BFE670E75}.Debug|Any CPU.Build.0 = Debug|Any CPU
		{6D59EDEE-ED83-421F-A189-786BFE670E75}.Release|Any CPU.ActiveCfg = Release|Any CPU
		{6D59EDEE-ED83-421F-A189-786BFE670E75}.Release|Any CPU.Build.0 = Release|Any CPU
		{261B19AF-74A0-46DA-9AB4-81C2C87234D0}.Debug|Any CPU.ActiveCfg = Debug|Any CPU
		{261B19AF-74A0-46DA-9AB4-81C2C87234D0}.Debug|Any CPU.Build.0 = Debug|Any CPU
		{261B19AF-74A0-46DA-9AB4-81C2C87234D0}.Release|Any CPU.ActiveCfg = Release|Any CPU
		{261B19AF-74A0-46DA-9AB4-81C2C87234D0}.Release|Any CPU.Build.0 = Release|Any CPU
		{A6866D98-D74F-4FEC-BC38-61C417BB893E}.Debug|Any CPU.ActiveCfg = Debug|Any CPU
		{A6866D98-D74F-4FEC-BC38-61C417BB893E}.Debug|Any CPU.Build.0 = Debug|Any CPU
		{A6866D98-D74F-4FEC-BC38-61C417BB893E}.Release|Any CPU.ActiveCfg = Release|Any CPU
		{A6866D98-D74F-4FEC-BC38-61C417BB893E}.Release|Any CPU.Build.0 = Release|Any CPU
		{6EA8DE86-3769-47D6-B159-E0C2A1C8CD12}.Debug|Any CPU.ActiveCfg = Debug|Any CPU
		{6EA8DE86-3769-47D6-B159-E0C2A1C8CD12}.Debug|Any CPU.Build.0 = Debug|Any CPU
		{6EA8DE86-3769-47D6-B159-E0C2A1C8CD12}.Release|Any CPU.ActiveCfg = Release|Any CPU
		{6EA8DE86-3769-47D6-B159-E0C2A1C8CD12}.Release|Any CPU.Build.0 = Release|Any CPU
		{663C250D-4115-4C2D-8C22-2C30F706A494}.Debug|Any CPU.ActiveCfg = Debug|Any CPU
		{663C250D-4115-4C2D-8C22-2C30F706A494}.Debug|Any CPU.Build.0 = Debug|Any CPU
		{663C250D-4115-4C2D-8C22-2C30F706A494}.Release|Any CPU.ActiveCfg = Release|Any CPU
		{663C250D-4115-4C2D-8C22-2C30F706A494}.Release|Any CPU.Build.0 = Release|Any CPU
		{BAA7C4E9-5E55-442E-BF7F-7672E90045FE}.Debug|Any CPU.ActiveCfg = Debug|Any CPU
		{BAA7C4E9-5E55-442E-BF7F-7672E90045FE}.Debug|Any CPU.Build.0 = Debug|Any CPU
		{BAA7C4E9-5E55-442E-BF7F-7672E90045FE}.Release|Any CPU.ActiveCfg = Release|Any CPU
		{BAA7C4E9-5E55-442E-BF7F-7672E90045FE}.Release|Any CPU.Build.0 = Release|Any CPU
		{CA229578-3D8E-43C3-A15F-CA11B8DC6B49}.Debug|Any CPU.ActiveCfg = Debug|Any CPU
		{CA229578-3D8E-43C3-A15F-CA11B8DC6B49}.Debug|Any CPU.Build.0 = Debug|Any CPU
		{CA229578-3D8E-43C3-A15F-CA11B8DC6B49}.Release|Any CPU.ActiveCfg = Release|Any CPU
		{CA229578-3D8E-43C3-A15F-CA11B8DC6B49}.Release|Any CPU.Build.0 = Release|Any CPU
		{39199AAA-4348-47B7-AFA5-EA05E86753DD}.Debug|Any CPU.ActiveCfg = Debug|Any CPU
		{39199AAA-4348-47B7-AFA5-EA05E86753DD}.Debug|Any CPU.Build.0 = Debug|Any CPU
		{39199AAA-4348-47B7-AFA5-EA05E86753DD}.Release|Any CPU.ActiveCfg = Release|Any CPU
		{39199AAA-4348-47B7-AFA5-EA05E86753DD}.Release|Any CPU.Build.0 = Release|Any CPU
		{BBF83E5D-DE35-4345-BAAF-7F77A81AB310}.Debug|Any CPU.ActiveCfg = Debug|Any CPU
		{BBF83E5D-DE35-4345-BAAF-7F77A81AB310}.Debug|Any CPU.Build.0 = Debug|Any CPU
		{BBF83E5D-DE35-4345-BAAF-7F77A81AB310}.Release|Any CPU.ActiveCfg = Release|Any CPU
		{BBF83E5D-DE35-4345-BAAF-7F77A81AB310}.Release|Any CPU.Build.0 = Release|Any CPU
		{9F3AF866-2127-4172-BE25-9B1855103FE7}.Debug|Any CPU.ActiveCfg = Debug|Any CPU
		{9F3AF866-2127-4172-BE25-9B1855103FE7}.Debug|Any CPU.Build.0 = Debug|Any CPU
		{9F3AF866-2127-4172-BE25-9B1855103FE7}.Release|Any CPU.ActiveCfg = Release|Any CPU
		{9F3AF866-2127-4172-BE25-9B1855103FE7}.Release|Any CPU.Build.0 = Release|Any CPU
		{94619D27-FA52-4165-BB94-60A8B3960559}.Debug|Any CPU.ActiveCfg = Debug|Any CPU
		{94619D27-FA52-4165-BB94-60A8B3960559}.Debug|Any CPU.Build.0 = Debug|Any CPU
		{94619D27-FA52-4165-BB94-60A8B3960559}.Release|Any CPU.ActiveCfg = Release|Any CPU
		{94619D27-FA52-4165-BB94-60A8B3960559}.Release|Any CPU.Build.0 = Release|Any CPU
		{AC66F9CA-5167-4B40-B6A1-72FB76EE089E}.Debug|Any CPU.ActiveCfg = Debug|Any CPU
		{AC66F9CA-5167-4B40-B6A1-72FB76EE089E}.Debug|Any CPU.Build.0 = Debug|Any CPU
		{AC66F9CA-5167-4B40-B6A1-72FB76EE089E}.Release|Any CPU.ActiveCfg = Release|Any CPU
		{AC66F9CA-5167-4B40-B6A1-72FB76EE089E}.Release|Any CPU.Build.0 = Release|Any CPU
		{5AB2263F-F51D-48B3-8B42-64BFCA5C647A}.Debug|Any CPU.ActiveCfg = Debug|Any CPU
		{5AB2263F-F51D-48B3-8B42-64BFCA5C647A}.Debug|Any CPU.Build.0 = Debug|Any CPU
		{5AB2263F-F51D-48B3-8B42-64BFCA5C647A}.Release|Any CPU.ActiveCfg = Release|Any CPU
		{5AB2263F-F51D-48B3-8B42-64BFCA5C647A}.Release|Any CPU.Build.0 = Release|Any CPU
		{2B2E5A8D-8052-496A-9509-91914C3E35B8}.Debug|Any CPU.ActiveCfg = Debug|Any CPU
		{2B2E5A8D-8052-496A-9509-91914C3E35B8}.Debug|Any CPU.Build.0 = Debug|Any CPU
		{2B2E5A8D-8052-496A-9509-91914C3E35B8}.Release|Any CPU.ActiveCfg = Release|Any CPU
		{2B2E5A8D-8052-496A-9509-91914C3E35B8}.Release|Any CPU.Build.0 = Release|Any CPU
		{C0ECD237-C657-479C-B7DD-BC8A436AF536}.Debug|Any CPU.ActiveCfg = Debug|Any CPU
		{C0ECD237-C657-479C-B7DD-BC8A436AF536}.Debug|Any CPU.Build.0 = Debug|Any CPU
		{C0ECD237-C657-479C-B7DD-BC8A436AF536}.Release|Any CPU.ActiveCfg = Release|Any CPU
		{C0ECD237-C657-479C-B7DD-BC8A436AF536}.Release|Any CPU.Build.0 = Release|Any CPU
		{E4CA7D20-FBE9-449B-A98A-1D7CAB0C29AC}.Debug|Any CPU.ActiveCfg = Debug|Any CPU
		{E4CA7D20-FBE9-449B-A98A-1D7CAB0C29AC}.Debug|Any CPU.Build.0 = Debug|Any CPU
		{E4CA7D20-FBE9-449B-A98A-1D7CAB0C29AC}.Release|Any CPU.ActiveCfg = Release|Any CPU
		{E4CA7D20-FBE9-449B-A98A-1D7CAB0C29AC}.Release|Any CPU.Build.0 = Release|Any CPU
		{98E16A5F-184E-4A54-A064-5CC937A4994E}.Debug|Any CPU.ActiveCfg = Debug|Any CPU
		{98E16A5F-184E-4A54-A064-5CC937A4994E}.Debug|Any CPU.Build.0 = Debug|Any CPU
		{98E16A5F-184E-4A54-A064-5CC937A4994E}.Release|Any CPU.ActiveCfg = Release|Any CPU
		{98E16A5F-184E-4A54-A064-5CC937A4994E}.Release|Any CPU.Build.0 = Release|Any CPU
		{C1CCF63C-A38D-40B3-91BA-9FE8B212584C}.Debug|Any CPU.ActiveCfg = Debug|Any CPU
		{C1CCF63C-A38D-40B3-91BA-9FE8B212584C}.Debug|Any CPU.Build.0 = Debug|Any CPU
		{C1CCF63C-A38D-40B3-91BA-9FE8B212584C}.Release|Any CPU.ActiveCfg = Release|Any CPU
		{C1CCF63C-A38D-40B3-91BA-9FE8B212584C}.Release|Any CPU.Build.0 = Release|Any CPU
		{9CFE5126-CA21-4E6B-9525-B7E02527F143}.Debug|Any CPU.ActiveCfg = Debug|Any CPU
		{9CFE5126-CA21-4E6B-9525-B7E02527F143}.Debug|Any CPU.Build.0 = Debug|Any CPU
		{9CFE5126-CA21-4E6B-9525-B7E02527F143}.Release|Any CPU.ActiveCfg = Release|Any CPU
		{9CFE5126-CA21-4E6B-9525-B7E02527F143}.Release|Any CPU.Build.0 = Release|Any CPU
		{8E91A541-9F28-4EDA-849F-FE934D618AB9}.Debug|Any CPU.ActiveCfg = Debug|Any CPU
		{8E91A541-9F28-4EDA-849F-FE934D618AB9}.Debug|Any CPU.Build.0 = Debug|Any CPU
		{8E91A541-9F28-4EDA-849F-FE934D618AB9}.Release|Any CPU.ActiveCfg = Release|Any CPU
		{8E91A541-9F28-4EDA-849F-FE934D618AB9}.Release|Any CPU.Build.0 = Release|Any CPU
		{E064D11E-8AE2-4740-8B21-0C443EC7AAB6}.Debug|Any CPU.ActiveCfg = Debug|Any CPU
		{E064D11E-8AE2-4740-8B21-0C443EC7AAB6}.Debug|Any CPU.Build.0 = Debug|Any CPU
		{E064D11E-8AE2-4740-8B21-0C443EC7AAB6}.Release|Any CPU.ActiveCfg = Release|Any CPU
		{E064D11E-8AE2-4740-8B21-0C443EC7AAB6}.Release|Any CPU.Build.0 = Release|Any CPU
		{9CD71467-9854-48E1-9C61-487C313FC30E}.Debug|Any CPU.ActiveCfg = Debug|Any CPU
		{9CD71467-9854-48E1-9C61-487C313FC30E}.Debug|Any CPU.Build.0 = Debug|Any CPU
		{9CD71467-9854-48E1-9C61-487C313FC30E}.Release|Any CPU.ActiveCfg = Release|Any CPU
		{9CD71467-9854-48E1-9C61-487C313FC30E}.Release|Any CPU.Build.0 = Release|Any CPU
		{AC954DDF-F61F-4A5A-9819-D28BBB814E12}.Debug|Any CPU.ActiveCfg = Debug|Any CPU
		{AC954DDF-F61F-4A5A-9819-D28BBB814E12}.Debug|Any CPU.Build.0 = Debug|Any CPU
		{AC954DDF-F61F-4A5A-9819-D28BBB814E12}.Release|Any CPU.ActiveCfg = Release|Any CPU
		{AC954DDF-F61F-4A5A-9819-D28BBB814E12}.Release|Any CPU.Build.0 = Release|Any CPU
		{C5F88F9A-B7C1-46E3-A465-629B76DC633C}.Debug|Any CPU.ActiveCfg = Debug|Any CPU
		{C5F88F9A-B7C1-46E3-A465-629B76DC633C}.Debug|Any CPU.Build.0 = Debug|Any CPU
		{C5F88F9A-B7C1-46E3-A465-629B76DC633C}.Release|Any CPU.ActiveCfg = Release|Any CPU
		{C5F88F9A-B7C1-46E3-A465-629B76DC633C}.Release|Any CPU.Build.0 = Release|Any CPU
		{F74CAAEA-4625-4ED2-9750-9566D5661D75}.Debug|Any CPU.ActiveCfg = Debug|Any CPU
		{F74CAAEA-4625-4ED2-9750-9566D5661D75}.Debug|Any CPU.Build.0 = Debug|Any CPU
		{F74CAAEA-4625-4ED2-9750-9566D5661D75}.Release|Any CPU.ActiveCfg = Release|Any CPU
		{F74CAAEA-4625-4ED2-9750-9566D5661D75}.Release|Any CPU.Build.0 = Release|Any CPU
		{19952AEF-5DC3-4422-BAD7-D087D7A133E6}.Debug|Any CPU.ActiveCfg = Debug|Any CPU
		{19952AEF-5DC3-4422-BAD7-D087D7A133E6}.Debug|Any CPU.Build.0 = Debug|Any CPU
		{19952AEF-5DC3-4422-BAD7-D087D7A133E6}.Release|Any CPU.ActiveCfg = Release|Any CPU
		{19952AEF-5DC3-4422-BAD7-D087D7A133E6}.Release|Any CPU.Build.0 = Release|Any CPU
		{889D6C5B-0466-4642-A614-02EBA02ED2B8}.Debug|Any CPU.ActiveCfg = Debug|Any CPU
		{889D6C5B-0466-4642-A614-02EBA02ED2B8}.Debug|Any CPU.Build.0 = Debug|Any CPU
		{889D6C5B-0466-4642-A614-02EBA02ED2B8}.Release|Any CPU.ActiveCfg = Release|Any CPU
		{889D6C5B-0466-4642-A614-02EBA02ED2B8}.Release|Any CPU.Build.0 = Release|Any CPU
		{6C599D52-601A-465C-BB83-96F9A38CA2EF}.Debug|Any CPU.ActiveCfg = Debug|Any CPU
		{6C599D52-601A-465C-BB83-96F9A38CA2EF}.Debug|Any CPU.Build.0 = Debug|Any CPU
		{6C599D52-601A-465C-BB83-96F9A38CA2EF}.Release|Any CPU.ActiveCfg = Release|Any CPU
		{6C599D52-601A-465C-BB83-96F9A38CA2EF}.Release|Any CPU.Build.0 = Release|Any CPU
		{35ADB084-5AC2-4703-AA0B-7FB5EFA7FA4C}.Debug|Any CPU.ActiveCfg = Debug|Any CPU
		{35ADB084-5AC2-4703-AA0B-7FB5EFA7FA4C}.Debug|Any CPU.Build.0 = Debug|Any CPU
		{35ADB084-5AC2-4703-AA0B-7FB5EFA7FA4C}.Release|Any CPU.ActiveCfg = Release|Any CPU
		{35ADB084-5AC2-4703-AA0B-7FB5EFA7FA4C}.Release|Any CPU.Build.0 = Release|Any CPU
		{58CD982C-6915-4C5B-9E69-D33EA132BE5D}.Debug|Any CPU.ActiveCfg = Debug|Any CPU
		{58CD982C-6915-4C5B-9E69-D33EA132BE5D}.Debug|Any CPU.Build.0 = Debug|Any CPU
		{58CD982C-6915-4C5B-9E69-D33EA132BE5D}.Release|Any CPU.ActiveCfg = Release|Any CPU
		{58CD982C-6915-4C5B-9E69-D33EA132BE5D}.Release|Any CPU.Build.0 = Release|Any CPU
	EndGlobalSection
	GlobalSection(SolutionProperties) = preSolution
		HideSolutionNode = FALSE
	EndGlobalSection
	GlobalSection(NestedProjects) = preSolution
		{13018728-2E06-4851-828E-7368ADD87C68} = {987F4358-15C0-4144-A9EE-EB455ABEE89D}
		{A18EF0C6-7DC1-471E-B501-44CE2C1D255C} = {987F4358-15C0-4144-A9EE-EB455ABEE89D}
		{7F4D2735-D1FF-4833-9F43-111338F5C6D9} = {987F4358-15C0-4144-A9EE-EB455ABEE89D}
		{6494BFBE-D937-4349-99AD-31E0C7A5EC28} = {987F4358-15C0-4144-A9EE-EB455ABEE89D}
		{B6D432AE-886C-406F-A42E-BF98511CD8E0} = {987F4358-15C0-4144-A9EE-EB455ABEE89D}
		{AD648F40-FD81-4E9D-A391-A0E1E1043E9E} = {987F4358-15C0-4144-A9EE-EB455ABEE89D}
		{455310F9-AA4C-4462-9D35-FF59EF6088CF} = {987F4358-15C0-4144-A9EE-EB455ABEE89D}
		{C15698F9-F03F-4823-8596-D35A232B9A0E} = {987F4358-15C0-4144-A9EE-EB455ABEE89D}
		{4FA832EA-2A8D-4206-A74A-FDA7A0B376D6} = {987F4358-15C0-4144-A9EE-EB455ABEE89D}
		{F7B25B0B-1D1F-4C7D-9623-256F35938C8C} = {987F4358-15C0-4144-A9EE-EB455ABEE89D}
		{4423986B-FEED-43EB-A81C-90805F2AE628} = {987F4358-15C0-4144-A9EE-EB455ABEE89D}
		{7107C0F1-4771-41F9-9FB0-D8927D654FE9} = {987F4358-15C0-4144-A9EE-EB455ABEE89D}
		{8975DCCD-FB39-406F-9700-EAB6AAB73BC1} = {987F4358-15C0-4144-A9EE-EB455ABEE89D}
		{953F64FB-8329-4068-8170-2E34CF5206A6} = {987F4358-15C0-4144-A9EE-EB455ABEE89D}
		{02FC8A3C-7B1B-4188-8C4E-AD0CED50C32B} = {987F4358-15C0-4144-A9EE-EB455ABEE89D}
		{B222EDB2-5DDC-4662-81B9-95C53FB4D204} = {2D258B94-E533-423A-8CC2-C877BCD9614E}
		{76327B2C-5D68-47A2-9028-37DA7FF1E4BA} = {2D258B94-E533-423A-8CC2-C877BCD9614E}
		{72A1A346-5E3D-4CDA-9481-5B8B9DAD4E25} = {2D258B94-E533-423A-8CC2-C877BCD9614E}
		{C797CB68-DC34-42F4-9DC1-913D04D68515} = {2D258B94-E533-423A-8CC2-C877BCD9614E}
		{E0445B49-546F-4321-89E7-265B53F17235} = {2D258B94-E533-423A-8CC2-C877BCD9614E}
		{152DBF18-153A-4B99-BCBD-EE8BC8291CE3} = {2D258B94-E533-423A-8CC2-C877BCD9614E}
		{B90CEC61-6D13-4DAB-B905-B943CEE7CF53} = {2D258B94-E533-423A-8CC2-C877BCD9614E}
		{CDBBB1D7-A8B7-42AA-A0C9-3EB6E81F2B41} = {2D258B94-E533-423A-8CC2-C877BCD9614E}
		{EF9A7FB9-010F-4903-A500-94F07F8A12DC} = {2D258B94-E533-423A-8CC2-C877BCD9614E}
		{CA8F5D5D-CC81-41E6-BE43-83444E58D438} = {2D258B94-E533-423A-8CC2-C877BCD9614E}
		{E1C69C5D-FCB3-4919-BEBB-25C34EDCAD61} = {2D258B94-E533-423A-8CC2-C877BCD9614E}
		{6D59EDEE-ED83-421F-A189-786BFE670E75} = {2D258B94-E533-423A-8CC2-C877BCD9614E}
		{261B19AF-74A0-46DA-9AB4-81C2C87234D0} = {2D258B94-E533-423A-8CC2-C877BCD9614E}
		{A6866D98-D74F-4FEC-BC38-61C417BB893E} = {2D258B94-E533-423A-8CC2-C877BCD9614E}
		{6EA8DE86-3769-47D6-B159-E0C2A1C8CD12} = {2D258B94-E533-423A-8CC2-C877BCD9614E}
		{663C250D-4115-4C2D-8C22-2C30F706A494} = {2D258B94-E533-423A-8CC2-C877BCD9614E}
		{BAA7C4E9-5E55-442E-BF7F-7672E90045FE} = {2D258B94-E533-423A-8CC2-C877BCD9614E}
		{CA229578-3D8E-43C3-A15F-CA11B8DC6B49} = {2D258B94-E533-423A-8CC2-C877BCD9614E}
		{39199AAA-4348-47B7-AFA5-EA05E86753DD} = {2D258B94-E533-423A-8CC2-C877BCD9614E}
		{BBF83E5D-DE35-4345-BAAF-7F77A81AB310} = {2D258B94-E533-423A-8CC2-C877BCD9614E}
		{9F3AF866-2127-4172-BE25-9B1855103FE7} = {2D258B94-E533-423A-8CC2-C877BCD9614E}
		{94619D27-FA52-4165-BB94-60A8B3960559} = {9BFDD097-BD91-4C05-B5AA-E3EE1BE1C43F}
		{AC66F9CA-5167-4B40-B6A1-72FB76EE089E} = {9BFDD097-BD91-4C05-B5AA-E3EE1BE1C43F}
		{5AB2263F-F51D-48B3-8B42-64BFCA5C647A} = {9BFDD097-BD91-4C05-B5AA-E3EE1BE1C43F}
		{2B2E5A8D-8052-496A-9509-91914C3E35B8} = {9BFDD097-BD91-4C05-B5AA-E3EE1BE1C43F}
		{C0ECD237-C657-479C-B7DD-BC8A436AF536} = {9BFDD097-BD91-4C05-B5AA-E3EE1BE1C43F}
		{E4CA7D20-FBE9-449B-A98A-1D7CAB0C29AC} = {9BFDD097-BD91-4C05-B5AA-E3EE1BE1C43F}
		{98E16A5F-184E-4A54-A064-5CC937A4994E} = {9BFDD097-BD91-4C05-B5AA-E3EE1BE1C43F}
		{C1CCF63C-A38D-40B3-91BA-9FE8B212584C} = {9BFDD097-BD91-4C05-B5AA-E3EE1BE1C43F}
		{9CFE5126-CA21-4E6B-9525-B7E02527F143} = {9BFDD097-BD91-4C05-B5AA-E3EE1BE1C43F}
		{8E91A541-9F28-4EDA-849F-FE934D618AB9} = {9BFDD097-BD91-4C05-B5AA-E3EE1BE1C43F}
		{E064D11E-8AE2-4740-8B21-0C443EC7AAB6} = {9BFDD097-BD91-4C05-B5AA-E3EE1BE1C43F}
		{9CD71467-9854-48E1-9C61-487C313FC30E} = {9BFDD097-BD91-4C05-B5AA-E3EE1BE1C43F}
		{AC954DDF-F61F-4A5A-9819-D28BBB814E12} = {9BFDD097-BD91-4C05-B5AA-E3EE1BE1C43F}
		{C5F88F9A-B7C1-46E3-A465-629B76DC633C} = {9BFDD097-BD91-4C05-B5AA-E3EE1BE1C43F}
		{F74CAAEA-4625-4ED2-9750-9566D5661D75} = {9BFDD097-BD91-4C05-B5AA-E3EE1BE1C43F}
		{19952AEF-5DC3-4422-BAD7-D087D7A133E6} = {9BFDD097-BD91-4C05-B5AA-E3EE1BE1C43F}
		{889D6C5B-0466-4642-A614-02EBA02ED2B8} = {9BFDD097-BD91-4C05-B5AA-E3EE1BE1C43F}
		{6C599D52-601A-465C-BB83-96F9A38CA2EF} = {9BFDD097-BD91-4C05-B5AA-E3EE1BE1C43F}
		{35ADB084-5AC2-4703-AA0B-7FB5EFA7FA4C} = {9BFDD097-BD91-4C05-B5AA-E3EE1BE1C43F}
		{58CD982C-6915-4C5B-9E69-D33EA132BE5D} = {9BFDD097-BD91-4C05-B5AA-E3EE1BE1C43F}
	EndGlobalSection
	GlobalSection(ExtensibilityGlobals) = postSolution
		SolutionGuid = {58C30F8B-E1F3-417F-8BC1-BE9A09CD4106}
	EndGlobalSection
EndGlobal
