
Microsoft Visual Studio Solution File, Format Version 12.00
# Visual Studio 15
VisualStudioVersion = 15.0.26730.15
MinimumVisualStudioVersion = 10.0.40219.1
Project("{FAE04EC0-301F-11D3-BF4B-00C04F79EFBC}") = "01-XX-ByteBank.Agencias", "01-XX-ByteBank.Agencias\01-XX-ByteBank.Agencias.csproj", "{DAF9CB17-718E-4A21-92A2-EA1890E09C09}"
EndProject
Project("{FAE04EC0-301F-11D3-BF4B-00C04F79EFBC}") = "01-XX-ByteBank.Agencias.DAL", "01-XX-ByteBank.Agencias.DAL\01-XX-ByteBank.Agencias.DAL.csproj", "{9B6D9421-2DF4-4A84-8C13-B3DE457FEA2A}"
EndProject
Project("{FAE04EC0-301F-11D3-BF4B-00C04F79EFBC}") = "02-XX-ByteBank.Agencias", "02-XX-ByteBank.Agencias\02-XX-ByteBank.Agencias.csproj", "{44EA1EE1-9FDC-41C7-A73E-7DEEBAA240C6}"
EndProject
Project("{FAE04EC0-301F-11D3-BF4B-00C04F79EFBC}") = "02-XX-ByteBank.Agencias.DAL", "02-XX-ByteBank.Agencias.DAL\02-XX-ByteBank.Agencias.DAL.csproj", "{304C2E67-D698-450D-8BF2-E71E039EC7B7}"
EndProject
Project("{FAE04EC0-301F-11D3-BF4B-00C04F79EFBC}") = "03-XX-ByteBank.Agencias", "03-XX-ByteBank.Agencias\03-XX-ByteBank.Agencias.csproj", "{7EFF894D-5749-4D69-BE9E-50C5DCA7B19C}"
EndProject
Project("{FAE04EC0-301F-11D3-BF4B-00C04F79EFBC}") = "03-XX-ByteBank.Agencias.DAL", "03-XX-ByteBank.Agencias.DAL\03-XX-ByteBank.Agencias.DAL.csproj", "{64E2700A-8399-45A7-A5E3-BD58EEB8CA62}"
EndProject
Global
	GlobalSection(SolutionConfigurationPlatforms) = preSolution
		Debug|Any CPU = Debug|Any CPU
		Release|Any CPU = Release|Any CPU
	EndGlobalSection
	GlobalSection(ProjectConfigurationPlatforms) = postSolution
		{DAF9CB17-718E-4A21-92A2-EA1890E09C09}.Debug|Any CPU.ActiveCfg = Debug|Any CPU
		{DAF9CB17-718E-4A21-92A2-EA1890E09C09}.Debug|Any CPU.Build.0 = Debug|Any CPU
		{DAF9CB17-718E-4A21-92A2-EA1890E09C09}.Release|Any CPU.ActiveCfg = Release|Any CPU
		{DAF9CB17-718E-4A21-92A2-EA1890E09C09}.Release|Any CPU.Build.0 = Release|Any CPU
		{9B6D9421-2DF4-4A84-8C13-B3DE457FEA2A}.Debug|Any CPU.ActiveCfg = Debug|Any CPU
		{9B6D9421-2DF4-4A84-8C13-B3DE457FEA2A}.Debug|Any CPU.Build.0 = Debug|Any CPU
		{9B6D9421-2DF4-4A84-8C13-B3DE457FEA2A}.Release|Any CPU.ActiveCfg = Release|Any CPU
		{9B6D9421-2DF4-4A84-8C13-B3DE457FEA2A}.Release|Any CPU.Build.0 = Release|Any CPU
		{44EA1EE1-9FDC-41C7-A73E-7DEEBAA240C6}.Debug|Any CPU.ActiveCfg = Debug|Any CPU
		{44EA1EE1-9FDC-41C7-A73E-7DEEBAA240C6}.Debug|Any CPU.Build.0 = Debug|Any CPU
		{44EA1EE1-9FDC-41C7-A73E-7DEEBAA240C6}.Release|Any CPU.ActiveCfg = Release|Any CPU
		{44EA1EE1-9FDC-41C7-A73E-7DEEBAA240C6}.Release|Any CPU.Build.0 = Release|Any CPU
		{304C2E67-D698-450D-8BF2-E71E039EC7B7}.Debug|Any CPU.ActiveCfg = Debug|Any CPU
		{304C2E67-D698-450D-8BF2-E71E039EC7B7}.Debug|Any CPU.Build.0 = Debug|Any CPU
		{304C2E67-D698-450D-8BF2-E71E039EC7B7}.Release|Any CPU.ActiveCfg = Release|Any CPU
		{304C2E67-D698-450D-8BF2-E71E039EC7B7}.Release|Any CPU.Build.0 = Release|Any CPU
		{7EFF894D-5749-4D69-BE9E-50C5DCA7B19C}.Debug|Any CPU.ActiveCfg = Debug|Any CPU
		{7EFF894D-5749-4D69-BE9E-50C5DCA7B19C}.Debug|Any CPU.Build.0 = Debug|Any CPU
		{7EFF894D-5749-4D69-BE9E-50C5DCA7B19C}.Release|Any CPU.ActiveCfg = Release|Any CPU
		{7EFF894D-5749-4D69-BE9E-50C5DCA7B19C}.Release|Any CPU.Build.0 = Release|Any CPU
		{64E2700A-8399-45A7-A5E3-BD58EEB8CA62}.Debug|Any CPU.ActiveCfg = Debug|Any CPU
		{64E2700A-8399-45A7-A5E3-BD58EEB8CA62}.Debug|Any CPU.Build.0 = Debug|Any CPU
		{64E2700A-8399-45A7-A5E3-BD58EEB8CA62}.Release|Any CPU.ActiveCfg = Release|Any CPU
		{64E2700A-8399-45A7-A5E3-BD58EEB8CA62}.Release|Any CPU.Build.0 = Release|Any CPU
	EndGlobalSection
	GlobalSection(SolutionProperties) = preSolution
		HideSolutionNode = FALSE
	EndGlobalSection
	GlobalSection(ExtensibilityGlobals) = postSolution
		SolutionGuid = {48120741-7541-4C0D-AD71-CFA5E2C0B63B}
	EndGlobalSection
EndGlobal
