
Microsoft Visual Studio Solution File, Format Version 12.00
# Visual Studio Version 16
VisualStudioVersion = 16.0.30320.27
MinimumVisualStudioVersion = 10.0.40219.1
Project("{FAE04EC0-301F-11D3-BF4B-00C04F79EFBC}") = "01-01-XX-Propriedades-mais-Simples", "01-01-XX-Propriedades-mais-Simples\01-01-XX-Propriedades-mais-Simples.csproj", "{75C8069F-B1E5-41CD-AA4A-7BBC1CCA6C5E}"
EndProject
Project("{FAE04EC0-301F-11D3-BF4B-00C04F79EFBC}") = "01-02-XX-Um-Intelisens-Mais-Inteligente", "01-02-XX-Um-Intelisens-Mais-Inteligente\01-02-XX-Um-Intelisens-Mais-Inteligente.csproj", "{B908FFB7-DA6C-42D9-8E6A-89ABE49DD83C}"
EndProject
Global
	GlobalSection(SolutionConfigurationPlatforms) = preSolution
		Debug|Any CPU = Debug|Any CPU
		Release|Any CPU = Release|Any CPU
	EndGlobalSection
	GlobalSection(ProjectConfigurationPlatforms) = postSolution
		{75C8069F-B1E5-41CD-AA4A-7BBC1CCA6C5E}.Debug|Any CPU.ActiveCfg = Debug|Any CPU
		{75C8069F-B1E5-41CD-AA4A-7BBC1CCA6C5E}.Debug|Any CPU.Build.0 = Debug|Any CPU
		{75C8069F-B1E5-41CD-AA4A-7BBC1CCA6C5E}.Release|Any CPU.ActiveCfg = Release|Any CPU
		{75C8069F-B1E5-41CD-AA4A-7BBC1CCA6C5E}.Release|Any CPU.Build.0 = Release|Any CPU
		{B908FFB7-DA6C-42D9-8E6A-89ABE49DD83C}.Debug|Any CPU.ActiveCfg = Debug|Any CPU
		{B908FFB7-DA6C-42D9-8E6A-89ABE49DD83C}.Debug|Any CPU.Build.0 = Debug|Any CPU
		{B908FFB7-DA6C-42D9-8E6A-89ABE49DD83C}.Release|Any CPU.ActiveCfg = Release|Any CPU
		{B908FFB7-DA6C-42D9-8E6A-89ABE49DD83C}.Release|Any CPU.Build.0 = Release|Any CPU
	EndGlobalSection
	GlobalSection(SolutionProperties) = preSolution
		HideSolutionNode = FALSE
	EndGlobalSection
	GlobalSection(ExtensibilityGlobals) = postSolution
		SolutionGuid = {D5070C9B-3894-4B73-91F8-6E687D86643B}
	EndGlobalSection
EndGlobal
