
Microsoft Visual Studio Solution File, Format Version 12.00
# Visual Studio Version 17
VisualStudioVersion = 17.11.35327.3
MinimumVisualStudioVersion = 10.0.40219.1
Project("{2150E333-8FDC-42A3-9474-1A3956D46DE8}") = "01-Gerenciamento-Memória-Otimização-Performance", "01-Gerenciamento-Memória-Otimização-Performance", "{111195CC-BC3B-4575-87A9-B1974EDDE9EA}"
EndProject
Project("{9A19103F-16F7-4668-BE54-9A1E7A4F7556}") = "01-XX-Entendendo-Referencias", "01-Gerenciamento-Memória-Otimização-Performance\01-XX-Entendendo-Referencias\01-XX-Entendendo-Referencias.csproj", "{F38D5F31-B1FA-48EF-839C-415BFE61A797}"
EndProject
Project("{9A19103F-16F7-4668-BE54-9A1E7A4F7556}") = "02-XX-Lists-LinkedLists", "01-Gerenciamento-Memória-Otimização-Performance\02-XX-Lists-LinkedLists\02-XX-Lists-LinkedLists.csproj", "{B5A7329D-E063-4268-BD4D-275AC4571318}"
EndProject
Project("{9A19103F-16F7-4668-BE54-9A1E7A4F7556}") = "03-XX-Conhecendo-Structs", "01-Gerenciamento-Memória-Otimização-Performance\03-XX-Conhecendo-Structs\03-XX-Conhecendo-Structs.csproj", "{D0061F2E-05F8-4587-A525-A53D3FDF63D5}"
EndProject
Project("{9A19103F-16F7-4668-BE54-9A1E7A4F7556}") = "04-XX-Conhecendo-Records", "01-Gerenciamento-Memória-Otimização-Performance\04-XX-Conhecendo-Records\04-XX-Conhecendo-Records.csproj", "{609307D2-F8FC-4C04-BA9A-731F690903AE}"
EndProject
Project("{9A19103F-16F7-4668-BE54-9A1E7A4F7556}") = "05-XX-Conhecendo-Record-Structs", "01-Gerenciamento-Memória-Otimização-Performance\05-XX-Conhecendo-Record-Structs\05-XX-Conhecendo-Record-Structs.csproj", "{1FE73A7D-C0F6-4AF6-9AFB-347B2536C499}"
EndProject
Project("{2150E333-8FDC-42A3-9474-1A3956D46DE8}") = "02-Manipule-Dinamicamente-Tipos-Assemblies", "02-Manipule-Dinamicamente-Tipos-Assemblies", "{AB96E9A8-380F-4C4B-A685-D2BD7810F7A2}"
EndProject
Project("{9A19103F-16F7-4668-BE54-9A1E7A4F7556}") = "01-XX-Preenchendo-Objetos-Dinamicamente.Common", "02-Manipule-Dinamicamente-Tipos-Assemblies\01-XX-Preenchendo-Objetos-Dinamicamente.Common\01-XX-Preenchendo-Objetos-Dinamicamente.Common.csproj", "{87A99031-0AC6-4054-B8B8-64004B700F98}"
EndProject
Project("{9A19103F-16F7-4668-BE54-9A1E7A4F7556}") = "01-XX-Preenchendo-Objetos-Dinamicamente.ConsoleApp", "02-Manipule-Dinamicamente-Tipos-Assemblies\01-XX-Preenchendo-Objetos-Dinamicamente.ConsoleApp\01-XX-Preenchendo-Objetos-Dinamicamente.ConsoleApp.csproj", "{C56F134A-D387-4447-A245-C61C9F7793F5}"
EndProject
Project("{9A19103F-16F7-4668-BE54-9A1E7A4F7556}") = "02-XX-Lendo-Objetos-Dinamicamente.Common", "02-Manipule-Dinamicamente-Tipos-Assemblies\02-XX-Lendo-Objetos-Dinamicamente.Common\02-XX-Lendo-Objetos-Dinamicamente.Common.csproj", "{D05DF18C-83EE-4043-82E7-F06342224291}"
EndProject
Project("{9A19103F-16F7-4668-BE54-9A1E7A4F7556}") = "02-XX-Lendo-Objetos-Dinamicamente.ConsoleApp", "02-Manipule-Dinamicamente-Tipos-Assemblies\02-XX-Lendo-Objetos-Dinamicamente.ConsoleApp\02-XX-Lendo-Objetos-Dinamicamente.ConsoleApp.csproj", "{8F1B5BD4-719A-4C67-8EA4-F38157CA3CDE}"
EndProject
Project("{9A19103F-16F7-4668-BE54-9A1E7A4F7556}") = "03-XX-Construtores-Metodos.ConsoleApp", "02-Manipule-Dinamicamente-Tipos-Assemblies\03-XX-Construtores-Metodos.ConsoleApp\03-XX-Construtores-Metodos.ConsoleApp.csproj", "{AA97EB19-DD03-463D-9D4C-3F4B282114EC}"
EndProject
Project("{9A19103F-16F7-4668-BE54-9A1E7A4F7556}") = "03-XX-Construtores-Metodos.Common", "02-Manipule-Dinamicamente-Tipos-Assemblies\03-XX-Construtores-Metodos.Common\03-XX-Construtores-Metodos.Common.csproj", "{B041178B-63FA-40A5-AF18-28F4323147B7}"
EndProject
Project("{9A19103F-16F7-4668-BE54-9A1E7A4F7556}") = "04-XX-Investigando-Assemblies.Common", "02-Manipule-Dinamicamente-Tipos-Assemblies\04-XX-Investigando-Assemblies.Common\04-XX-Investigando-Assemblies.Common.csproj", "{3B676CC7-5899-46DD-968D-1AB72FC6F684}"
EndProject
Project("{9A19103F-16F7-4668-BE54-9A1E7A4F7556}") = "04-XX-Investigando-Assemblies.ConsoleApp", "02-Manipule-Dinamicamente-Tipos-Assemblies\04-XX-Investigando-Assemblies.ConsoleApp\04-XX-Investigando-Assemblies.ConsoleApp.csproj", "{D3F7C7DB-CC95-4338-BF8C-2803A0E8C485}"
EndProject
Project("{9A19103F-16F7-4668-BE54-9A1E7A4F7556}") = "05-XX-Arquitetura-Plugins.ABC.Plugins", "02-Manipule-Dinamicamente-Tipos-Assemblies\05-XX-Arquitetura-Plugins.ABC.Plugins\05-XX-Arquitetura-Plugins.ABC.Plugins.csproj", "{A905583F-04EB-4A08-8EAE-8E032ED836AA}"
EndProject
Project("{9A19103F-16F7-4668-BE54-9A1E7A4F7556}") = "05-XX-Arquitetura-Plugins.Common", "02-Manipule-Dinamicamente-Tipos-Assemblies\05-XX-Arquitetura-Plugins.Common\05-XX-Arquitetura-Plugins.Common.csproj", "{20D94D19-26DD-4C87-B50E-A3EB50875ED8}"
EndProject
Project("{9A19103F-16F7-4668-BE54-9A1E7A4F7556}") = "05-XX-Arquitetura-Plugins.ConsoleApp", "02-Manipule-Dinamicamente-Tipos-Assemblies\05-XX-Arquitetura-Plugins.ConsoleApp\05-XX-Arquitetura-Plugins.ConsoleApp.csproj", "{093B3406-1246-4B0F-87BC-00F9518DC6A0}"
EndProject
Project("{9A19103F-16F7-4668-BE54-9A1E7A4F7556}") = "05-XX-Arquitetura-Plugins.XYZ.Plugins", "02-Manipule-Dinamicamente-Tipos-Assemblies\05-XX-Arquitetura-Plugins.XYZ.Plugins\05-XX-Arquitetura-Plugins.XYZ.Plugins.csproj", "{BF67FA2B-D44F-460D-883A-AD8C75CD41BF}"
EndProject
Project("{2150E333-8FDC-42A3-9474-1A3956D46DE8}") = "03-Construa-Aplicacoes-Resilientes", "03-Construa-Aplicacoes-Resilientes", "{7B1865B6-484E-4526-93FB-397A23664651}"
EndProject
Project("{9A19103F-16F7-4668-BE54-9A1E7A4F7556}") = "01-XX-Conhecendo-Excecoes", "03-Construa-Aplicacoes-Resilientes\01-XX-Conhecendo-Excecoes\01-XX-Conhecendo-Excecoes.csproj", "{5AA8B015-EFCF-49DD-9153-90D5238A3A41}"
EndProject
Project("{9A19103F-16F7-4668-BE54-9A1E7A4F7556}") = "00-XX-Pilha-Execucao", "03-Construa-Aplicacoes-Resilientes\00-XX-Pilha-Execucao\00-XX-Pilha-Execucao.csproj", "{A542EF44-27AE-4EC7-9250-E26B5CE50BA3}"
EndProject
Project("{9A19103F-16F7-4668-BE54-9A1E7A4F7556}") = "02-XX-Excecoes-ADOPET-API", "03-Construa-Aplicacoes-Resilientes\02-XX-Excecoes-ADOPET-API\02-XX-Excecoes-ADOPET-API.csproj", "{5806B835-DDF3-4F9D-971C-2988FF46BC23}"
EndProject
Project("{9A19103F-16F7-4668-BE54-9A1E7A4F7556}") = "03-XX-Lançando-Excecoes", "03-Construa-Aplicacoes-Resilientes\03-XX-Lançando-Excecoes\03-XX-Lançando-Excecoes.csproj", "{CD41EB61-52A8-4730-A5EF-2FACC029F0FD}"
EndProject
Project("{9A19103F-16F7-4668-BE54-9A1E7A4F7556}") = "04-XX-Hierarquia-Excecoes", "03-Construa-Aplicacoes-Resilientes\04-XX-Hierarquia-Excecoes\04-XX-Hierarquia-Excecoes.csproj", "{37DBB5F4-FBF3-4201-90AA-671AF735FAA7}"
EndProject
Project("{9A19103F-16F7-4668-BE54-9A1E7A4F7556}") = "05-XX-Boas-Praticas", "03-Construa-Aplicacoes-Resilientes\05-XX-Boas-Praticas\05-XX-Boas-Praticas.csproj", "{F96B7B20-3225-44F6-80AB-317E791C7734}"
EndProject
Project("{2150E333-8FDC-42A3-9474-1A3956D46DE8}") = "04-Programacao-Assincrona", "04-Programacao-Assincrona", "{09AAEAD4-BABC-4BE4-BED6-2BA3089C2403}"
EndProject
Project("{2150E333-8FDC-42A3-9474-1A3956D46DE8}") = "01-Threads", "01-Threads", "{6D6F010C-67ED-4BC1-A21D-6FEC354779AD}"
EndProject
Project("{2150E333-8FDC-42A3-9474-1A3956D46DE8}") = "02-Tasks", "02-Tasks", "{6D4A49CA-2162-4EEB-B176-2B21417C555E}"
EndProject
Project("{2150E333-8FDC-42A3-9474-1A3956D46DE8}") = "03-Async-Await", "03-Async-Await", "{8481BDE3-27E0-4331-97B0-E2F9B673A4C6}"
EndProject
Project("{2150E333-8FDC-42A3-9474-1A3956D46DE8}") = "04-Consumindo-API", "04-Consumindo-API", "{3A2ADFF1-E252-4B36-B8EF-66DE43436272}"
EndProject
Project("{2150E333-8FDC-42A3-9474-1A3956D46DE8}") = "05-Boas-praticas-refatoracoes", "05-Boas-praticas-refatoracoes", "{967E88A3-836F-478B-ACD3-5F0803C56A69}"
EndProject
Project("{FAE04EC0-301F-11D3-BF4B-00C04F79EFBC}") = "03-Codigo-sincrono", "04-Programacao-Assincrona\01-Threads\03-Codigo-sincrono\03-Codigo-sincrono.csproj", "{9F72769B-944C-438B-BD9F-2454848566A3}"
EndProject
Project("{FAE04EC0-301F-11D3-BF4B-00C04F79EFBC}") = "04-Criando-Thread", "04-Programacao-Assincrona\01-Threads\04-Criando-Thread\04-Criando-Thread.csproj", "{E7DE0961-72CE-498E-BA17-F6D05755DC3D}"
EndProject
Project("{FAE04EC0-301F-11D3-BF4B-00C04F79EFBC}") = "06-Multiplas-Threads", "04-Programacao-Assincrona\01-Threads\06-Multiplas-Threads\06-Multiplas-Threads.csproj", "{B93D98B0-C15A-4B82-A99A-50FC78B6403A}"
EndProject
Project("{FAE04EC0-301F-11D3-BF4B-00C04F79EFBC}") = "02-Definindo-Task", "04-Programacao-Assincrona\02-Tasks\02-Definindo-Task\02-Definindo-Task.csproj", "{62F9B6E5-2F4D-44F3-957A-45BB99EBCBA4}"
EndProject
Project("{FAE04EC0-301F-11D3-BF4B-00C04F79EFBC}") = "03-Tasks-retornam-valor", "04-Programacao-Assincrona\02-Tasks\03-Tasks-retornam-valor\03-Tasks-retornam-valor.csproj", "{ADAB8C2F-4580-42D1-AF3F-D4CC6DDB7BFB}"
EndProject
Project("{FAE04EC0-301F-11D3-BF4B-00C04F79EFBC}") = "06-Tratando-excecoes", "04-Programacao-Assincrona\02-Tasks\06-Tratando-excecoes\06-Tratando-excecoes.csproj", "{7A317463-EC87-4E28-BA94-39BC59509125}"
EndProject
Project("{FAE04EC0-301F-11D3-BF4B-00C04F79EFBC}") = "02-Async-Await", "04-Programacao-Assincrona\03-Async-Await\02-Async-Await\02-Async-Await.csproj", "{2B2B612A-5582-4941-B233-DA6C42C12192}"
EndProject
Project("{FAE04EC0-301F-11D3-BF4B-00C04F79EFBC}") = "03-Async-void", "04-Programacao-Assincrona\03-Async-Await\03-Async-void\03-Async-void.csproj", "{9173CD0A-6D8E-4CBA-B7B2-9971D470E027}"
EndProject
Project("{FAE04EC0-301F-11D3-BF4B-00C04F79EFBC}") = "05-Cancelando-tarefa", "04-Programacao-Assincrona\03-Async-Await\05-Cancelando-tarefa\05-Cancelando-tarefa.csproj", "{403D756A-FB90-4432-AAAA-677729AE2940}"
EndProject
Project("{FAE04EC0-301F-11D3-BF4B-00C04F79EFBC}") = "07-Sincronizando-tarefas", "04-Programacao-Assincrona\03-Async-Await\07-Sincronizando-tarefas\07-Sincronizando-tarefas.csproj", "{D1C82F09-3AB7-4F42-9B33-2EF1C94F01F4}"
EndProject
Project("{FAE04EC0-301F-11D3-BF4B-00C04F79EFBC}") = "09-Mao-massa", "04-Programacao-Assincrona\03-Async-Await\09-Mao-massa\09-Mao-massa.csproj", "{67FBE51F-5724-49D7-ADD9-DDBA7A5B69CA}"
EndProject
Project("{FAE04EC0-301F-11D3-BF4B-00C04F79EFBC}") = "03-Acessando-APIs.API", "04-Programacao-Assincrona\04-Consumindo-API\03-Acessando-APIs.API\03-Acessando-APIs.API.csproj", "{636A0A91-1184-443E-8C11-3C6593CF7BB3}"
EndProject
Project("{FAE04EC0-301F-11D3-BF4B-00C04F79EFBC}") = "03-Acessando-APIs.Console", "04-Programacao-Assincrona\04-Consumindo-API\03-Acessando-APIs.Console\03-Acessando-APIs.Console.csproj", "{0C00057C-8D4F-4734-B1F9-3EBDCA148D94}"
EndProject
Project("{FAE04EC0-301F-11D3-BF4B-00C04F79EFBC}") = "04-Consumo-API.API", "04-Programacao-Assincrona\04-Consumindo-API\04-Consumo-API.API\04-Consumo-API.API.csproj", "{61D70A08-1EBB-476E-8394-04D0DD6E479C}"
EndProject
Project("{FAE04EC0-301F-11D3-BF4B-00C04F79EFBC}") = "04-Consumo-API.Console", "04-Programacao-Assincrona\04-Consumindo-API\04-Consumo-API.Console\04-Consumo-API.Console.csproj", "{7C264A4B-200C-4D37-8322-61CB115ECF82}"
EndProject
Project("{FAE04EC0-301F-11D3-BF4B-00C04F79EFBC}") = "07-Consumindo-API.API", "04-Programacao-Assincrona\04-Consumindo-API\07-Consumindo-API.API\07-Consumindo-API.API.csproj", "{7597A699-C68D-4AF1-AFB0-292DEE5A141E}"
EndProject
Project("{FAE04EC0-301F-11D3-BF4B-00C04F79EFBC}") = "07-Consumindo-API.Console", "04-Programacao-Assincrona\04-Consumindo-API\07-Consumindo-API.Console\07-Consumindo-API.Console.csproj", "{56603F84-3BC9-400E-9EB4-86C2551DDD4E}"
EndProject
Project("{FAE04EC0-301F-11D3-BF4B-00C04F79EFBC}") = "09-Async-Aplicacoes-Web.API", "04-Programacao-Assincrona\04-Consumindo-API\09-Async-Aplicacoes-Web.API\09-Async-Aplicacoes-Web.API.csproj", "{F75A0388-DFCA-4A61-B2C8-3541900B0126}"
EndProject
Project("{FAE04EC0-301F-11D3-BF4B-00C04F79EFBC}") = "09-Async-Aplicacoes-Web.Console", "04-Programacao-Assincrona\04-Consumindo-API\09-Async-Aplicacoes-Web.Console\09-Async-Aplicacoes-Web.Console.csproj", "{FAFA3AE4-F895-4C12-A476-228B9E20E44B}"
EndProject
Project("{FAE04EC0-301F-11D3-BF4B-00C04F79EFBC}") = "02-Conselhos-informacoes.API", "04-Programacao-Assincrona\05-Boas-praticas-refatoracoes\02-Conselhos-informacoes.API\02-Conselhos-informacoes.API.csproj", "{775FB76C-C0CF-4BA7-B6B8-27CD831E9653}"
EndProject
Project("{FAE04EC0-301F-11D3-BF4B-00C04F79EFBC}") = "02-Conselhos-informacoes.Console", "04-Programacao-Assincrona\05-Boas-praticas-refatoracoes\02-Conselhos-informacoes.Console\02-Conselhos-informacoes.Console.csproj", "{6EBF2B94-5771-43C7-A3E0-E342F02F87D1}"
EndProject
Project("{FAE04EC0-301F-11D3-BF4B-00C04F79EFBC}") = "04-CancellationToken.API", "04-Programacao-Assincrona\05-Boas-praticas-refatoracoes\04-CancellationToken.API\04-CancellationToken.API.csproj", "{CFEABFBB-A619-4E87-991A-4B1CC5AB6B71}"
EndProject
Project("{FAE04EC0-301F-11D3-BF4B-00C04F79EFBC}") = "04-CancellationToken.Console", "04-Programacao-Assincrona\05-Boas-praticas-refatoracoes\04-CancellationToken.Console\04-CancellationToken.Console.csproj", "{E4A9F8A1-FCCA-41DA-8D89-A15DC1CF7162}"
EndProject
Project("{FAE04EC0-301F-11D3-BF4B-00C04F79EFBC}") = "07-Simulando-cancelamento.API", "04-Programacao-Assincrona\05-Boas-praticas-refatoracoes\07-Simulando-cancelamento.API\07-Simulando-cancelamento.API.csproj", "{1CEA2B6E-F5BE-43C0-A1D0-7B5B64037736}"
EndProject
Project("{FAE04EC0-301F-11D3-BF4B-00C04F79EFBC}") = "07-Simulando-cancelamento.Console", "04-Programacao-Assincrona\05-Boas-praticas-refatoracoes\07-Simulando-cancelamento.Console\07-Simulando-cancelamento.Console.csproj", "{1E3546DD-548D-49AF-B277-655E0C9C222F}"
EndProject
Project("{2150E333-8FDC-42A3-9474-1A3956D46DE8}") = "05-Eventos-Delegates-Lambdas", "05-Eventos-Delegates-Lambdas", "{AFFCD0AB-5933-444A-BAB8-81F7ECDF1192}"
EndProject
Project("{2150E333-8FDC-42A3-9474-1A3956D46DE8}") = "01-Delegates", "01-Delegates", "{D55C358B-FCE4-4134-B082-99F6A8F6BB19}"
EndProject
Project("{FAE04EC0-301F-11D3-BF4B-00C04F79EFBC}") = "03-Criando-Usando-Delegates.Console", "05-Eventos-Delegates-Lambdas\01-Delegates\03-Criando-Usando-Delegates.Console\03-Criando-Usando-Delegates.Console.csproj", "{F143B10E-9DBA-418C-8E7F-06E5B3977B5C}"
EndProject
Project("{FAE04EC0-301F-11D3-BF4B-00C04F79EFBC}") = "04-Delegates-Metodos-Anonimos.Console", "05-Eventos-Delegates-Lambdas\01-Delegates\04-Delegates-Metodos-Anonimos.Console\04-Delegates-Metodos-Anonimos.Console.csproj", "{60BACA72-9CC0-419B-80A3-500FAD65C019}"
EndProject
Project("{FAE04EC0-301F-11D3-BF4B-00C04F79EFBC}") = "05-Delegates-Multicast.Console", "05-Eventos-Delegates-Lambdas\01-Delegates\05-Delegates-Multicast.Console\05-Delegates-Multicast.Console.csproj", "{6C11B6EE-510D-4881-8317-33AC2CB0ADB5}"
EndProject
Project("{2150E333-8FDC-42A3-9474-1A3956D46DE8}") = "02-Introducao-Eventos", "02-Introducao-Eventos", "{FED25A3E-93C2-4EDA-9E9F-8846E872B159}"
EndProject
Project("{FAE04EC0-301F-11D3-BF4B-00C04F79EFBC}") = "02-Criando-Invocando-Eventos.Console", "05-Eventos-Delegates-Lambdas\02-Introducao-Eventos\02-Criando-Invocando-Eventos.Console\02-Criando-Invocando-Eventos.Console.csproj", "{F87AA16E-3F04-47EC-889C-86A54EA52E62}"
EndProject
Project("{FAE04EC0-301F-11D3-BF4B-00C04F79EFBC}") = "03-Eventos-Interface.Console", "05-Eventos-Delegates-Lambdas\02-Introducao-Eventos\03-Eventos-Interface.Console\03-Eventos-Interface.Console.csproj", "{A7411183-AC91-4F6E-95A4-BC6FB07BF9F3}"
EndProject
Project("{FAE04EC0-301F-11D3-BF4B-00C04F79EFBC}") = "04-Eventos-Personalizados.Console", "05-Eventos-Delegates-Lambdas\02-Introducao-Eventos\04-Eventos-Personalizados.Console\04-Eventos-Personalizados.Console.csproj", "{D461D050-03D8-4B16-B40C-B382DBA810D3}"
EndProject
Project("{2150E333-8FDC-42A3-9474-1A3956D46DE8}") = "03-Eventos-formularios-controles", "03-Eventos-formularios-controles", "{B7A64518-29FC-44E5-B058-59D51EEB24D4}"
EndProject
Project("{FAE04EC0-301F-11D3-BF4B-00C04F79EFBC}") = "02-Eventos-Windows-Forms", "05-Eventos-Delegates-Lambdas\03-Eventos-formularios-controles\02-Eventos-Windows-Forms\02-Eventos-Windows-Forms.csproj", "{0D1F13A8-8F2E-46ED-8A99-3A8EE66F6E78}"
EndProject
Project("{FAE04EC0-301F-11D3-BF4B-00C04F79EFBC}") = "02-Eventos-Windows-Forms.CaixaEletronico", "05-Eventos-Delegates-Lambdas\03-Eventos-formularios-controles\02-Eventos-Windows-Forms.CaixaEletronico\02-Eventos-Windows-Forms.CaixaEletronico.csproj", "{AA457519-498C-4FB4-9270-A5280101718F}"
EndProject
Project("{FAE04EC0-301F-11D3-BF4B-00C04F79EFBC}") = "03-Eventos-formulario", "05-Eventos-Delegates-Lambdas\03-Eventos-formularios-controles\03-Eventos-formulario\03-Eventos-formulario.csproj", "{BCB307D1-5E43-4D48-BE96-71DAFAB1DB4C}"
EndProject
Project("{FAE04EC0-301F-11D3-BF4B-00C04F79EFBC}") = "03-Eventos-formulario.CaixaEletronico", "05-Eventos-Delegates-Lambdas\03-Eventos-formularios-controles\03-Eventos-formulario.CaixaEletronico\03-Eventos-formulario.CaixaEletronico.csproj", "{BEB64892-1B72-4970-972E-6F8E5844A235}"
EndProject
Project("{FAE04EC0-301F-11D3-BF4B-00C04F79EFBC}") = "04-Eventos-caixa-eletronico", "05-Eventos-Delegates-Lambdas\03-Eventos-formularios-controles\04-Eventos-caixa-eletronico\04-Eventos-caixa-eletronico.csproj", "{5EA7A385-97ED-41D1-9FC7-E4ED76C3B52B}"
EndProject
Project("{2150E333-8FDC-42A3-9474-1A3956D46DE8}") = "04-Introducao-Lambdas", "04-Introducao-Lambdas", "{ACABFBD4-5178-41AC-B44D-7971D3155E0E}"
EndProject
Project("{FAE04EC0-301F-11D3-BF4B-00C04F79EFBC}") = "02-Comparando-lambda-delegates", "05-Eventos-Delegates-Lambdas\04-Introducao-Lambdas\02-Comparando-lambda-delegates\02-Comparando-lambda-delegates.csproj", "{FB9D6750-C148-4609-8D08-053B9EE8EB86}"
EndProject
Project("{FAE04EC0-301F-11D3-BF4B-00C04F79EFBC}") = "03-Lambdas-expressao-instrucao", "05-Eventos-Delegates-Lambdas\04-Introducao-Lambdas\03-Lambdas-expressao-instrucao\03-Lambdas-expressao-instrucao.csproj", "{056C98FD-EB2F-463C-9862-EF7F619A7EA0}"
EndProject
Project("{FAE04EC0-301F-11D3-BF4B-00C04F79EFBC}") = "04-Action-Func", "05-Eventos-Delegates-Lambdas\04-Introducao-Lambdas\04-Action-Func\04-Action-Func.csproj", "{FE28288C-892A-4D6D-98F2-97E24EDCBDBC}"
EndProject
Project("{2150E333-8FDC-42A3-9474-1A3956D46DE8}") = "05-Lambdas-assincronos-LINQ", "05-Lambdas-assincronos-LINQ", "{CAC1C89D-D504-4413-9813-4E6B0472EFE8}"
EndProject
Project("{FAE04EC0-301F-11D3-BF4B-00C04F79EFBC}") = "02-Lambdas-assincronos.CaixaEletronico", "05-Eventos-Delegates-Lambdas\05-Lambdas-assincronos-LINQ\02-Lambdas-assincronos.CaixaEletronico\02-Lambdas-assincronos.CaixaEletronico.csproj", "{ECE8FE05-BFAF-4A39-A640-9243017B450C}"
EndProject
Project("{FAE04EC0-301F-11D3-BF4B-00C04F79EFBC}") = "02-Lambdas-assincronos.WebApi", "05-Eventos-Delegates-Lambdas\05-Lambdas-assincronos-LINQ\02-Lambdas-assincronos.WebApi\02-Lambdas-assincronos.WebApi.csproj", "{222C5549-E8E6-473D-8DA2-64A034322B9B}"
EndProject
Project("{FAE04EC0-301F-11D3-BF4B-00C04F79EFBC}") = "03-LINQ-sintaxe-consulta.CaixaEletronico", "05-Eventos-Delegates-Lambdas\05-Lambdas-assincronos-LINQ\03-LINQ-sintaxe-consulta.CaixaEletronico\03-LINQ-sintaxe-consulta.CaixaEletronico.csproj", "{C7F5939E-EBBE-4589-AE97-3AC15CA05390}"
EndProject
Project("{FAE04EC0-301F-11D3-BF4B-00C04F79EFBC}") = "03-LINQ-sintaxe-consulta.WebApi", "05-Eventos-Delegates-Lambdas\05-Lambdas-assincronos-LINQ\03-LINQ-sintaxe-consulta.WebApi\03-LINQ-sintaxe-consulta.WebApi.csproj", "{767E7D65-5579-44ED-AF5F-41B0A33CBC28}"
EndProject
Project("{FAE04EC0-301F-11D3-BF4B-00C04F79EFBC}") = "04-LINQ-sintaxe-metodo.CaixaEletronico", "05-Eventos-Delegates-Lambdas\05-Lambdas-assincronos-LINQ\04-LINQ-sintaxe-metodo.CaixaEletronico\04-LINQ-sintaxe-metodo.CaixaEletronico.csproj", "{285144D8-3FAB-40D9-BB75-2D4E3BF0F54E}"
EndProject
Project("{FAE04EC0-301F-11D3-BF4B-00C04F79EFBC}") = "04-LINQ-sintaxe-metodo.WebApi", "05-Eventos-Delegates-Lambdas\05-Lambdas-assincronos-LINQ\04-LINQ-sintaxe-metodo.WebApi\04-LINQ-sintaxe-metodo.WebApi.csproj", "{BC03DCAC-A7B0-4A85-BC7B-824307C78E17}"
EndProject
Project("{2150E333-8FDC-42A3-9474-1A3956D46DE8}") = "06-LINQ-Explorando-Consulta", "06-LINQ-Explorando-Consulta", "{02EA681E-C7D8-13C7-8484-4AC65E1B71E8}"
EndProject
Project("{2150E333-8FDC-42A3-9474-1A3956D46DE8}") = "01-Sintaxes-LINQ", "01-Sintaxes-LINQ", "{675D5D13-E375-4EB9-B977-E0824F718893}"
EndProject
Project("{FAE04EC0-301F-11D3-BF4B-00C04F79EFBC}") = "01-Sintaxes-LINQ", "06-LINQ-Explorando-Consulta\01-Sintaxes-LINQ\01-Sintaxes-LINQ.csproj", "{C34FB9A6-1579-EB2B-09E4-AB72EFDF41B0}"
EndProject
Project("{2150E333-8FDC-42A3-9474-1A3956D46DE8}") = "02-Projecoes-transformacoes", "02-Projecoes-transformacoes", "{96969311-A032-418F-8829-48B3C1E82C08}"
EndProject
Project("{FAE04EC0-301F-11D3-BF4B-00C04F79EFBC}") = "02-Projecoes-transformacoes", "06-LINQ-Explorando-Consulta\02-Projecoes-transformacoes\02-Projecoes-transformacoes.csproj", "{5A939A74-6D6E-3CE6-BA8C-E7E116266006}"
EndProject
Project("{2150E333-8FDC-42A3-9474-1A3956D46DE8}") = "03-Operacoes-conjuntos", "03-Operacoes-conjuntos", "{1611EB7E-B4DB-492E-8410-0583A5DB2F68}"
EndProject
Project("{FAE04EC0-301F-11D3-BF4B-00C04F79EFBC}") = "03-Operacoes-conjuntos", "06-LINQ-Explorando-Consulta\03-Operacoes-conjuntos\03-Operacoes-conjuntos.csproj", "{E51399D7-D134-C6D3-3178-A070A820CF90}"
EndProject
Project("{2150E333-8FDC-42A3-9474-1A3956D46DE8}") = "04-Operadores-agregacao-agrupamento", "04-Operadores-agregacao-agrupamento", "{11C48EED-A288-4322-9776-5AC696465EB2}"
EndProject
Project("{FAE04EC0-301F-11D3-BF4B-00C04F79EFBC}") = "04-Operadores-agregacao-agrupamento", "06-LINQ-Explorando-Consulta\04-Operadores-agregacao-agrupamento\04-Operadores-agregacao-agrupamento.csproj", "{398BE09C-3E14-F0ED-8C4B-8287734FA59D}"
EndProject
Project("{2150E333-8FDC-42A3-9474-1A3956D46DE8}") = "05-Trabalhando-consultas-Entity", "05-Trabalhando-consultas-Entity", "{4FFF36D3-8FEA-4CB1-BABD-C65B309110D6}"
EndProject
Project("{FAE04EC0-301F-11D3-BF4B-00C04F79EFBC}") = "05-Trabalhando-consultas-Entity", "06-LINQ-Explorando-Consulta\05-Trabalhando-consultas-Entity\05-Trabalhando-consultas-Entity.csproj", "{8A087E7B-7607-9B6A-AEF1-FDD20DDE62BB}"
EndProject
Global
	GlobalSection(SolutionConfigurationPlatforms) = preSolution
		Debug|Any CPU = Debug|Any CPU
		Release|Any CPU = Release|Any CPU
	EndGlobalSection
	GlobalSection(ProjectConfigurationPlatforms) = postSolution
		{F38D5F31-B1FA-48EF-839C-415BFE61A797}.Debug|Any CPU.ActiveCfg = Debug|Any CPU
		{F38D5F31-B1FA-48EF-839C-415BFE61A797}.Debug|Any CPU.Build.0 = Debug|Any CPU
		{F38D5F31-B1FA-48EF-839C-415BFE61A797}.Release|Any CPU.ActiveCfg = Release|Any CPU
		{F38D5F31-B1FA-48EF-839C-415BFE61A797}.Release|Any CPU.Build.0 = Release|Any CPU
		{B5A7329D-E063-4268-BD4D-275AC4571318}.Debug|Any CPU.ActiveCfg = Debug|Any CPU
		{B5A7329D-E063-4268-BD4D-275AC4571318}.Debug|Any CPU.Build.0 = Debug|Any CPU
		{B5A7329D-E063-4268-BD4D-275AC4571318}.Release|Any CPU.ActiveCfg = Release|Any CPU
		{B5A7329D-E063-4268-BD4D-275AC4571318}.Release|Any CPU.Build.0 = Release|Any CPU
		{D0061F2E-05F8-4587-A525-A53D3FDF63D5}.Debug|Any CPU.ActiveCfg = Debug|Any CPU
		{D0061F2E-05F8-4587-A525-A53D3FDF63D5}.Debug|Any CPU.Build.0 = Debug|Any CPU
		{D0061F2E-05F8-4587-A525-A53D3FDF63D5}.Release|Any CPU.ActiveCfg = Release|Any CPU
		{D0061F2E-05F8-4587-A525-A53D3FDF63D5}.Release|Any CPU.Build.0 = Release|Any CPU
		{609307D2-F8FC-4C04-BA9A-731F690903AE}.Debug|Any CPU.ActiveCfg = Debug|Any CPU
		{609307D2-F8FC-4C04-BA9A-731F690903AE}.Debug|Any CPU.Build.0 = Debug|Any CPU
		{609307D2-F8FC-4C04-BA9A-731F690903AE}.Release|Any CPU.ActiveCfg = Release|Any CPU
		{609307D2-F8FC-4C04-BA9A-731F690903AE}.Release|Any CPU.Build.0 = Release|Any CPU
		{1FE73A7D-C0F6-4AF6-9AFB-347B2536C499}.Debug|Any CPU.ActiveCfg = Debug|Any CPU
		{1FE73A7D-C0F6-4AF6-9AFB-347B2536C499}.Debug|Any CPU.Build.0 = Debug|Any CPU
		{1FE73A7D-C0F6-4AF6-9AFB-347B2536C499}.Release|Any CPU.ActiveCfg = Release|Any CPU
		{1FE73A7D-C0F6-4AF6-9AFB-347B2536C499}.Release|Any CPU.Build.0 = Release|Any CPU
		{87A99031-0AC6-4054-B8B8-64004B700F98}.Debug|Any CPU.ActiveCfg = Debug|Any CPU
		{87A99031-0AC6-4054-B8B8-64004B700F98}.Debug|Any CPU.Build.0 = Debug|Any CPU
		{87A99031-0AC6-4054-B8B8-64004B700F98}.Release|Any CPU.ActiveCfg = Release|Any CPU
		{87A99031-0AC6-4054-B8B8-64004B700F98}.Release|Any CPU.Build.0 = Release|Any CPU
		{C56F134A-D387-4447-A245-C61C9F7793F5}.Debug|Any CPU.ActiveCfg = Debug|Any CPU
		{C56F134A-D387-4447-A245-C61C9F7793F5}.Debug|Any CPU.Build.0 = Debug|Any CPU
		{C56F134A-D387-4447-A245-C61C9F7793F5}.Release|Any CPU.ActiveCfg = Release|Any CPU
		{C56F134A-D387-4447-A245-C61C9F7793F5}.Release|Any CPU.Build.0 = Release|Any CPU
		{D05DF18C-83EE-4043-82E7-F06342224291}.Debug|Any CPU.ActiveCfg = Debug|Any CPU
		{D05DF18C-83EE-4043-82E7-F06342224291}.Debug|Any CPU.Build.0 = Debug|Any CPU
		{D05DF18C-83EE-4043-82E7-F06342224291}.Release|Any CPU.ActiveCfg = Release|Any CPU
		{D05DF18C-83EE-4043-82E7-F06342224291}.Release|Any CPU.Build.0 = Release|Any CPU
		{8F1B5BD4-719A-4C67-8EA4-F38157CA3CDE}.Debug|Any CPU.ActiveCfg = Debug|Any CPU
		{8F1B5BD4-719A-4C67-8EA4-F38157CA3CDE}.Debug|Any CPU.Build.0 = Debug|Any CPU
		{8F1B5BD4-719A-4C67-8EA4-F38157CA3CDE}.Release|Any CPU.ActiveCfg = Release|Any CPU
		{8F1B5BD4-719A-4C67-8EA4-F38157CA3CDE}.Release|Any CPU.Build.0 = Release|Any CPU
		{AA97EB19-DD03-463D-9D4C-3F4B282114EC}.Debug|Any CPU.ActiveCfg = Debug|Any CPU
		{AA97EB19-DD03-463D-9D4C-3F4B282114EC}.Debug|Any CPU.Build.0 = Debug|Any CPU
		{AA97EB19-DD03-463D-9D4C-3F4B282114EC}.Release|Any CPU.ActiveCfg = Release|Any CPU
		{AA97EB19-DD03-463D-9D4C-3F4B282114EC}.Release|Any CPU.Build.0 = Release|Any CPU
		{B041178B-63FA-40A5-AF18-28F4323147B7}.Debug|Any CPU.ActiveCfg = Debug|Any CPU
		{B041178B-63FA-40A5-AF18-28F4323147B7}.Debug|Any CPU.Build.0 = Debug|Any CPU
		{B041178B-63FA-40A5-AF18-28F4323147B7}.Release|Any CPU.ActiveCfg = Release|Any CPU
		{B041178B-63FA-40A5-AF18-28F4323147B7}.Release|Any CPU.Build.0 = Release|Any CPU
		{3B676CC7-5899-46DD-968D-1AB72FC6F684}.Debug|Any CPU.ActiveCfg = Debug|Any CPU
		{3B676CC7-5899-46DD-968D-1AB72FC6F684}.Debug|Any CPU.Build.0 = Debug|Any CPU
		{3B676CC7-5899-46DD-968D-1AB72FC6F684}.Release|Any CPU.ActiveCfg = Release|Any CPU
		{3B676CC7-5899-46DD-968D-1AB72FC6F684}.Release|Any CPU.Build.0 = Release|Any CPU
		{D3F7C7DB-CC95-4338-BF8C-2803A0E8C485}.Debug|Any CPU.ActiveCfg = Debug|Any CPU
		{D3F7C7DB-CC95-4338-BF8C-2803A0E8C485}.Debug|Any CPU.Build.0 = Debug|Any CPU
		{D3F7C7DB-CC95-4338-BF8C-2803A0E8C485}.Release|Any CPU.ActiveCfg = Release|Any CPU
		{D3F7C7DB-CC95-4338-BF8C-2803A0E8C485}.Release|Any CPU.Build.0 = Release|Any CPU
		{A905583F-04EB-4A08-8EAE-8E032ED836AA}.Debug|Any CPU.ActiveCfg = Debug|Any CPU
		{A905583F-04EB-4A08-8EAE-8E032ED836AA}.Debug|Any CPU.Build.0 = Debug|Any CPU
		{A905583F-04EB-4A08-8EAE-8E032ED836AA}.Release|Any CPU.ActiveCfg = Release|Any CPU
		{A905583F-04EB-4A08-8EAE-8E032ED836AA}.Release|Any CPU.Build.0 = Release|Any CPU
		{20D94D19-26DD-4C87-B50E-A3EB50875ED8}.Debug|Any CPU.ActiveCfg = Debug|Any CPU
		{20D94D19-26DD-4C87-B50E-A3EB50875ED8}.Debug|Any CPU.Build.0 = Debug|Any CPU
		{20D94D19-26DD-4C87-B50E-A3EB50875ED8}.Release|Any CPU.ActiveCfg = Release|Any CPU
		{20D94D19-26DD-4C87-B50E-A3EB50875ED8}.Release|Any CPU.Build.0 = Release|Any CPU
		{093B3406-1246-4B0F-87BC-00F9518DC6A0}.Debug|Any CPU.ActiveCfg = Debug|Any CPU
		{093B3406-1246-4B0F-87BC-00F9518DC6A0}.Debug|Any CPU.Build.0 = Debug|Any CPU
		{093B3406-1246-4B0F-87BC-00F9518DC6A0}.Release|Any CPU.ActiveCfg = Release|Any CPU
		{093B3406-1246-4B0F-87BC-00F9518DC6A0}.Release|Any CPU.Build.0 = Release|Any CPU
		{BF67FA2B-D44F-460D-883A-AD8C75CD41BF}.Debug|Any CPU.ActiveCfg = Debug|Any CPU
		{BF67FA2B-D44F-460D-883A-AD8C75CD41BF}.Debug|Any CPU.Build.0 = Debug|Any CPU
		{BF67FA2B-D44F-460D-883A-AD8C75CD41BF}.Release|Any CPU.ActiveCfg = Release|Any CPU
		{BF67FA2B-D44F-460D-883A-AD8C75CD41BF}.Release|Any CPU.Build.0 = Release|Any CPU
		{5AA8B015-EFCF-49DD-9153-90D5238A3A41}.Debug|Any CPU.ActiveCfg = Debug|Any CPU
		{5AA8B015-EFCF-49DD-9153-90D5238A3A41}.Debug|Any CPU.Build.0 = Debug|Any CPU
		{5AA8B015-EFCF-49DD-9153-90D5238A3A41}.Release|Any CPU.ActiveCfg = Release|Any CPU
		{5AA8B015-EFCF-49DD-9153-90D5238A3A41}.Release|Any CPU.Build.0 = Release|Any CPU
		{A542EF44-27AE-4EC7-9250-E26B5CE50BA3}.Debug|Any CPU.ActiveCfg = Debug|Any CPU
		{A542EF44-27AE-4EC7-9250-E26B5CE50BA3}.Debug|Any CPU.Build.0 = Debug|Any CPU
		{A542EF44-27AE-4EC7-9250-E26B5CE50BA3}.Release|Any CPU.ActiveCfg = Release|Any CPU
		{A542EF44-27AE-4EC7-9250-E26B5CE50BA3}.Release|Any CPU.Build.0 = Release|Any CPU
		{5806B835-DDF3-4F9D-971C-2988FF46BC23}.Debug|Any CPU.ActiveCfg = Debug|Any CPU
		{5806B835-DDF3-4F9D-971C-2988FF46BC23}.Debug|Any CPU.Build.0 = Debug|Any CPU
		{5806B835-DDF3-4F9D-971C-2988FF46BC23}.Release|Any CPU.ActiveCfg = Release|Any CPU
		{5806B835-DDF3-4F9D-971C-2988FF46BC23}.Release|Any CPU.Build.0 = Release|Any CPU
		{CD41EB61-52A8-4730-A5EF-2FACC029F0FD}.Debug|Any CPU.ActiveCfg = Debug|Any CPU
		{CD41EB61-52A8-4730-A5EF-2FACC029F0FD}.Debug|Any CPU.Build.0 = Debug|Any CPU
		{CD41EB61-52A8-4730-A5EF-2FACC029F0FD}.Release|Any CPU.ActiveCfg = Release|Any CPU
		{CD41EB61-52A8-4730-A5EF-2FACC029F0FD}.Release|Any CPU.Build.0 = Release|Any CPU
		{37DBB5F4-FBF3-4201-90AA-671AF735FAA7}.Debug|Any CPU.ActiveCfg = Debug|Any CPU
		{37DBB5F4-FBF3-4201-90AA-671AF735FAA7}.Debug|Any CPU.Build.0 = Debug|Any CPU
		{37DBB5F4-FBF3-4201-90AA-671AF735FAA7}.Release|Any CPU.ActiveCfg = Release|Any CPU
		{37DBB5F4-FBF3-4201-90AA-671AF735FAA7}.Release|Any CPU.Build.0 = Release|Any CPU
		{F96B7B20-3225-44F6-80AB-317E791C7734}.Debug|Any CPU.ActiveCfg = Debug|Any CPU
		{F96B7B20-3225-44F6-80AB-317E791C7734}.Debug|Any CPU.Build.0 = Debug|Any CPU
		{F96B7B20-3225-44F6-80AB-317E791C7734}.Release|Any CPU.ActiveCfg = Release|Any CPU
		{F96B7B20-3225-44F6-80AB-317E791C7734}.Release|Any CPU.Build.0 = Release|Any CPU
		{9F72769B-944C-438B-BD9F-2454848566A3}.Debug|Any CPU.ActiveCfg = Debug|Any CPU
		{9F72769B-944C-438B-BD9F-2454848566A3}.Debug|Any CPU.Build.0 = Debug|Any CPU
		{9F72769B-944C-438B-BD9F-2454848566A3}.Release|Any CPU.ActiveCfg = Release|Any CPU
		{9F72769B-944C-438B-BD9F-2454848566A3}.Release|Any CPU.Build.0 = Release|Any CPU
		{E7DE0961-72CE-498E-BA17-F6D05755DC3D}.Debug|Any CPU.ActiveCfg = Debug|Any CPU
		{E7DE0961-72CE-498E-BA17-F6D05755DC3D}.Debug|Any CPU.Build.0 = Debug|Any CPU
		{E7DE0961-72CE-498E-BA17-F6D05755DC3D}.Release|Any CPU.ActiveCfg = Release|Any CPU
		{E7DE0961-72CE-498E-BA17-F6D05755DC3D}.Release|Any CPU.Build.0 = Release|Any CPU
		{B93D98B0-C15A-4B82-A99A-50FC78B6403A}.Debug|Any CPU.ActiveCfg = Debug|Any CPU
		{B93D98B0-C15A-4B82-A99A-50FC78B6403A}.Debug|Any CPU.Build.0 = Debug|Any CPU
		{B93D98B0-C15A-4B82-A99A-50FC78B6403A}.Release|Any CPU.ActiveCfg = Release|Any CPU
		{B93D98B0-C15A-4B82-A99A-50FC78B6403A}.Release|Any CPU.Build.0 = Release|Any CPU
		{62F9B6E5-2F4D-44F3-957A-45BB99EBCBA4}.Debug|Any CPU.ActiveCfg = Debug|Any CPU
		{62F9B6E5-2F4D-44F3-957A-45BB99EBCBA4}.Debug|Any CPU.Build.0 = Debug|Any CPU
		{62F9B6E5-2F4D-44F3-957A-45BB99EBCBA4}.Release|Any CPU.ActiveCfg = Release|Any CPU
		{62F9B6E5-2F4D-44F3-957A-45BB99EBCBA4}.Release|Any CPU.Build.0 = Release|Any CPU
		{ADAB8C2F-4580-42D1-AF3F-D4CC6DDB7BFB}.Debug|Any CPU.ActiveCfg = Debug|Any CPU
		{ADAB8C2F-4580-42D1-AF3F-D4CC6DDB7BFB}.Debug|Any CPU.Build.0 = Debug|Any CPU
		{ADAB8C2F-4580-42D1-AF3F-D4CC6DDB7BFB}.Release|Any CPU.ActiveCfg = Release|Any CPU
		{ADAB8C2F-4580-42D1-AF3F-D4CC6DDB7BFB}.Release|Any CPU.Build.0 = Release|Any CPU
		{7A317463-EC87-4E28-BA94-39BC59509125}.Debug|Any CPU.ActiveCfg = Debug|Any CPU
		{7A317463-EC87-4E28-BA94-39BC59509125}.Debug|Any CPU.Build.0 = Debug|Any CPU
		{7A317463-EC87-4E28-BA94-39BC59509125}.Release|Any CPU.ActiveCfg = Release|Any CPU
		{7A317463-EC87-4E28-BA94-39BC59509125}.Release|Any CPU.Build.0 = Release|Any CPU
		{2B2B612A-5582-4941-B233-DA6C42C12192}.Debug|Any CPU.ActiveCfg = Debug|Any CPU
		{2B2B612A-5582-4941-B233-DA6C42C12192}.Debug|Any CPU.Build.0 = Debug|Any CPU
		{2B2B612A-5582-4941-B233-DA6C42C12192}.Release|Any CPU.ActiveCfg = Release|Any CPU
		{2B2B612A-5582-4941-B233-DA6C42C12192}.Release|Any CPU.Build.0 = Release|Any CPU
		{9173CD0A-6D8E-4CBA-B7B2-9971D470E027}.Debug|Any CPU.ActiveCfg = Debug|Any CPU
		{9173CD0A-6D8E-4CBA-B7B2-9971D470E027}.Debug|Any CPU.Build.0 = Debug|Any CPU
		{9173CD0A-6D8E-4CBA-B7B2-9971D470E027}.Release|Any CPU.ActiveCfg = Release|Any CPU
		{9173CD0A-6D8E-4CBA-B7B2-9971D470E027}.Release|Any CPU.Build.0 = Release|Any CPU
		{403D756A-FB90-4432-AAAA-677729AE2940}.Debug|Any CPU.ActiveCfg = Debug|Any CPU
		{403D756A-FB90-4432-AAAA-677729AE2940}.Debug|Any CPU.Build.0 = Debug|Any CPU
		{403D756A-FB90-4432-AAAA-677729AE2940}.Release|Any CPU.ActiveCfg = Release|Any CPU
		{403D756A-FB90-4432-AAAA-677729AE2940}.Release|Any CPU.Build.0 = Release|Any CPU
		{D1C82F09-3AB7-4F42-9B33-2EF1C94F01F4}.Debug|Any CPU.ActiveCfg = Debug|Any CPU
		{D1C82F09-3AB7-4F42-9B33-2EF1C94F01F4}.Debug|Any CPU.Build.0 = Debug|Any CPU
		{D1C82F09-3AB7-4F42-9B33-2EF1C94F01F4}.Release|Any CPU.ActiveCfg = Release|Any CPU
		{D1C82F09-3AB7-4F42-9B33-2EF1C94F01F4}.Release|Any CPU.Build.0 = Release|Any CPU
		{67FBE51F-5724-49D7-ADD9-DDBA7A5B69CA}.Debug|Any CPU.ActiveCfg = Debug|Any CPU
		{67FBE51F-5724-49D7-ADD9-DDBA7A5B69CA}.Debug|Any CPU.Build.0 = Debug|Any CPU
		{67FBE51F-5724-49D7-ADD9-DDBA7A5B69CA}.Release|Any CPU.ActiveCfg = Release|Any CPU
		{67FBE51F-5724-49D7-ADD9-DDBA7A5B69CA}.Release|Any CPU.Build.0 = Release|Any CPU
		{636A0A91-1184-443E-8C11-3C6593CF7BB3}.Debug|Any CPU.ActiveCfg = Debug|Any CPU
		{636A0A91-1184-443E-8C11-3C6593CF7BB3}.Debug|Any CPU.Build.0 = Debug|Any CPU
		{636A0A91-1184-443E-8C11-3C6593CF7BB3}.Release|Any CPU.ActiveCfg = Release|Any CPU
		{636A0A91-1184-443E-8C11-3C6593CF7BB3}.Release|Any CPU.Build.0 = Release|Any CPU
		{0C00057C-8D4F-4734-B1F9-3EBDCA148D94}.Debug|Any CPU.ActiveCfg = Debug|Any CPU
		{0C00057C-8D4F-4734-B1F9-3EBDCA148D94}.Debug|Any CPU.Build.0 = Debug|Any CPU
		{0C00057C-8D4F-4734-B1F9-3EBDCA148D94}.Release|Any CPU.ActiveCfg = Release|Any CPU
		{0C00057C-8D4F-4734-B1F9-3EBDCA148D94}.Release|Any CPU.Build.0 = Release|Any CPU
		{61D70A08-1EBB-476E-8394-04D0DD6E479C}.Debug|Any CPU.ActiveCfg = Debug|Any CPU
		{61D70A08-1EBB-476E-8394-04D0DD6E479C}.Debug|Any CPU.Build.0 = Debug|Any CPU
		{61D70A08-1EBB-476E-8394-04D0DD6E479C}.Release|Any CPU.ActiveCfg = Release|Any CPU
		{61D70A08-1EBB-476E-8394-04D0DD6E479C}.Release|Any CPU.Build.0 = Release|Any CPU
		{7C264A4B-200C-4D37-8322-61CB115ECF82}.Debug|Any CPU.ActiveCfg = Debug|Any CPU
		{7C264A4B-200C-4D37-8322-61CB115ECF82}.Debug|Any CPU.Build.0 = Debug|Any CPU
		{7C264A4B-200C-4D37-8322-61CB115ECF82}.Release|Any CPU.ActiveCfg = Release|Any CPU
		{7C264A4B-200C-4D37-8322-61CB115ECF82}.Release|Any CPU.Build.0 = Release|Any CPU
		{7597A699-C68D-4AF1-AFB0-292DEE5A141E}.Debug|Any CPU.ActiveCfg = Debug|Any CPU
		{7597A699-C68D-4AF1-AFB0-292DEE5A141E}.Debug|Any CPU.Build.0 = Debug|Any CPU
		{7597A699-C68D-4AF1-AFB0-292DEE5A141E}.Release|Any CPU.ActiveCfg = Release|Any CPU
		{7597A699-C68D-4AF1-AFB0-292DEE5A141E}.Release|Any CPU.Build.0 = Release|Any CPU
		{56603F84-3BC9-400E-9EB4-86C2551DDD4E}.Debug|Any CPU.ActiveCfg = Debug|Any CPU
		{56603F84-3BC9-400E-9EB4-86C2551DDD4E}.Debug|Any CPU.Build.0 = Debug|Any CPU
		{56603F84-3BC9-400E-9EB4-86C2551DDD4E}.Release|Any CPU.ActiveCfg = Release|Any CPU
		{56603F84-3BC9-400E-9EB4-86C2551DDD4E}.Release|Any CPU.Build.0 = Release|Any CPU
		{F75A0388-DFCA-4A61-B2C8-3541900B0126}.Debug|Any CPU.ActiveCfg = Debug|Any CPU
		{F75A0388-DFCA-4A61-B2C8-3541900B0126}.Debug|Any CPU.Build.0 = Debug|Any CPU
		{F75A0388-DFCA-4A61-B2C8-3541900B0126}.Release|Any CPU.ActiveCfg = Release|Any CPU
		{F75A0388-DFCA-4A61-B2C8-3541900B0126}.Release|Any CPU.Build.0 = Release|Any CPU
		{FAFA3AE4-F895-4C12-A476-228B9E20E44B}.Debug|Any CPU.ActiveCfg = Debug|Any CPU
		{FAFA3AE4-F895-4C12-A476-228B9E20E44B}.Debug|Any CPU.Build.0 = Debug|Any CPU
		{FAFA3AE4-F895-4C12-A476-228B9E20E44B}.Release|Any CPU.ActiveCfg = Release|Any CPU
		{FAFA3AE4-F895-4C12-A476-228B9E20E44B}.Release|Any CPU.Build.0 = Release|Any CPU
		{775FB76C-C0CF-4BA7-B6B8-27CD831E9653}.Debug|Any CPU.ActiveCfg = Debug|Any CPU
		{775FB76C-C0CF-4BA7-B6B8-27CD831E9653}.Debug|Any CPU.Build.0 = Debug|Any CPU
		{775FB76C-C0CF-4BA7-B6B8-27CD831E9653}.Release|Any CPU.ActiveCfg = Release|Any CPU
		{775FB76C-C0CF-4BA7-B6B8-27CD831E9653}.Release|Any CPU.Build.0 = Release|Any CPU
		{6EBF2B94-5771-43C7-A3E0-E342F02F87D1}.Debug|Any CPU.ActiveCfg = Debug|Any CPU
		{6EBF2B94-5771-43C7-A3E0-E342F02F87D1}.Debug|Any CPU.Build.0 = Debug|Any CPU
		{6EBF2B94-5771-43C7-A3E0-E342F02F87D1}.Release|Any CPU.ActiveCfg = Release|Any CPU
		{6EBF2B94-5771-43C7-A3E0-E342F02F87D1}.Release|Any CPU.Build.0 = Release|Any CPU
		{CFEABFBB-A619-4E87-991A-4B1CC5AB6B71}.Debug|Any CPU.ActiveCfg = Debug|Any CPU
		{CFEABFBB-A619-4E87-991A-4B1CC5AB6B71}.Debug|Any CPU.Build.0 = Debug|Any CPU
		{CFEABFBB-A619-4E87-991A-4B1CC5AB6B71}.Release|Any CPU.ActiveCfg = Release|Any CPU
		{CFEABFBB-A619-4E87-991A-4B1CC5AB6B71}.Release|Any CPU.Build.0 = Release|Any CPU
		{E4A9F8A1-FCCA-41DA-8D89-A15DC1CF7162}.Debug|Any CPU.ActiveCfg = Debug|Any CPU
		{E4A9F8A1-FCCA-41DA-8D89-A15DC1CF7162}.Debug|Any CPU.Build.0 = Debug|Any CPU
		{E4A9F8A1-FCCA-41DA-8D89-A15DC1CF7162}.Release|Any CPU.ActiveCfg = Release|Any CPU
		{E4A9F8A1-FCCA-41DA-8D89-A15DC1CF7162}.Release|Any CPU.Build.0 = Release|Any CPU
		{1CEA2B6E-F5BE-43C0-A1D0-7B5B64037736}.Debug|Any CPU.ActiveCfg = Debug|Any CPU
		{1CEA2B6E-F5BE-43C0-A1D0-7B5B64037736}.Debug|Any CPU.Build.0 = Debug|Any CPU
		{1CEA2B6E-F5BE-43C0-A1D0-7B5B64037736}.Release|Any CPU.ActiveCfg = Release|Any CPU
		{1CEA2B6E-F5BE-43C0-A1D0-7B5B64037736}.Release|Any CPU.Build.0 = Release|Any CPU
		{1E3546DD-548D-49AF-B277-655E0C9C222F}.Debug|Any CPU.ActiveCfg = Debug|Any CPU
		{1E3546DD-548D-49AF-B277-655E0C9C222F}.Debug|Any CPU.Build.0 = Debug|Any CPU
		{1E3546DD-548D-49AF-B277-655E0C9C222F}.Release|Any CPU.ActiveCfg = Release|Any CPU
		{1E3546DD-548D-49AF-B277-655E0C9C222F}.Release|Any CPU.Build.0 = Release|Any CPU
		{F143B10E-9DBA-418C-8E7F-06E5B3977B5C}.Debug|Any CPU.ActiveCfg = Debug|Any CPU
		{F143B10E-9DBA-418C-8E7F-06E5B3977B5C}.Debug|Any CPU.Build.0 = Debug|Any CPU
		{F143B10E-9DBA-418C-8E7F-06E5B3977B5C}.Release|Any CPU.ActiveCfg = Release|Any CPU
		{F143B10E-9DBA-418C-8E7F-06E5B3977B5C}.Release|Any CPU.Build.0 = Release|Any CPU
		{60BACA72-9CC0-419B-80A3-500FAD65C019}.Debug|Any CPU.ActiveCfg = Debug|Any CPU
		{60BACA72-9CC0-419B-80A3-500FAD65C019}.Debug|Any CPU.Build.0 = Debug|Any CPU
		{60BACA72-9CC0-419B-80A3-500FAD65C019}.Release|Any CPU.ActiveCfg = Release|Any CPU
		{60BACA72-9CC0-419B-80A3-500FAD65C019}.Release|Any CPU.Build.0 = Release|Any CPU
		{6C11B6EE-510D-4881-8317-33AC2CB0ADB5}.Debug|Any CPU.ActiveCfg = Debug|Any CPU
		{6C11B6EE-510D-4881-8317-33AC2CB0ADB5}.Debug|Any CPU.Build.0 = Debug|Any CPU
		{6C11B6EE-510D-4881-8317-33AC2CB0ADB5}.Release|Any CPU.ActiveCfg = Release|Any CPU
		{6C11B6EE-510D-4881-8317-33AC2CB0ADB5}.Release|Any CPU.Build.0 = Release|Any CPU
		{F87AA16E-3F04-47EC-889C-86A54EA52E62}.Debug|Any CPU.ActiveCfg = Debug|Any CPU
		{F87AA16E-3F04-47EC-889C-86A54EA52E62}.Debug|Any CPU.Build.0 = Debug|Any CPU
		{F87AA16E-3F04-47EC-889C-86A54EA52E62}.Release|Any CPU.ActiveCfg = Release|Any CPU
		{F87AA16E-3F04-47EC-889C-86A54EA52E62}.Release|Any CPU.Build.0 = Release|Any CPU
		{A7411183-AC91-4F6E-95A4-BC6FB07BF9F3}.Debug|Any CPU.ActiveCfg = Debug|Any CPU
		{A7411183-AC91-4F6E-95A4-BC6FB07BF9F3}.Debug|Any CPU.Build.0 = Debug|Any CPU
		{A7411183-AC91-4F6E-95A4-BC6FB07BF9F3}.Release|Any CPU.ActiveCfg = Release|Any CPU
		{A7411183-AC91-4F6E-95A4-BC6FB07BF9F3}.Release|Any CPU.Build.0 = Release|Any CPU
		{D461D050-03D8-4B16-B40C-B382DBA810D3}.Debug|Any CPU.ActiveCfg = Debug|Any CPU
		{D461D050-03D8-4B16-B40C-B382DBA810D3}.Debug|Any CPU.Build.0 = Debug|Any CPU
		{D461D050-03D8-4B16-B40C-B382DBA810D3}.Release|Any CPU.ActiveCfg = Release|Any CPU
		{D461D050-03D8-4B16-B40C-B382DBA810D3}.Release|Any CPU.Build.0 = Release|Any CPU
		{0D1F13A8-8F2E-46ED-8A99-3A8EE66F6E78}.Debug|Any CPU.ActiveCfg = Debug|Any CPU
		{0D1F13A8-8F2E-46ED-8A99-3A8EE66F6E78}.Debug|Any CPU.Build.0 = Debug|Any CPU
		{0D1F13A8-8F2E-46ED-8A99-3A8EE66F6E78}.Release|Any CPU.ActiveCfg = Release|Any CPU
		{0D1F13A8-8F2E-46ED-8A99-3A8EE66F6E78}.Release|Any CPU.Build.0 = Release|Any CPU
		{AA457519-498C-4FB4-9270-A5280101718F}.Debug|Any CPU.ActiveCfg = Debug|Any CPU
		{AA457519-498C-4FB4-9270-A5280101718F}.Debug|Any CPU.Build.0 = Debug|Any CPU
		{AA457519-498C-4FB4-9270-A5280101718F}.Release|Any CPU.ActiveCfg = Release|Any CPU
		{AA457519-498C-4FB4-9270-A5280101718F}.Release|Any CPU.Build.0 = Release|Any CPU
		{BCB307D1-5E43-4D48-BE96-71DAFAB1DB4C}.Debug|Any CPU.ActiveCfg = Debug|Any CPU
		{BCB307D1-5E43-4D48-BE96-71DAFAB1DB4C}.Debug|Any CPU.Build.0 = Debug|Any CPU
		{BCB307D1-5E43-4D48-BE96-71DAFAB1DB4C}.Release|Any CPU.ActiveCfg = Release|Any CPU
		{BCB307D1-5E43-4D48-BE96-71DAFAB1DB4C}.Release|Any CPU.Build.0 = Release|Any CPU
		{BEB64892-1B72-4970-972E-6F8E5844A235}.Debug|Any CPU.ActiveCfg = Debug|Any CPU
		{BEB64892-1B72-4970-972E-6F8E5844A235}.Debug|Any CPU.Build.0 = Debug|Any CPU
		{BEB64892-1B72-4970-972E-6F8E5844A235}.Release|Any CPU.ActiveCfg = Release|Any CPU
		{BEB64892-1B72-4970-972E-6F8E5844A235}.Release|Any CPU.Build.0 = Release|Any CPU
		{5EA7A385-97ED-41D1-9FC7-E4ED76C3B52B}.Debug|Any CPU.ActiveCfg = Debug|Any CPU
		{5EA7A385-97ED-41D1-9FC7-E4ED76C3B52B}.Debug|Any CPU.Build.0 = Debug|Any CPU
		{5EA7A385-97ED-41D1-9FC7-E4ED76C3B52B}.Release|Any CPU.ActiveCfg = Release|Any CPU
		{5EA7A385-97ED-41D1-9FC7-E4ED76C3B52B}.Release|Any CPU.Build.0 = Release|Any CPU
		{FB9D6750-C148-4609-8D08-053B9EE8EB86}.Debug|Any CPU.ActiveCfg = Debug|Any CPU
		{FB9D6750-C148-4609-8D08-053B9EE8EB86}.Debug|Any CPU.Build.0 = Debug|Any CPU
		{FB9D6750-C148-4609-8D08-053B9EE8EB86}.Release|Any CPU.ActiveCfg = Release|Any CPU
		{FB9D6750-C148-4609-8D08-053B9EE8EB86}.Release|Any CPU.Build.0 = Release|Any CPU
		{056C98FD-EB2F-463C-9862-EF7F619A7EA0}.Debug|Any CPU.ActiveCfg = Debug|Any CPU
		{056C98FD-EB2F-463C-9862-EF7F619A7EA0}.Debug|Any CPU.Build.0 = Debug|Any CPU
		{056C98FD-EB2F-463C-9862-EF7F619A7EA0}.Release|Any CPU.ActiveCfg = Release|Any CPU
		{056C98FD-EB2F-463C-9862-EF7F619A7EA0}.Release|Any CPU.Build.0 = Release|Any CPU
		{FE28288C-892A-4D6D-98F2-97E24EDCBDBC}.Debug|Any CPU.ActiveCfg = Debug|Any CPU
		{FE28288C-892A-4D6D-98F2-97E24EDCBDBC}.Debug|Any CPU.Build.0 = Debug|Any CPU
		{FE28288C-892A-4D6D-98F2-97E24EDCBDBC}.Release|Any CPU.ActiveCfg = Release|Any CPU
		{FE28288C-892A-4D6D-98F2-97E24EDCBDBC}.Release|Any CPU.Build.0 = Release|Any CPU
		{ECE8FE05-BFAF-4A39-A640-9243017B450C}.Debug|Any CPU.ActiveCfg = Debug|Any CPU
		{ECE8FE05-BFAF-4A39-A640-9243017B450C}.Debug|Any CPU.Build.0 = Debug|Any CPU
		{ECE8FE05-BFAF-4A39-A640-9243017B450C}.Release|Any CPU.ActiveCfg = Release|Any CPU
		{ECE8FE05-BFAF-4A39-A640-9243017B450C}.Release|Any CPU.Build.0 = Release|Any CPU
		{222C5549-E8E6-473D-8DA2-64A034322B9B}.Debug|Any CPU.ActiveCfg = Debug|Any CPU
		{222C5549-E8E6-473D-8DA2-64A034322B9B}.Debug|Any CPU.Build.0 = Debug|Any CPU
		{222C5549-E8E6-473D-8DA2-64A034322B9B}.Release|Any CPU.ActiveCfg = Release|Any CPU
		{222C5549-E8E6-473D-8DA2-64A034322B9B}.Release|Any CPU.Build.0 = Release|Any CPU
		{C7F5939E-EBBE-4589-AE97-3AC15CA05390}.Debug|Any CPU.ActiveCfg = Debug|Any CPU
		{C7F5939E-EBBE-4589-AE97-3AC15CA05390}.Debug|Any CPU.Build.0 = Debug|Any CPU
		{C7F5939E-EBBE-4589-AE97-3AC15CA05390}.Release|Any CPU.ActiveCfg = Release|Any CPU
		{C7F5939E-EBBE-4589-AE97-3AC15CA05390}.Release|Any CPU.Build.0 = Release|Any CPU
		{767E7D65-5579-44ED-AF5F-41B0A33CBC28}.Debug|Any CPU.ActiveCfg = Debug|Any CPU
		{767E7D65-5579-44ED-AF5F-41B0A33CBC28}.Debug|Any CPU.Build.0 = Debug|Any CPU
		{767E7D65-5579-44ED-AF5F-41B0A33CBC28}.Release|Any CPU.ActiveCfg = Release|Any CPU
		{767E7D65-5579-44ED-AF5F-41B0A33CBC28}.Release|Any CPU.Build.0 = Release|Any CPU
		{285144D8-3FAB-40D9-BB75-2D4E3BF0F54E}.Debug|Any CPU.ActiveCfg = Debug|Any CPU
		{285144D8-3FAB-40D9-BB75-2D4E3BF0F54E}.Debug|Any CPU.Build.0 = Debug|Any CPU
		{285144D8-3FAB-40D9-BB75-2D4E3BF0F54E}.Release|Any CPU.ActiveCfg = Release|Any CPU
		{285144D8-3FAB-40D9-BB75-2D4E3BF0F54E}.Release|Any CPU.Build.0 = Release|Any CPU
		{BC03DCAC-A7B0-4A85-BC7B-824307C78E17}.Debug|Any CPU.ActiveCfg = Debug|Any CPU
		{BC03DCAC-A7B0-4A85-BC7B-824307C78E17}.Debug|Any CPU.Build.0 = Debug|Any CPU
		{BC03DCAC-A7B0-4A85-BC7B-824307C78E17}.Release|Any CPU.ActiveCfg = Release|Any CPU
		{BC03DCAC-A7B0-4A85-BC7B-824307C78E17}.Release|Any CPU.Build.0 = Release|Any CPU
		{C34FB9A6-1579-EB2B-09E4-AB72EFDF41B0}.Debug|Any CPU.ActiveCfg = Debug|Any CPU
		{C34FB9A6-1579-EB2B-09E4-AB72EFDF41B0}.Debug|Any CPU.Build.0 = Debug|Any CPU
		{C34FB9A6-1579-EB2B-09E4-AB72EFDF41B0}.Release|Any CPU.ActiveCfg = Release|Any CPU
		{C34FB9A6-1579-EB2B-09E4-AB72EFDF41B0}.Release|Any CPU.Build.0 = Release|Any CPU
		{5A939A74-6D6E-3CE6-BA8C-E7E116266006}.Debug|Any CPU.ActiveCfg = Debug|Any CPU
		{5A939A74-6D6E-3CE6-BA8C-E7E116266006}.Debug|Any CPU.Build.0 = Debug|Any CPU
		{5A939A74-6D6E-3CE6-BA8C-E7E116266006}.Release|Any CPU.ActiveCfg = Release|Any CPU
		{5A939A74-6D6E-3CE6-BA8C-E7E116266006}.Release|Any CPU.Build.0 = Release|Any CPU
		{E51399D7-D134-C6D3-3178-A070A820CF90}.Debug|Any CPU.ActiveCfg = Debug|Any CPU
		{E51399D7-D134-C6D3-3178-A070A820CF90}.Debug|Any CPU.Build.0 = Debug|Any CPU
		{E51399D7-D134-C6D3-3178-A070A820CF90}.Release|Any CPU.ActiveCfg = Release|Any CPU
		{E51399D7-D134-C6D3-3178-A070A820CF90}.Release|Any CPU.Build.0 = Release|Any CPU
		{398BE09C-3E14-F0ED-8C4B-8287734FA59D}.Debug|Any CPU.ActiveCfg = Debug|Any CPU
		{398BE09C-3E14-F0ED-8C4B-8287734FA59D}.Debug|Any CPU.Build.0 = Debug|Any CPU
		{398BE09C-3E14-F0ED-8C4B-8287734FA59D}.Release|Any CPU.ActiveCfg = Release|Any CPU
		{398BE09C-3E14-F0ED-8C4B-8287734FA59D}.Release|Any CPU.Build.0 = Release|Any CPU
		{8A087E7B-7607-9B6A-AEF1-FDD20DDE62BB}.Debug|Any CPU.ActiveCfg = Debug|Any CPU
		{8A087E7B-7607-9B6A-AEF1-FDD20DDE62BB}.Debug|Any CPU.Build.0 = Debug|Any CPU
		{8A087E7B-7607-9B6A-AEF1-FDD20DDE62BB}.Release|Any CPU.ActiveCfg = Release|Any CPU
		{8A087E7B-7607-9B6A-AEF1-FDD20DDE62BB}.Release|Any CPU.Build.0 = Release|Any CPU
	EndGlobalSection
	GlobalSection(SolutionProperties) = preSolution
		HideSolutionNode = FALSE
	EndGlobalSection
	GlobalSection(NestedProjects) = preSolution
		{F38D5F31-B1FA-48EF-839C-415BFE61A797} = {111195CC-BC3B-4575-87A9-B1974EDDE9EA}
		{B5A7329D-E063-4268-BD4D-275AC4571318} = {111195CC-BC3B-4575-87A9-B1974EDDE9EA}
		{D0061F2E-05F8-4587-A525-A53D3FDF63D5} = {111195CC-BC3B-4575-87A9-B1974EDDE9EA}
		{609307D2-F8FC-4C04-BA9A-731F690903AE} = {111195CC-BC3B-4575-87A9-B1974EDDE9EA}
		{1FE73A7D-C0F6-4AF6-9AFB-347B2536C499} = {111195CC-BC3B-4575-87A9-B1974EDDE9EA}
		{87A99031-0AC6-4054-B8B8-64004B700F98} = {AB96E9A8-380F-4C4B-A685-D2BD7810F7A2}
		{C56F134A-D387-4447-A245-C61C9F7793F5} = {AB96E9A8-380F-4C4B-A685-D2BD7810F7A2}
		{D05DF18C-83EE-4043-82E7-F06342224291} = {AB96E9A8-380F-4C4B-A685-D2BD7810F7A2}
		{8F1B5BD4-719A-4C67-8EA4-F38157CA3CDE} = {AB96E9A8-380F-4C4B-A685-D2BD7810F7A2}
		{AA97EB19-DD03-463D-9D4C-3F4B282114EC} = {AB96E9A8-380F-4C4B-A685-D2BD7810F7A2}
		{B041178B-63FA-40A5-AF18-28F4323147B7} = {AB96E9A8-380F-4C4B-A685-D2BD7810F7A2}
		{3B676CC7-5899-46DD-968D-1AB72FC6F684} = {AB96E9A8-380F-4C4B-A685-D2BD7810F7A2}
		{D3F7C7DB-CC95-4338-BF8C-2803A0E8C485} = {AB96E9A8-380F-4C4B-A685-D2BD7810F7A2}
		{A905583F-04EB-4A08-8EAE-8E032ED836AA} = {AB96E9A8-380F-4C4B-A685-D2BD7810F7A2}
		{20D94D19-26DD-4C87-B50E-A3EB50875ED8} = {AB96E9A8-380F-4C4B-A685-D2BD7810F7A2}
		{093B3406-1246-4B0F-87BC-00F9518DC6A0} = {AB96E9A8-380F-4C4B-A685-D2BD7810F7A2}
		{BF67FA2B-D44F-460D-883A-AD8C75CD41BF} = {AB96E9A8-380F-4C4B-A685-D2BD7810F7A2}
		{5AA8B015-EFCF-49DD-9153-90D5238A3A41} = {7B1865B6-484E-4526-93FB-397A23664651}
		{A542EF44-27AE-4EC7-9250-E26B5CE50BA3} = {7B1865B6-484E-4526-93FB-397A23664651}
		{5806B835-DDF3-4F9D-971C-2988FF46BC23} = {7B1865B6-484E-4526-93FB-397A23664651}
		{CD41EB61-52A8-4730-A5EF-2FACC029F0FD} = {7B1865B6-484E-4526-93FB-397A23664651}
		{37DBB5F4-FBF3-4201-90AA-671AF735FAA7} = {7B1865B6-484E-4526-93FB-397A23664651}
		{F96B7B20-3225-44F6-80AB-317E791C7734} = {7B1865B6-484E-4526-93FB-397A23664651}
		{6D6F010C-67ED-4BC1-A21D-6FEC354779AD} = {09AAEAD4-BABC-4BE4-BED6-2BA3089C2403}
		{6D4A49CA-2162-4EEB-B176-2B21417C555E} = {09AAEAD4-BABC-4BE4-BED6-2BA3089C2403}
		{8481BDE3-27E0-4331-97B0-E2F9B673A4C6} = {09AAEAD4-BABC-4BE4-BED6-2BA3089C2403}
		{3A2ADFF1-E252-4B36-B8EF-66DE43436272} = {09AAEAD4-BABC-4BE4-BED6-2BA3089C2403}
		{967E88A3-836F-478B-ACD3-5F0803C56A69} = {09AAEAD4-BABC-4BE4-BED6-2BA3089C2403}
		{9F72769B-944C-438B-BD9F-2454848566A3} = {6D6F010C-67ED-4BC1-A21D-6FEC354779AD}
		{E7DE0961-72CE-498E-BA17-F6D05755DC3D} = {6D6F010C-67ED-4BC1-A21D-6FEC354779AD}
		{B93D98B0-C15A-4B82-A99A-50FC78B6403A} = {6D6F010C-67ED-4BC1-A21D-6FEC354779AD}
		{62F9B6E5-2F4D-44F3-957A-45BB99EBCBA4} = {6D4A49CA-2162-4EEB-B176-2B21417C555E}
		{ADAB8C2F-4580-42D1-AF3F-D4CC6DDB7BFB} = {6D4A49CA-2162-4EEB-B176-2B21417C555E}
		{7A317463-EC87-4E28-BA94-39BC59509125} = {6D4A49CA-2162-4EEB-B176-2B21417C555E}
		{2B2B612A-5582-4941-B233-DA6C42C12192} = {8481BDE3-27E0-4331-97B0-E2F9B673A4C6}
		{9173CD0A-6D8E-4CBA-B7B2-9971D470E027} = {8481BDE3-27E0-4331-97B0-E2F9B673A4C6}
		{403D756A-FB90-4432-AAAA-677729AE2940} = {8481BDE3-27E0-4331-97B0-E2F9B673A4C6}
		{D1C82F09-3AB7-4F42-9B33-2EF1C94F01F4} = {8481BDE3-27E0-4331-97B0-E2F9B673A4C6}
		{67FBE51F-5724-49D7-ADD9-DDBA7A5B69CA} = {8481BDE3-27E0-4331-97B0-E2F9B673A4C6}
		{636A0A91-1184-443E-8C11-3C6593CF7BB3} = {3A2ADFF1-E252-4B36-B8EF-66DE43436272}
		{0C00057C-8D4F-4734-B1F9-3EBDCA148D94} = {3A2ADFF1-E252-4B36-B8EF-66DE43436272}
		{61D70A08-1EBB-476E-8394-04D0DD6E479C} = {3A2ADFF1-E252-4B36-B8EF-66DE43436272}
		{7C264A4B-200C-4D37-8322-61CB115ECF82} = {3A2ADFF1-E252-4B36-B8EF-66DE43436272}
		{7597A699-C68D-4AF1-AFB0-292DEE5A141E} = {3A2ADFF1-E252-4B36-B8EF-66DE43436272}
		{56603F84-3BC9-400E-9EB4-86C2551DDD4E} = {3A2ADFF1-E252-4B36-B8EF-66DE43436272}
		{F75A0388-DFCA-4A61-B2C8-3541900B0126} = {3A2ADFF1-E252-4B36-B8EF-66DE43436272}
		{FAFA3AE4-F895-4C12-A476-228B9E20E44B} = {3A2ADFF1-E252-4B36-B8EF-66DE43436272}
		{775FB76C-C0CF-4BA7-B6B8-27CD831E9653} = {967E88A3-836F-478B-ACD3-5F0803C56A69}
		{6EBF2B94-5771-43C7-A3E0-E342F02F87D1} = {967E88A3-836F-478B-ACD3-5F0803C56A69}
		{CFEABFBB-A619-4E87-991A-4B1CC5AB6B71} = {967E88A3-836F-478B-ACD3-5F0803C56A69}
		{E4A9F8A1-FCCA-41DA-8D89-A15DC1CF7162} = {967E88A3-836F-478B-ACD3-5F0803C56A69}
		{1CEA2B6E-F5BE-43C0-A1D0-7B5B64037736} = {967E88A3-836F-478B-ACD3-5F0803C56A69}
		{1E3546DD-548D-49AF-B277-655E0C9C222F} = {967E88A3-836F-478B-ACD3-5F0803C56A69}
		{D55C358B-FCE4-4134-B082-99F6A8F6BB19} = {AFFCD0AB-5933-444A-BAB8-81F7ECDF1192}
		{F143B10E-9DBA-418C-8E7F-06E5B3977B5C} = {D55C358B-FCE4-4134-B082-99F6A8F6BB19}
		{60BACA72-9CC0-419B-80A3-500FAD65C019} = {D55C358B-FCE4-4134-B082-99F6A8F6BB19}
		{6C11B6EE-510D-4881-8317-33AC2CB0ADB5} = {D55C358B-FCE4-4134-B082-99F6A8F6BB19}
		{FED25A3E-93C2-4EDA-9E9F-8846E872B159} = {AFFCD0AB-5933-444A-BAB8-81F7ECDF1192}
		{F87AA16E-3F04-47EC-889C-86A54EA52E62} = {FED25A3E-93C2-4EDA-9E9F-8846E872B159}
		{A7411183-AC91-4F6E-95A4-BC6FB07BF9F3} = {FED25A3E-93C2-4EDA-9E9F-8846E872B159}
		{D461D050-03D8-4B16-B40C-B382DBA810D3} = {FED25A3E-93C2-4EDA-9E9F-8846E872B159}
		{B7A64518-29FC-44E5-B058-59D51EEB24D4} = {AFFCD0AB-5933-444A-BAB8-81F7ECDF1192}
		{0D1F13A8-8F2E-46ED-8A99-3A8EE66F6E78} = {B7A64518-29FC-44E5-B058-59D51EEB24D4}
		{AA457519-498C-4FB4-9270-A5280101718F} = {B7A64518-29FC-44E5-B058-59D51EEB24D4}
		{BCB307D1-5E43-4D48-BE96-71DAFAB1DB4C} = {B7A64518-29FC-44E5-B058-59D51EEB24D4}
		{BEB64892-1B72-4970-972E-6F8E5844A235} = {B7A64518-29FC-44E5-B058-59D51EEB24D4}
		{5EA7A385-97ED-41D1-9FC7-E4ED76C3B52B} = {B7A64518-29FC-44E5-B058-59D51EEB24D4}
		{ACABFBD4-5178-41AC-B44D-7971D3155E0E} = {AFFCD0AB-5933-444A-BAB8-81F7ECDF1192}
		{FB9D6750-C148-4609-8D08-053B9EE8EB86} = {ACABFBD4-5178-41AC-B44D-7971D3155E0E}
		{056C98FD-EB2F-463C-9862-EF7F619A7EA0} = {ACABFBD4-5178-41AC-B44D-7971D3155E0E}
		{FE28288C-892A-4D6D-98F2-97E24EDCBDBC} = {ACABFBD4-5178-41AC-B44D-7971D3155E0E}
		{CAC1C89D-D504-4413-9813-4E6B0472EFE8} = {AFFCD0AB-5933-444A-BAB8-81F7ECDF1192}
		{ECE8FE05-BFAF-4A39-A640-9243017B450C} = {CAC1C89D-D504-4413-9813-4E6B0472EFE8}
		{222C5549-E8E6-473D-8DA2-64A034322B9B} = {CAC1C89D-D504-4413-9813-4E6B0472EFE8}
		{C7F5939E-EBBE-4589-AE97-3AC15CA05390} = {CAC1C89D-D504-4413-9813-4E6B0472EFE8}
		{767E7D65-5579-44ED-AF5F-41B0A33CBC28} = {CAC1C89D-D504-4413-9813-4E6B0472EFE8}
		{285144D8-3FAB-40D9-BB75-2D4E3BF0F54E} = {CAC1C89D-D504-4413-9813-4E6B0472EFE8}
		{BC03DCAC-A7B0-4A85-BC7B-824307C78E17} = {CAC1C89D-D504-4413-9813-4E6B0472EFE8}
		{675D5D13-E375-4EB9-B977-E0824F718893} = {02EA681E-C7D8-13C7-8484-4AC65E1B71E8}
		{C34FB9A6-1579-EB2B-09E4-AB72EFDF41B0} = {675D5D13-E375-4EB9-B977-E0824F718893}
		{96969311-A032-418F-8829-48B3C1E82C08} = {02EA681E-C7D8-13C7-8484-4AC65E1B71E8}
		{5A939A74-6D6E-3CE6-BA8C-E7E116266006} = {96969311-A032-418F-8829-48B3C1E82C08}
		{1611EB7E-B4DB-492E-8410-0583A5DB2F68} = {02EA681E-C7D8-13C7-8484-4AC65E1B71E8}
		{E51399D7-D134-C6D3-3178-A070A820CF90} = {1611EB7E-B4DB-492E-8410-0583A5DB2F68}
		{11C48EED-A288-4322-9776-5AC696465EB2} = {02EA681E-C7D8-13C7-8484-4AC65E1B71E8}
		{398BE09C-3E14-F0ED-8C4B-8287734FA59D} = {11C48EED-A288-4322-9776-5AC696465EB2}
		{4FFF36D3-8FEA-4CB1-BABD-C65B309110D6} = {02EA681E-C7D8-13C7-8484-4AC65E1B71E8}
		{8A087E7B-7607-9B6A-AEF1-FDD20DDE62BB} = {4FFF36D3-8FEA-4CB1-BABD-C65B309110D6}
	EndGlobalSection
	GlobalSection(ExtensibilityGlobals) = postSolution
		SolutionGuid = {E1835593-35A2-4B4C-AE58-E3207B4C160F}
	EndGlobalSection
EndGlobal
