
Microsoft Visual Studio Solution File, Format Version 12.00
# Visual Studio 15
VisualStudioVersion = 15.0.28307.1169
MinimumVisualStudioVersion = 10.0.40219.1
Project("{FAE04EC0-301F-11D3-BF4B-00C04F79EFBC}") = "01-XX-MongoDB", "01-XX-MongoDB\01-XX-MongoDB.csproj", "{3744773E-8DB5-4828-96F0-5072FD248343}"
EndProject
Project("{FAE04EC0-301F-11D3-BF4B-00C04F79EFBC}") = "02-XX-MongoDB", "02-XX-MongoDB\02-XX-MongoDB.csproj", "{C28685AB-BBAC-44EE-AC56-EDB5A0A40E09}"
EndProject
Project("{FAE04EC0-301F-11D3-BF4B-00C04F79EFBC}") = "03-XX-MongoDB", "03-XX-MongoDB\03-XX-MongoDB.csproj", "{E40FF3C1-FDD3-4D83-B9F7-77727037789F}"
EndProject
Global
	GlobalSection(SolutionConfigurationPlatforms) = preSolution
		Debug|Any CPU = Debug|Any CPU
		Release|Any CPU = Release|Any CPU
	EndGlobalSection
	GlobalSection(ProjectConfigurationPlatforms) = postSolution
		{3744773E-8DB5-4828-96F0-5072FD248343}.Debug|Any CPU.ActiveCfg = Debug|Any CPU
		{3744773E-8DB5-4828-96F0-5072FD248343}.Debug|Any CPU.Build.0 = Debug|Any CPU
		{3744773E-8DB5-4828-96F0-5072FD248343}.Release|Any CPU.ActiveCfg = Release|Any CPU
		{3744773E-8DB5-4828-96F0-5072FD248343}.Release|Any CPU.Build.0 = Release|Any CPU
		{C28685AB-BBAC-44EE-AC56-EDB5A0A40E09}.Debug|Any CPU.ActiveCfg = Debug|Any CPU
		{C28685AB-BBAC-44EE-AC56-EDB5A0A40E09}.Debug|Any CPU.Build.0 = Debug|Any CPU
		{C28685AB-BBAC-44EE-AC56-EDB5A0A40E09}.Release|Any CPU.ActiveCfg = Release|Any CPU
		{C28685AB-BBAC-44EE-AC56-EDB5A0A40E09}.Release|Any CPU.Build.0 = Release|Any CPU
		{E40FF3C1-FDD3-4D83-B9F7-77727037789F}.Debug|Any CPU.ActiveCfg = Debug|Any CPU
		{E40FF3C1-FDD3-4D83-B9F7-77727037789F}.Debug|Any CPU.Build.0 = Debug|Any CPU
		{E40FF3C1-FDD3-4D83-B9F7-77727037789F}.Release|Any CPU.ActiveCfg = Release|Any CPU
		{E40FF3C1-FDD3-4D83-B9F7-77727037789F}.Release|Any CPU.Build.0 = Release|Any CPU
	EndGlobalSection
	GlobalSection(SolutionProperties) = preSolution
		HideSolutionNode = FALSE
	EndGlobalSection
	GlobalSection(ExtensibilityGlobals) = postSolution
		SolutionGuid = {A08B01C0-2207-4385-86B3-BE493A88AAC4}
	EndGlobalSection
EndGlobal
