
Microsoft Visual Studio Solution File, Format Version 12.00
# Visual Studio 15
VisualStudioVersion = 15.0.28307.1169
MinimumVisualStudioVersion = 10.0.40219.1
Project("{FAE04EC0-301F-11D3-BF4B-00C04F79EFBC}") = "01-XX-NHibernate", "01-XX-NHibernate\01-XX-NHibernate.csproj", "{D65F9D64-DE5B-4657-8926-59AB9986958D}"
EndProject
Project("{FAE04EC0-301F-11D3-BF4B-00C04F79EFBC}") = "02-XX-NHibernate", "02-XX-NHibernate\02-XX-NHibernate.csproj", "{8A4CE090-A751-41F7-9414-E3B6393D86AF}"
EndProject
Project("{FAE04EC0-301F-11D3-BF4B-00C04F79EFBC}") = "03-XX-NHibernate", "03-XX-NHibernate\03-XX-NHibernate.csproj", "{64083C99-5610-4D95-9236-213700C74F2D}"
EndProject
Project("{FAE04EC0-301F-11D3-BF4B-00C04F79EFBC}") = "04-XX-NHibernate", "04-XX-NHibernate\04-XX-NHibernate.csproj", "{38ECB754-8EA7-4974-A87E-35184D7815C4}"
EndProject
Project("{FAE04EC0-301F-11D3-BF4B-00C04F79EFBC}") = "05-XX-NHibernate", "05-XX-NHibernate\05-XX-NHibernate.csproj", "{D372D6B4-40F7-4DCC-9DBF-F217DB269BF3}"
EndProject
Project("{FAE04EC0-301F-11D3-BF4B-00C04F79EFBC}") = "06-XX-NHibernate", "06-XX-NHibernate\06-XX-NHibernate.csproj", "{563F0713-0149-4D5D-950B-A46F4F9082FA}"
EndProject
Project("{FAE04EC0-301F-11D3-BF4B-00C04F79EFBC}") = "07-XX-NHibernate", "07-XX-NHibernate\07-XX-NHibernate.csproj", "{5F89A8D2-C228-4E4F-89D6-28DC2227FBF2}"
EndProject
Project("{FAE04EC0-301F-11D3-BF4B-00C04F79EFBC}") = "08-XX-NHibernate", "08-XX-NHibernate\08-XX-NHibernate.csproj", "{05965EA1-640B-45B9-9EBE-680D99B6F21F}"
EndProject
Global
	GlobalSection(SolutionConfigurationPlatforms) = preSolution
		Debug|Any CPU = Debug|Any CPU
		Release|Any CPU = Release|Any CPU
	EndGlobalSection
	GlobalSection(ProjectConfigurationPlatforms) = postSolution
		{D65F9D64-DE5B-4657-8926-59AB9986958D}.Debug|Any CPU.ActiveCfg = Debug|Any CPU
		{D65F9D64-DE5B-4657-8926-59AB9986958D}.Debug|Any CPU.Build.0 = Debug|Any CPU
		{D65F9D64-DE5B-4657-8926-59AB9986958D}.Release|Any CPU.ActiveCfg = Release|Any CPU
		{D65F9D64-DE5B-4657-8926-59AB9986958D}.Release|Any CPU.Build.0 = Release|Any CPU
		{8A4CE090-A751-41F7-9414-E3B6393D86AF}.Debug|Any CPU.ActiveCfg = Debug|Any CPU
		{8A4CE090-A751-41F7-9414-E3B6393D86AF}.Debug|Any CPU.Build.0 = Debug|Any CPU
		{8A4CE090-A751-41F7-9414-E3B6393D86AF}.Release|Any CPU.ActiveCfg = Release|Any CPU
		{8A4CE090-A751-41F7-9414-E3B6393D86AF}.Release|Any CPU.Build.0 = Release|Any CPU
		{64083C99-5610-4D95-9236-213700C74F2D}.Debug|Any CPU.ActiveCfg = Debug|Any CPU
		{64083C99-5610-4D95-9236-213700C74F2D}.Debug|Any CPU.Build.0 = Debug|Any CPU
		{64083C99-5610-4D95-9236-213700C74F2D}.Release|Any CPU.ActiveCfg = Release|Any CPU
		{64083C99-5610-4D95-9236-213700C74F2D}.Release|Any CPU.Build.0 = Release|Any CPU
		{38ECB754-8EA7-4974-A87E-35184D7815C4}.Debug|Any CPU.ActiveCfg = Debug|Any CPU
		{38ECB754-8EA7-4974-A87E-35184D7815C4}.Debug|Any CPU.Build.0 = Debug|Any CPU
		{38ECB754-8EA7-4974-A87E-35184D7815C4}.Release|Any CPU.ActiveCfg = Release|Any CPU
		{38ECB754-8EA7-4974-A87E-35184D7815C4}.Release|Any CPU.Build.0 = Release|Any CPU
		{D372D6B4-40F7-4DCC-9DBF-F217DB269BF3}.Debug|Any CPU.ActiveCfg = Debug|Any CPU
		{D372D6B4-40F7-4DCC-9DBF-F217DB269BF3}.Debug|Any CPU.Build.0 = Debug|Any CPU
		{D372D6B4-40F7-4DCC-9DBF-F217DB269BF3}.Release|Any CPU.ActiveCfg = Release|Any CPU
		{D372D6B4-40F7-4DCC-9DBF-F217DB269BF3}.Release|Any CPU.Build.0 = Release|Any CPU
		{563F0713-0149-4D5D-950B-A46F4F9082FA}.Debug|Any CPU.ActiveCfg = Debug|Any CPU
		{563F0713-0149-4D5D-950B-A46F4F9082FA}.Debug|Any CPU.Build.0 = Debug|Any CPU
		{563F0713-0149-4D5D-950B-A46F4F9082FA}.Release|Any CPU.ActiveCfg = Release|Any CPU
		{563F0713-0149-4D5D-950B-A46F4F9082FA}.Release|Any CPU.Build.0 = Release|Any CPU
		{5F89A8D2-C228-4E4F-89D6-28DC2227FBF2}.Debug|Any CPU.ActiveCfg = Debug|Any CPU
		{5F89A8D2-C228-4E4F-89D6-28DC2227FBF2}.Debug|Any CPU.Build.0 = Debug|Any CPU
		{5F89A8D2-C228-4E4F-89D6-28DC2227FBF2}.Release|Any CPU.ActiveCfg = Release|Any CPU
		{5F89A8D2-C228-4E4F-89D6-28DC2227FBF2}.Release|Any CPU.Build.0 = Release|Any CPU
		{05965EA1-640B-45B9-9EBE-680D99B6F21F}.Debug|Any CPU.ActiveCfg = Debug|Any CPU
		{05965EA1-640B-45B9-9EBE-680D99B6F21F}.Debug|Any CPU.Build.0 = Debug|Any CPU
		{05965EA1-640B-45B9-9EBE-680D99B6F21F}.Release|Any CPU.ActiveCfg = Release|Any CPU
		{05965EA1-640B-45B9-9EBE-680D99B6F21F}.Release|Any CPU.Build.0 = Release|Any CPU
	EndGlobalSection
	GlobalSection(SolutionProperties) = preSolution
		HideSolutionNode = FALSE
	EndGlobalSection
	GlobalSection(ExtensibilityGlobals) = postSolution
		SolutionGuid = {AA9EFB9D-9150-462B-8A6F-3335B448CCAB}
	EndGlobalSection
EndGlobal
